
Microsoft Visual Studio Solution File, Format Version 12.00
# Visual Studio Version 17
VisualStudioVersion = 17.7.34031.279
MinimumVisualStudioVersion = 10.0.40219.1
Project("{2150E333-8FDC-42A3-9474-1A3956D46DE8}") = "01.Core", "01.Core", "{8C3E2A08-6FB2-4265-B537-A5508A4EC026}"
EndProject
Project("{2150E333-8FDC-42A3-9474-1A3956D46DE8}") = "00.Samples", "00.Samples", "{1BA9DB0A-8961-4AA1-BB81-F8C2820FCB52}"
EndProject
Project("{9A19103F-16F7-4668-BE54-9A1E7A4F7556}") = "Krosoft.Extensions.Core", "src\Krosoft.Extensions.Core\Krosoft.Extensions.Core.csproj", "{699F4FC0-08C9-4ADA-AFFA-E25889557747}"
EndProject
Project("{9A19103F-16F7-4668-BE54-9A1E7A4F7556}") = "Krosoft.Extensions.Testing", "src\Krosoft.Extensions.Testing\Krosoft.Extensions.Testing.csproj", "{BFDB02D3-C59E-4EEF-B4D0-E1B29C95420E}"
EndProject
Project("{2150E333-8FDC-42A3-9474-1A3956D46DE8}") = "08.Testing", "08.Testing", "{BFBCA122-F9F1-4A26-BD18-DFBA1A0E69D5}"
EndProject
Project("{9A19103F-16F7-4668-BE54-9A1E7A4F7556}") = "Krosoft.Extensions.AspNetCore", "Krosoft.Extensions.AspNetCore\Krosoft.Extensions.AspNetCore.csproj", "{A1927AB2-116B-4AD4-B3FE-8811EDAFDE96}"
EndProject
Project("{9A19103F-16F7-4668-BE54-9A1E7A4F7556}") = "Krosoft.Extensions.AspNetCore.MediatR", "Krosoft.Extensions.AspNetCore.MediatR\Krosoft.Extensions.AspNetCore.MediatR.csproj", "{7E837B61-69DD-4437-B879-73729038D97D}"
EndProject
Project("{9A19103F-16F7-4668-BE54-9A1E7A4F7556}") = "Krosoft.Extensions.AspNetCore.Business", "Krosoft.Extensions.AspNetCore.Business\Krosoft.Extensions.AspNetCore.Business.csproj", "{8B2A6B07-07F5-4B53-A95E-009E7DB5CA58}"
EndProject
Project("{9A19103F-16F7-4668-BE54-9A1E7A4F7556}") = "Krosoft.Extensions.Samples.Library", "samples\Krosoft.Extensions.Samples.Library\Krosoft.Extensions.Samples.Library.csproj", "{BB91CCD2-81AE-4996-AC88-D14E20D151BA}"
EndProject
Project("{2150E333-8FDC-42A3-9474-1A3956D46DE8}") = "Éléments de solution", "Éléments de solution", "{F3FA9F67-63BE-4314-98AB-A4F62C133DB2}"
	ProjectSection(SolutionItems) = preProject
		Common.target = Common.target
		Nuget.target = Nuget.target
		Sample.target = Sample.target
		Test.target = Test.target
	EndProjectSection
EndProject
Project("{9A19103F-16F7-4668-BE54-9A1E7A4F7556}") = "Krosoft.Extensions.Testing.Tests", "tests\Krosoft.Extensions.Testing.Tests\Krosoft.Extensions.Testing.Tests.csproj", "{BE6AF83E-BCF2-4EEB-A409-9F2E94F88780}"
EndProject
Project("{9A19103F-16F7-4668-BE54-9A1E7A4F7556}") = "Krosoft.Extensions.Core.Tests", "tests\Krosoft.Extensions.Core.Tests\Krosoft.Extensions.Core.Tests.csproj", "{C8DDBDD4-E7CD-4DA5-914B-1C8B8F25DFD5}"
EndProject
Project("{2150E333-8FDC-42A3-9474-1A3956D46DE8}") = "05.Identity", "05.Identity", "{3BD47F09-23D3-460F-A082-D10E3302BA9F}"
EndProject
Project("{9A19103F-16F7-4668-BE54-9A1E7A4F7556}") = "Krosoft.Extensions.Identity.Abstractions", "src\Krosoft.Extensions.Identity.Abstractions\Krosoft.Extensions.Identity.Abstractions.csproj", "{A8519B78-E63F-47C3-9B1F-1199AB629BCE}"
EndProject
Project("{9A19103F-16F7-4668-BE54-9A1E7A4F7556}") = "Krosoft.Extensions.Identity", "src\Krosoft.Extensions.Identity\Krosoft.Extensions.Identity.csproj", "{612211EE-27D9-49EE-9C7C-40AC9E8A4EB2}"
EndProject
Project("{9A19103F-16F7-4668-BE54-9A1E7A4F7556}") = "Krosoft.Extensions.Identity.Tests", "tests\Krosoft.Extensions.Identity.Tests\Krosoft.Extensions.Identity.Tests.csproj", "{700721C9-873C-4AC3-94EA-F49BEA55184C}"
EndProject
Project("{9A19103F-16F7-4668-BE54-9A1E7A4F7556}") = "Krosoft.Extensions.WebApi", "src\Krosoft.Extensions.WebApi\Krosoft.Extensions.WebApi.csproj", "{9DA4E091-4F30-4D55-85E7-A849CC173790}"
EndProject
Project("{2150E333-8FDC-42A3-9474-1A3956D46DE8}") = "15.WebApi", "15.WebApi", "{49F53C0E-6503-4CBD-B5ED-B83D053C6DA2}"
EndProject
Project("{9A19103F-16F7-4668-BE54-9A1E7A4F7556}") = "Krosoft.Extensions.WebApi.Identity", "src\Krosoft.Extensions.WebApi.Identity\Krosoft.Extensions.WebApi.Identity.csproj", "{09FE872C-5806-46D1-96D6-4BC91DB3FC7D}"
EndProject
Project("{9A19103F-16F7-4668-BE54-9A1E7A4F7556}") = "Krosoft.Extensions.Zip", "src\Krosoft.Extensions.Zip\Krosoft.Extensions.Zip.csproj", "{CAF5B5FF-776D-4D4B-9639-699D6DEB52F4}"
EndProject
Project("{9A19103F-16F7-4668-BE54-9A1E7A4F7556}") = "Krosoft.Extensions.Zip.Tests", "tests\Krosoft.Extensions.Zip.Tests\Krosoft.Extensions.Zip.Tests.csproj", "{AF6F08C5-66B3-4868-BBAA-97310C80BAAE}"
EndProject
Project("{9A19103F-16F7-4668-BE54-9A1E7A4F7556}") = "Krosoft.Extensions.Reporting.Csv", "src\Krosoft.Extensions.Reporting.Csv\Krosoft.Extensions.Reporting.Csv.csproj", "{DB3F5F7E-87B9-4C2A-8756-15DBCD57BA92}"
EndProject
Project("{9A19103F-16F7-4668-BE54-9A1E7A4F7556}") = "Krosoft.Extensions.Reporting.Csv.Tests", "tests\Krosoft.Extensions.Reporting.Csv.Tests\Krosoft.Extensions.Reporting.Csv.Tests.csproj", "{3B8A2D2D-0F43-44DC-950D-00013C7EADC4}"
EndProject
Project("{2150E333-8FDC-42A3-9474-1A3956D46DE8}") = "10.Reporting", "10.Reporting", "{432B78A6-1350-46F5-9F89-2741C9B83BE7}"
EndProject
Project("{2150E333-8FDC-42A3-9474-1A3956D46DE8}") = "10.Zip", "10.Zip", "{DF79CEED-E565-4366-B20C-F2DCAC3AC99E}"
EndProject
Project("{9A19103F-16F7-4668-BE54-9A1E7A4F7556}") = "Krosoft.Extensions.Samples.DotNet6.Api", "samples\Krosoft.Extensions.Samples.DotNet6.Api\Krosoft.Extensions.Samples.DotNet6.Api.csproj", "{7B98A3CA-8CDE-4B83-891B-AC26B571CE73}"
EndProject
Project("{9A19103F-16F7-4668-BE54-9A1E7A4F7556}") = "Krosoft.Extensions.Cqrs", "src\Krosoft.Extensions.Cqrs\Krosoft.Extensions.Cqrs.csproj", "{6E8C7F2B-FDBF-46F6-A616-2753AABB6E5F}"
EndProject
Project("{2150E333-8FDC-42A3-9474-1A3956D46DE8}") = "01.CQRS", "01.CQRS", "{699E6411-C1FC-49BC-8853-66CDCB0B863A}"
EndProject
Project("{9A19103F-16F7-4668-BE54-9A1E7A4F7556}") = "Krosoft.Extensions.Samples.DotNet6.Api.Tests", "tests\Krosoft.Extensions.Samples.DotNet6.Api.Tests\Krosoft.Extensions.Samples.DotNet6.Api.Tests.csproj", "{6E906DF3-BADF-4162-81A5-3CD1D38585F3}"
EndProject
Project("{9A19103F-16F7-4668-BE54-9A1E7A4F7556}") = "Krosoft.Extensions.Testing.WebApi", "src\Krosoft.Extensions.Testing.WebApi\Krosoft.Extensions.Testing.WebApi.csproj", "{2B9968C9-D657-4A44-8170-1283C69461D5}"
EndProject
Project("{E53339B2-1760-4266-BCC7-CA923CBCF16C}") = "docker-compose", "samples\docker-compose\docker-compose.dcproj", "{F7EF3B40-7C46-4A58-B5DC-9E765C39DC00}"
EndProject
Project("{9A19103F-16F7-4668-BE54-9A1E7A4F7556}") = "Krosoft.Extensions.Testing.Cqrs", "src\Krosoft.Extensions.Testing.Cqrs\Krosoft.Extensions.Testing.Cqrs.csproj", "{D3025DD4-7AA0-435D-B59C-2F7E582EEDC3}"
EndProject
Project("{9A19103F-16F7-4668-BE54-9A1E7A4F7556}") = "Krosoft.Extensions.Mapping", "src\Krosoft.Extensions.Mapping\Krosoft.Extensions.Mapping.csproj", "{958BE4ED-0503-4A4A-922E-435B7AB7F0BC}"
EndProject
Project("{9A19103F-16F7-4668-BE54-9A1E7A4F7556}") = "Krosoft.Extensions.Mapping.Tests", "tests\Krosoft.Extensions.Mapping.Tests\Krosoft.Extensions.Mapping.Tests.csproj", "{452EFF0C-2E5F-4F21-A12E-B4C8EAB3AE6C}"
EndProject
Global
	GlobalSection(SolutionConfigurationPlatforms) = preSolution
		Debug|Any CPU = Debug|Any CPU
		Debug|ARM = Debug|ARM
		Debug|x64 = Debug|x64
		Debug|x86 = Debug|x86
		Release|Any CPU = Release|Any CPU
		Release|ARM = Release|ARM
		Release|x64 = Release|x64
		Release|x86 = Release|x86
	EndGlobalSection
	GlobalSection(ProjectConfigurationPlatforms) = postSolution
		{699F4FC0-08C9-4ADA-AFFA-E25889557747}.Debug|Any CPU.ActiveCfg = Debug|Any CPU
		{699F4FC0-08C9-4ADA-AFFA-E25889557747}.Debug|Any CPU.Build.0 = Debug|Any CPU
		{699F4FC0-08C9-4ADA-AFFA-E25889557747}.Debug|ARM.ActiveCfg = Debug|Any CPU
		{699F4FC0-08C9-4ADA-AFFA-E25889557747}.Debug|ARM.Build.0 = Debug|Any CPU
		{699F4FC0-08C9-4ADA-AFFA-E25889557747}.Debug|x64.ActiveCfg = Debug|Any CPU
		{699F4FC0-08C9-4ADA-AFFA-E25889557747}.Debug|x64.Build.0 = Debug|Any CPU
		{699F4FC0-08C9-4ADA-AFFA-E25889557747}.Debug|x86.ActiveCfg = Debug|Any CPU
		{699F4FC0-08C9-4ADA-AFFA-E25889557747}.Debug|x86.Build.0 = Debug|Any CPU
		{699F4FC0-08C9-4ADA-AFFA-E25889557747}.Release|Any CPU.ActiveCfg = Release|Any CPU
		{699F4FC0-08C9-4ADA-AFFA-E25889557747}.Release|Any CPU.Build.0 = Release|Any CPU
		{699F4FC0-08C9-4ADA-AFFA-E25889557747}.Release|ARM.ActiveCfg = Release|Any CPU
		{699F4FC0-08C9-4ADA-AFFA-E25889557747}.Release|ARM.Build.0 = Release|Any CPU
		{699F4FC0-08C9-4ADA-AFFA-E25889557747}.Release|x64.ActiveCfg = Release|Any CPU
		{699F4FC0-08C9-4ADA-AFFA-E25889557747}.Release|x64.Build.0 = Release|Any CPU
		{699F4FC0-08C9-4ADA-AFFA-E25889557747}.Release|x86.ActiveCfg = Release|Any CPU
		{699F4FC0-08C9-4ADA-AFFA-E25889557747}.Release|x86.Build.0 = Release|Any CPU
		{BFDB02D3-C59E-4EEF-B4D0-E1B29C95420E}.Debug|Any CPU.ActiveCfg = Debug|Any CPU
		{BFDB02D3-C59E-4EEF-B4D0-E1B29C95420E}.Debug|Any CPU.Build.0 = Debug|Any CPU
		{BFDB02D3-C59E-4EEF-B4D0-E1B29C95420E}.Debug|ARM.ActiveCfg = Debug|Any CPU
		{BFDB02D3-C59E-4EEF-B4D0-E1B29C95420E}.Debug|ARM.Build.0 = Debug|Any CPU
		{BFDB02D3-C59E-4EEF-B4D0-E1B29C95420E}.Debug|x64.ActiveCfg = Debug|Any CPU
		{BFDB02D3-C59E-4EEF-B4D0-E1B29C95420E}.Debug|x64.Build.0 = Debug|Any CPU
		{BFDB02D3-C59E-4EEF-B4D0-E1B29C95420E}.Debug|x86.ActiveCfg = Debug|Any CPU
		{BFDB02D3-C59E-4EEF-B4D0-E1B29C95420E}.Debug|x86.Build.0 = Debug|Any CPU
		{BFDB02D3-C59E-4EEF-B4D0-E1B29C95420E}.Release|Any CPU.ActiveCfg = Release|Any CPU
		{BFDB02D3-C59E-4EEF-B4D0-E1B29C95420E}.Release|Any CPU.Build.0 = Release|Any CPU
		{BFDB02D3-C59E-4EEF-B4D0-E1B29C95420E}.Release|ARM.ActiveCfg = Release|Any CPU
		{BFDB02D3-C59E-4EEF-B4D0-E1B29C95420E}.Release|ARM.Build.0 = Release|Any CPU
		{BFDB02D3-C59E-4EEF-B4D0-E1B29C95420E}.Release|x64.ActiveCfg = Release|Any CPU
		{BFDB02D3-C59E-4EEF-B4D0-E1B29C95420E}.Release|x64.Build.0 = Release|Any CPU
		{BFDB02D3-C59E-4EEF-B4D0-E1B29C95420E}.Release|x86.ActiveCfg = Release|Any CPU
		{BFDB02D3-C59E-4EEF-B4D0-E1B29C95420E}.Release|x86.Build.0 = Release|Any CPU
		{A1927AB2-116B-4AD4-B3FE-8811EDAFDE96}.Debug|Any CPU.ActiveCfg = Debug|Any CPU
		{A1927AB2-116B-4AD4-B3FE-8811EDAFDE96}.Debug|Any CPU.Build.0 = Debug|Any CPU
		{A1927AB2-116B-4AD4-B3FE-8811EDAFDE96}.Debug|ARM.ActiveCfg = Debug|Any CPU
		{A1927AB2-116B-4AD4-B3FE-8811EDAFDE96}.Debug|ARM.Build.0 = Debug|Any CPU
		{A1927AB2-116B-4AD4-B3FE-8811EDAFDE96}.Debug|x64.ActiveCfg = Debug|Any CPU
		{A1927AB2-116B-4AD4-B3FE-8811EDAFDE96}.Debug|x64.Build.0 = Debug|Any CPU
		{A1927AB2-116B-4AD4-B3FE-8811EDAFDE96}.Debug|x86.ActiveCfg = Debug|Any CPU
		{A1927AB2-116B-4AD4-B3FE-8811EDAFDE96}.Debug|x86.Build.0 = Debug|Any CPU
		{A1927AB2-116B-4AD4-B3FE-8811EDAFDE96}.Release|Any CPU.ActiveCfg = Release|Any CPU
		{A1927AB2-116B-4AD4-B3FE-8811EDAFDE96}.Release|Any CPU.Build.0 = Release|Any CPU
		{A1927AB2-116B-4AD4-B3FE-8811EDAFDE96}.Release|ARM.ActiveCfg = Release|Any CPU
		{A1927AB2-116B-4AD4-B3FE-8811EDAFDE96}.Release|ARM.Build.0 = Release|Any CPU
		{A1927AB2-116B-4AD4-B3FE-8811EDAFDE96}.Release|x64.ActiveCfg = Release|Any CPU
		{A1927AB2-116B-4AD4-B3FE-8811EDAFDE96}.Release|x64.Build.0 = Release|Any CPU
		{A1927AB2-116B-4AD4-B3FE-8811EDAFDE96}.Release|x86.ActiveCfg = Release|Any CPU
		{A1927AB2-116B-4AD4-B3FE-8811EDAFDE96}.Release|x86.Build.0 = Release|Any CPU
		{7E837B61-69DD-4437-B879-73729038D97D}.Debug|Any CPU.ActiveCfg = Debug|Any CPU
		{7E837B61-69DD-4437-B879-73729038D97D}.Debug|Any CPU.Build.0 = Debug|Any CPU
		{7E837B61-69DD-4437-B879-73729038D97D}.Debug|ARM.ActiveCfg = Debug|Any CPU
		{7E837B61-69DD-4437-B879-73729038D97D}.Debug|ARM.Build.0 = Debug|Any CPU
		{7E837B61-69DD-4437-B879-73729038D97D}.Debug|x64.ActiveCfg = Debug|Any CPU
		{7E837B61-69DD-4437-B879-73729038D97D}.Debug|x64.Build.0 = Debug|Any CPU
		{7E837B61-69DD-4437-B879-73729038D97D}.Debug|x86.ActiveCfg = Debug|Any CPU
		{7E837B61-69DD-4437-B879-73729038D97D}.Debug|x86.Build.0 = Debug|Any CPU
		{7E837B61-69DD-4437-B879-73729038D97D}.Release|Any CPU.ActiveCfg = Release|Any CPU
		{7E837B61-69DD-4437-B879-73729038D97D}.Release|Any CPU.Build.0 = Release|Any CPU
		{7E837B61-69DD-4437-B879-73729038D97D}.Release|ARM.ActiveCfg = Release|Any CPU
		{7E837B61-69DD-4437-B879-73729038D97D}.Release|ARM.Build.0 = Release|Any CPU
		{7E837B61-69DD-4437-B879-73729038D97D}.Release|x64.ActiveCfg = Release|Any CPU
		{7E837B61-69DD-4437-B879-73729038D97D}.Release|x64.Build.0 = Release|Any CPU
		{7E837B61-69DD-4437-B879-73729038D97D}.Release|x86.ActiveCfg = Release|Any CPU
		{7E837B61-69DD-4437-B879-73729038D97D}.Release|x86.Build.0 = Release|Any CPU
		{8B2A6B07-07F5-4B53-A95E-009E7DB5CA58}.Debug|Any CPU.ActiveCfg = Debug|Any CPU
		{8B2A6B07-07F5-4B53-A95E-009E7DB5CA58}.Debug|Any CPU.Build.0 = Debug|Any CPU
		{8B2A6B07-07F5-4B53-A95E-009E7DB5CA58}.Debug|ARM.ActiveCfg = Debug|Any CPU
		{8B2A6B07-07F5-4B53-A95E-009E7DB5CA58}.Debug|ARM.Build.0 = Debug|Any CPU
		{8B2A6B07-07F5-4B53-A95E-009E7DB5CA58}.Debug|x64.ActiveCfg = Debug|Any CPU
		{8B2A6B07-07F5-4B53-A95E-009E7DB5CA58}.Debug|x64.Build.0 = Debug|Any CPU
		{8B2A6B07-07F5-4B53-A95E-009E7DB5CA58}.Debug|x86.ActiveCfg = Debug|Any CPU
		{8B2A6B07-07F5-4B53-A95E-009E7DB5CA58}.Debug|x86.Build.0 = Debug|Any CPU
		{8B2A6B07-07F5-4B53-A95E-009E7DB5CA58}.Release|Any CPU.ActiveCfg = Release|Any CPU
		{8B2A6B07-07F5-4B53-A95E-009E7DB5CA58}.Release|Any CPU.Build.0 = Release|Any CPU
		{8B2A6B07-07F5-4B53-A95E-009E7DB5CA58}.Release|ARM.ActiveCfg = Release|Any CPU
		{8B2A6B07-07F5-4B53-A95E-009E7DB5CA58}.Release|ARM.Build.0 = Release|Any CPU
		{8B2A6B07-07F5-4B53-A95E-009E7DB5CA58}.Release|x64.ActiveCfg = Release|Any CPU
		{8B2A6B07-07F5-4B53-A95E-009E7DB5CA58}.Release|x64.Build.0 = Release|Any CPU
		{8B2A6B07-07F5-4B53-A95E-009E7DB5CA58}.Release|x86.ActiveCfg = Release|Any CPU
		{8B2A6B07-07F5-4B53-A95E-009E7DB5CA58}.Release|x86.Build.0 = Release|Any CPU
		{BB91CCD2-81AE-4996-AC88-D14E20D151BA}.Debug|Any CPU.ActiveCfg = Debug|Any CPU
		{BB91CCD2-81AE-4996-AC88-D14E20D151BA}.Debug|Any CPU.Build.0 = Debug|Any CPU
		{BB91CCD2-81AE-4996-AC88-D14E20D151BA}.Debug|ARM.ActiveCfg = Debug|Any CPU
		{BB91CCD2-81AE-4996-AC88-D14E20D151BA}.Debug|ARM.Build.0 = Debug|Any CPU
		{BB91CCD2-81AE-4996-AC88-D14E20D151BA}.Debug|x64.ActiveCfg = Debug|Any CPU
		{BB91CCD2-81AE-4996-AC88-D14E20D151BA}.Debug|x64.Build.0 = Debug|Any CPU
		{BB91CCD2-81AE-4996-AC88-D14E20D151BA}.Debug|x86.ActiveCfg = Debug|Any CPU
		{BB91CCD2-81AE-4996-AC88-D14E20D151BA}.Debug|x86.Build.0 = Debug|Any CPU
		{BB91CCD2-81AE-4996-AC88-D14E20D151BA}.Release|Any CPU.ActiveCfg = Release|Any CPU
		{BB91CCD2-81AE-4996-AC88-D14E20D151BA}.Release|Any CPU.Build.0 = Release|Any CPU
		{BB91CCD2-81AE-4996-AC88-D14E20D151BA}.Release|ARM.ActiveCfg = Release|Any CPU
		{BB91CCD2-81AE-4996-AC88-D14E20D151BA}.Release|ARM.Build.0 = Release|Any CPU
		{BB91CCD2-81AE-4996-AC88-D14E20D151BA}.Release|x64.ActiveCfg = Release|Any CPU
		{BB91CCD2-81AE-4996-AC88-D14E20D151BA}.Release|x64.Build.0 = Release|Any CPU
		{BB91CCD2-81AE-4996-AC88-D14E20D151BA}.Release|x86.ActiveCfg = Release|Any CPU
		{BB91CCD2-81AE-4996-AC88-D14E20D151BA}.Release|x86.Build.0 = Release|Any CPU
		{BE6AF83E-BCF2-4EEB-A409-9F2E94F88780}.Debug|Any CPU.ActiveCfg = Debug|Any CPU
		{BE6AF83E-BCF2-4EEB-A409-9F2E94F88780}.Debug|Any CPU.Build.0 = Debug|Any CPU
		{BE6AF83E-BCF2-4EEB-A409-9F2E94F88780}.Debug|ARM.ActiveCfg = Debug|Any CPU
		{BE6AF83E-BCF2-4EEB-A409-9F2E94F88780}.Debug|ARM.Build.0 = Debug|Any CPU
		{BE6AF83E-BCF2-4EEB-A409-9F2E94F88780}.Debug|x64.ActiveCfg = Debug|Any CPU
		{BE6AF83E-BCF2-4EEB-A409-9F2E94F88780}.Debug|x64.Build.0 = Debug|Any CPU
		{BE6AF83E-BCF2-4EEB-A409-9F2E94F88780}.Debug|x86.ActiveCfg = Debug|Any CPU
		{BE6AF83E-BCF2-4EEB-A409-9F2E94F88780}.Debug|x86.Build.0 = Debug|Any CPU
		{BE6AF83E-BCF2-4EEB-A409-9F2E94F88780}.Release|Any CPU.ActiveCfg = Release|Any CPU
		{BE6AF83E-BCF2-4EEB-A409-9F2E94F88780}.Release|Any CPU.Build.0 = Release|Any CPU
		{BE6AF83E-BCF2-4EEB-A409-9F2E94F88780}.Release|ARM.ActiveCfg = Release|Any CPU
		{BE6AF83E-BCF2-4EEB-A409-9F2E94F88780}.Release|ARM.Build.0 = Release|Any CPU
		{BE6AF83E-BCF2-4EEB-A409-9F2E94F88780}.Release|x64.ActiveCfg = Release|Any CPU
		{BE6AF83E-BCF2-4EEB-A409-9F2E94F88780}.Release|x64.Build.0 = Release|Any CPU
		{BE6AF83E-BCF2-4EEB-A409-9F2E94F88780}.Release|x86.ActiveCfg = Release|Any CPU
		{BE6AF83E-BCF2-4EEB-A409-9F2E94F88780}.Release|x86.Build.0 = Release|Any CPU
		{C8DDBDD4-E7CD-4DA5-914B-1C8B8F25DFD5}.Debug|Any CPU.ActiveCfg = Debug|Any CPU
		{C8DDBDD4-E7CD-4DA5-914B-1C8B8F25DFD5}.Debug|Any CPU.Build.0 = Debug|Any CPU
		{C8DDBDD4-E7CD-4DA5-914B-1C8B8F25DFD5}.Debug|ARM.ActiveCfg = Debug|Any CPU
		{C8DDBDD4-E7CD-4DA5-914B-1C8B8F25DFD5}.Debug|ARM.Build.0 = Debug|Any CPU
		{C8DDBDD4-E7CD-4DA5-914B-1C8B8F25DFD5}.Debug|x64.ActiveCfg = Debug|Any CPU
		{C8DDBDD4-E7CD-4DA5-914B-1C8B8F25DFD5}.Debug|x64.Build.0 = Debug|Any CPU
		{C8DDBDD4-E7CD-4DA5-914B-1C8B8F25DFD5}.Debug|x86.ActiveCfg = Debug|Any CPU
		{C8DDBDD4-E7CD-4DA5-914B-1C8B8F25DFD5}.Debug|x86.Build.0 = Debug|Any CPU
		{C8DDBDD4-E7CD-4DA5-914B-1C8B8F25DFD5}.Release|Any CPU.ActiveCfg = Release|Any CPU
		{C8DDBDD4-E7CD-4DA5-914B-1C8B8F25DFD5}.Release|Any CPU.Build.0 = Release|Any CPU
		{C8DDBDD4-E7CD-4DA5-914B-1C8B8F25DFD5}.Release|ARM.ActiveCfg = Release|Any CPU
		{C8DDBDD4-E7CD-4DA5-914B-1C8B8F25DFD5}.Release|ARM.Build.0 = Release|Any CPU
		{C8DDBDD4-E7CD-4DA5-914B-1C8B8F25DFD5}.Release|x64.ActiveCfg = Release|Any CPU
		{C8DDBDD4-E7CD-4DA5-914B-1C8B8F25DFD5}.Release|x64.Build.0 = Release|Any CPU
		{C8DDBDD4-E7CD-4DA5-914B-1C8B8F25DFD5}.Release|x86.ActiveCfg = Release|Any CPU
		{C8DDBDD4-E7CD-4DA5-914B-1C8B8F25DFD5}.Release|x86.Build.0 = Release|Any CPU
		{A8519B78-E63F-47C3-9B1F-1199AB629BCE}.Debug|Any CPU.ActiveCfg = Debug|Any CPU
		{A8519B78-E63F-47C3-9B1F-1199AB629BCE}.Debug|Any CPU.Build.0 = Debug|Any CPU
		{A8519B78-E63F-47C3-9B1F-1199AB629BCE}.Debug|ARM.ActiveCfg = Debug|Any CPU
		{A8519B78-E63F-47C3-9B1F-1199AB629BCE}.Debug|ARM.Build.0 = Debug|Any CPU
		{A8519B78-E63F-47C3-9B1F-1199AB629BCE}.Debug|x64.ActiveCfg = Debug|Any CPU
		{A8519B78-E63F-47C3-9B1F-1199AB629BCE}.Debug|x64.Build.0 = Debug|Any CPU
		{A8519B78-E63F-47C3-9B1F-1199AB629BCE}.Debug|x86.ActiveCfg = Debug|Any CPU
		{A8519B78-E63F-47C3-9B1F-1199AB629BCE}.Debug|x86.Build.0 = Debug|Any CPU
		{A8519B78-E63F-47C3-9B1F-1199AB629BCE}.Release|Any CPU.ActiveCfg = Release|Any CPU
		{A8519B78-E63F-47C3-9B1F-1199AB629BCE}.Release|Any CPU.Build.0 = Release|Any CPU
		{A8519B78-E63F-47C3-9B1F-1199AB629BCE}.Release|ARM.ActiveCfg = Release|Any CPU
		{A8519B78-E63F-47C3-9B1F-1199AB629BCE}.Release|ARM.Build.0 = Release|Any CPU
		{A8519B78-E63F-47C3-9B1F-1199AB629BCE}.Release|x64.ActiveCfg = Release|Any CPU
		{A8519B78-E63F-47C3-9B1F-1199AB629BCE}.Release|x64.Build.0 = Release|Any CPU
		{A8519B78-E63F-47C3-9B1F-1199AB629BCE}.Release|x86.ActiveCfg = Release|Any CPU
		{A8519B78-E63F-47C3-9B1F-1199AB629BCE}.Release|x86.Build.0 = Release|Any CPU
		{612211EE-27D9-49EE-9C7C-40AC9E8A4EB2}.Debug|Any CPU.ActiveCfg = Debug|Any CPU
		{612211EE-27D9-49EE-9C7C-40AC9E8A4EB2}.Debug|Any CPU.Build.0 = Debug|Any CPU
		{612211EE-27D9-49EE-9C7C-40AC9E8A4EB2}.Debug|ARM.ActiveCfg = Debug|Any CPU
		{612211EE-27D9-49EE-9C7C-40AC9E8A4EB2}.Debug|ARM.Build.0 = Debug|Any CPU
		{612211EE-27D9-49EE-9C7C-40AC9E8A4EB2}.Debug|x64.ActiveCfg = Debug|Any CPU
		{612211EE-27D9-49EE-9C7C-40AC9E8A4EB2}.Debug|x64.Build.0 = Debug|Any CPU
		{612211EE-27D9-49EE-9C7C-40AC9E8A4EB2}.Debug|x86.ActiveCfg = Debug|Any CPU
		{612211EE-27D9-49EE-9C7C-40AC9E8A4EB2}.Debug|x86.Build.0 = Debug|Any CPU
		{612211EE-27D9-49EE-9C7C-40AC9E8A4EB2}.Release|Any CPU.ActiveCfg = Release|Any CPU
		{612211EE-27D9-49EE-9C7C-40AC9E8A4EB2}.Release|Any CPU.Build.0 = Release|Any CPU
		{612211EE-27D9-49EE-9C7C-40AC9E8A4EB2}.Release|ARM.ActiveCfg = Release|Any CPU
		{612211EE-27D9-49EE-9C7C-40AC9E8A4EB2}.Release|ARM.Build.0 = Release|Any CPU
		{612211EE-27D9-49EE-9C7C-40AC9E8A4EB2}.Release|x64.ActiveCfg = Release|Any CPU
		{612211EE-27D9-49EE-9C7C-40AC9E8A4EB2}.Release|x64.Build.0 = Release|Any CPU
		{612211EE-27D9-49EE-9C7C-40AC9E8A4EB2}.Release|x86.ActiveCfg = Release|Any CPU
		{612211EE-27D9-49EE-9C7C-40AC9E8A4EB2}.Release|x86.Build.0 = Release|Any CPU
		{700721C9-873C-4AC3-94EA-F49BEA55184C}.Debug|Any CPU.ActiveCfg = Debug|Any CPU
		{700721C9-873C-4AC3-94EA-F49BEA55184C}.Debug|Any CPU.Build.0 = Debug|Any CPU
		{700721C9-873C-4AC3-94EA-F49BEA55184C}.Debug|ARM.ActiveCfg = Debug|Any CPU
		{700721C9-873C-4AC3-94EA-F49BEA55184C}.Debug|ARM.Build.0 = Debug|Any CPU
		{700721C9-873C-4AC3-94EA-F49BEA55184C}.Debug|x64.ActiveCfg = Debug|Any CPU
		{700721C9-873C-4AC3-94EA-F49BEA55184C}.Debug|x64.Build.0 = Debug|Any CPU
		{700721C9-873C-4AC3-94EA-F49BEA55184C}.Debug|x86.ActiveCfg = Debug|Any CPU
		{700721C9-873C-4AC3-94EA-F49BEA55184C}.Debug|x86.Build.0 = Debug|Any CPU
		{700721C9-873C-4AC3-94EA-F49BEA55184C}.Release|Any CPU.ActiveCfg = Release|Any CPU
		{700721C9-873C-4AC3-94EA-F49BEA55184C}.Release|Any CPU.Build.0 = Release|Any CPU
		{700721C9-873C-4AC3-94EA-F49BEA55184C}.Release|ARM.ActiveCfg = Release|Any CPU
		{700721C9-873C-4AC3-94EA-F49BEA55184C}.Release|ARM.Build.0 = Release|Any CPU
		{700721C9-873C-4AC3-94EA-F49BEA55184C}.Release|x64.ActiveCfg = Release|Any CPU
		{700721C9-873C-4AC3-94EA-F49BEA55184C}.Release|x64.Build.0 = Release|Any CPU
		{700721C9-873C-4AC3-94EA-F49BEA55184C}.Release|x86.ActiveCfg = Release|Any CPU
		{700721C9-873C-4AC3-94EA-F49BEA55184C}.Release|x86.Build.0 = Release|Any CPU
		{9DA4E091-4F30-4D55-85E7-A849CC173790}.Debug|Any CPU.ActiveCfg = Debug|Any CPU
		{9DA4E091-4F30-4D55-85E7-A849CC173790}.Debug|Any CPU.Build.0 = Debug|Any CPU
		{9DA4E091-4F30-4D55-85E7-A849CC173790}.Debug|ARM.ActiveCfg = Debug|Any CPU
		{9DA4E091-4F30-4D55-85E7-A849CC173790}.Debug|ARM.Build.0 = Debug|Any CPU
		{9DA4E091-4F30-4D55-85E7-A849CC173790}.Debug|x64.ActiveCfg = Debug|Any CPU
		{9DA4E091-4F30-4D55-85E7-A849CC173790}.Debug|x64.Build.0 = Debug|Any CPU
		{9DA4E091-4F30-4D55-85E7-A849CC173790}.Debug|x86.ActiveCfg = Debug|Any CPU
		{9DA4E091-4F30-4D55-85E7-A849CC173790}.Debug|x86.Build.0 = Debug|Any CPU
		{9DA4E091-4F30-4D55-85E7-A849CC173790}.Release|Any CPU.ActiveCfg = Release|Any CPU
		{9DA4E091-4F30-4D55-85E7-A849CC173790}.Release|Any CPU.Build.0 = Release|Any CPU
		{9DA4E091-4F30-4D55-85E7-A849CC173790}.Release|ARM.ActiveCfg = Release|Any CPU
		{9DA4E091-4F30-4D55-85E7-A849CC173790}.Release|ARM.Build.0 = Release|Any CPU
		{9DA4E091-4F30-4D55-85E7-A849CC173790}.Release|x64.ActiveCfg = Release|Any CPU
		{9DA4E091-4F30-4D55-85E7-A849CC173790}.Release|x64.Build.0 = Release|Any CPU
		{9DA4E091-4F30-4D55-85E7-A849CC173790}.Release|x86.ActiveCfg = Release|Any CPU
		{9DA4E091-4F30-4D55-85E7-A849CC173790}.Release|x86.Build.0 = Release|Any CPU
		{09FE872C-5806-46D1-96D6-4BC91DB3FC7D}.Debug|Any CPU.ActiveCfg = Debug|Any CPU
		{09FE872C-5806-46D1-96D6-4BC91DB3FC7D}.Debug|Any CPU.Build.0 = Debug|Any CPU
		{09FE872C-5806-46D1-96D6-4BC91DB3FC7D}.Debug|ARM.ActiveCfg = Debug|Any CPU
		{09FE872C-5806-46D1-96D6-4BC91DB3FC7D}.Debug|ARM.Build.0 = Debug|Any CPU
		{09FE872C-5806-46D1-96D6-4BC91DB3FC7D}.Debug|x64.ActiveCfg = Debug|Any CPU
		{09FE872C-5806-46D1-96D6-4BC91DB3FC7D}.Debug|x64.Build.0 = Debug|Any CPU
		{09FE872C-5806-46D1-96D6-4BC91DB3FC7D}.Debug|x86.ActiveCfg = Debug|Any CPU
		{09FE872C-5806-46D1-96D6-4BC91DB3FC7D}.Debug|x86.Build.0 = Debug|Any CPU
		{09FE872C-5806-46D1-96D6-4BC91DB3FC7D}.Release|Any CPU.ActiveCfg = Release|Any CPU
		{09FE872C-5806-46D1-96D6-4BC91DB3FC7D}.Release|Any CPU.Build.0 = Release|Any CPU
		{09FE872C-5806-46D1-96D6-4BC91DB3FC7D}.Release|ARM.ActiveCfg = Release|Any CPU
		{09FE872C-5806-46D1-96D6-4BC91DB3FC7D}.Release|ARM.Build.0 = Release|Any CPU
		{09FE872C-5806-46D1-96D6-4BC91DB3FC7D}.Release|x64.ActiveCfg = Release|Any CPU
		{09FE872C-5806-46D1-96D6-4BC91DB3FC7D}.Release|x64.Build.0 = Release|Any CPU
		{09FE872C-5806-46D1-96D6-4BC91DB3FC7D}.Release|x86.ActiveCfg = Release|Any CPU
		{09FE872C-5806-46D1-96D6-4BC91DB3FC7D}.Release|x86.Build.0 = Release|Any CPU
		{CAF5B5FF-776D-4D4B-9639-699D6DEB52F4}.Debug|Any CPU.ActiveCfg = Debug|Any CPU
		{CAF5B5FF-776D-4D4B-9639-699D6DEB52F4}.Debug|Any CPU.Build.0 = Debug|Any CPU
		{CAF5B5FF-776D-4D4B-9639-699D6DEB52F4}.Debug|ARM.ActiveCfg = Debug|Any CPU
		{CAF5B5FF-776D-4D4B-9639-699D6DEB52F4}.Debug|ARM.Build.0 = Debug|Any CPU
		{CAF5B5FF-776D-4D4B-9639-699D6DEB52F4}.Debug|x64.ActiveCfg = Debug|Any CPU
		{CAF5B5FF-776D-4D4B-9639-699D6DEB52F4}.Debug|x64.Build.0 = Debug|Any CPU
		{CAF5B5FF-776D-4D4B-9639-699D6DEB52F4}.Debug|x86.ActiveCfg = Debug|Any CPU
		{CAF5B5FF-776D-4D4B-9639-699D6DEB52F4}.Debug|x86.Build.0 = Debug|Any CPU
		{CAF5B5FF-776D-4D4B-9639-699D6DEB52F4}.Release|Any CPU.ActiveCfg = Release|Any CPU
		{CAF5B5FF-776D-4D4B-9639-699D6DEB52F4}.Release|Any CPU.Build.0 = Release|Any CPU
		{CAF5B5FF-776D-4D4B-9639-699D6DEB52F4}.Release|ARM.ActiveCfg = Release|Any CPU
		{CAF5B5FF-776D-4D4B-9639-699D6DEB52F4}.Release|ARM.Build.0 = Release|Any CPU
		{CAF5B5FF-776D-4D4B-9639-699D6DEB52F4}.Release|x64.ActiveCfg = Release|Any CPU
		{CAF5B5FF-776D-4D4B-9639-699D6DEB52F4}.Release|x64.Build.0 = Release|Any CPU
		{CAF5B5FF-776D-4D4B-9639-699D6DEB52F4}.Release|x86.ActiveCfg = Release|Any CPU
		{CAF5B5FF-776D-4D4B-9639-699D6DEB52F4}.Release|x86.Build.0 = Release|Any CPU
		{AF6F08C5-66B3-4868-BBAA-97310C80BAAE}.Debug|Any CPU.ActiveCfg = Debug|Any CPU
		{AF6F08C5-66B3-4868-BBAA-97310C80BAAE}.Debug|Any CPU.Build.0 = Debug|Any CPU
		{AF6F08C5-66B3-4868-BBAA-97310C80BAAE}.Debug|ARM.ActiveCfg = Debug|Any CPU
		{AF6F08C5-66B3-4868-BBAA-97310C80BAAE}.Debug|ARM.Build.0 = Debug|Any CPU
		{AF6F08C5-66B3-4868-BBAA-97310C80BAAE}.Debug|x64.ActiveCfg = Debug|Any CPU
		{AF6F08C5-66B3-4868-BBAA-97310C80BAAE}.Debug|x64.Build.0 = Debug|Any CPU
		{AF6F08C5-66B3-4868-BBAA-97310C80BAAE}.Debug|x86.ActiveCfg = Debug|Any CPU
		{AF6F08C5-66B3-4868-BBAA-97310C80BAAE}.Debug|x86.Build.0 = Debug|Any CPU
		{AF6F08C5-66B3-4868-BBAA-97310C80BAAE}.Release|Any CPU.ActiveCfg = Release|Any CPU
		{AF6F08C5-66B3-4868-BBAA-97310C80BAAE}.Release|Any CPU.Build.0 = Release|Any CPU
		{AF6F08C5-66B3-4868-BBAA-97310C80BAAE}.Release|ARM.ActiveCfg = Release|Any CPU
		{AF6F08C5-66B3-4868-BBAA-97310C80BAAE}.Release|ARM.Build.0 = Release|Any CPU
		{AF6F08C5-66B3-4868-BBAA-97310C80BAAE}.Release|x64.ActiveCfg = Release|Any CPU
		{AF6F08C5-66B3-4868-BBAA-97310C80BAAE}.Release|x64.Build.0 = Release|Any CPU
		{AF6F08C5-66B3-4868-BBAA-97310C80BAAE}.Release|x86.ActiveCfg = Release|Any CPU
		{AF6F08C5-66B3-4868-BBAA-97310C80BAAE}.Release|x86.Build.0 = Release|Any CPU
		{DB3F5F7E-87B9-4C2A-8756-15DBCD57BA92}.Debug|Any CPU.ActiveCfg = Debug|Any CPU
		{DB3F5F7E-87B9-4C2A-8756-15DBCD57BA92}.Debug|Any CPU.Build.0 = Debug|Any CPU
		{DB3F5F7E-87B9-4C2A-8756-15DBCD57BA92}.Debug|ARM.ActiveCfg = Debug|Any CPU
		{DB3F5F7E-87B9-4C2A-8756-15DBCD57BA92}.Debug|ARM.Build.0 = Debug|Any CPU
		{DB3F5F7E-87B9-4C2A-8756-15DBCD57BA92}.Debug|x64.ActiveCfg = Debug|Any CPU
		{DB3F5F7E-87B9-4C2A-8756-15DBCD57BA92}.Debug|x64.Build.0 = Debug|Any CPU
		{DB3F5F7E-87B9-4C2A-8756-15DBCD57BA92}.Debug|x86.ActiveCfg = Debug|Any CPU
		{DB3F5F7E-87B9-4C2A-8756-15DBCD57BA92}.Debug|x86.Build.0 = Debug|Any CPU
		{DB3F5F7E-87B9-4C2A-8756-15DBCD57BA92}.Release|Any CPU.ActiveCfg = Release|Any CPU
		{DB3F5F7E-87B9-4C2A-8756-15DBCD57BA92}.Release|Any CPU.Build.0 = Release|Any CPU
		{DB3F5F7E-87B9-4C2A-8756-15DBCD57BA92}.Release|ARM.ActiveCfg = Release|Any CPU
		{DB3F5F7E-87B9-4C2A-8756-15DBCD57BA92}.Release|ARM.Build.0 = Release|Any CPU
		{DB3F5F7E-87B9-4C2A-8756-15DBCD57BA92}.Release|x64.ActiveCfg = Release|Any CPU
		{DB3F5F7E-87B9-4C2A-8756-15DBCD57BA92}.Release|x64.Build.0 = Release|Any CPU
		{DB3F5F7E-87B9-4C2A-8756-15DBCD57BA92}.Release|x86.ActiveCfg = Release|Any CPU
		{DB3F5F7E-87B9-4C2A-8756-15DBCD57BA92}.Release|x86.Build.0 = Release|Any CPU
		{3B8A2D2D-0F43-44DC-950D-00013C7EADC4}.Debug|Any CPU.ActiveCfg = Debug|Any CPU
		{3B8A2D2D-0F43-44DC-950D-00013C7EADC4}.Debug|Any CPU.Build.0 = Debug|Any CPU
		{3B8A2D2D-0F43-44DC-950D-00013C7EADC4}.Debug|ARM.ActiveCfg = Debug|Any CPU
		{3B8A2D2D-0F43-44DC-950D-00013C7EADC4}.Debug|ARM.Build.0 = Debug|Any CPU
		{3B8A2D2D-0F43-44DC-950D-00013C7EADC4}.Debug|x64.ActiveCfg = Debug|Any CPU
		{3B8A2D2D-0F43-44DC-950D-00013C7EADC4}.Debug|x64.Build.0 = Debug|Any CPU
		{3B8A2D2D-0F43-44DC-950D-00013C7EADC4}.Debug|x86.ActiveCfg = Debug|Any CPU
		{3B8A2D2D-0F43-44DC-950D-00013C7EADC4}.Debug|x86.Build.0 = Debug|Any CPU
		{3B8A2D2D-0F43-44DC-950D-00013C7EADC4}.Release|Any CPU.ActiveCfg = Release|Any CPU
		{3B8A2D2D-0F43-44DC-950D-00013C7EADC4}.Release|Any CPU.Build.0 = Release|Any CPU
		{3B8A2D2D-0F43-44DC-950D-00013C7EADC4}.Release|ARM.ActiveCfg = Release|Any CPU
		{3B8A2D2D-0F43-44DC-950D-00013C7EADC4}.Release|ARM.Build.0 = Release|Any CPU
		{3B8A2D2D-0F43-44DC-950D-00013C7EADC4}.Release|x64.ActiveCfg = Release|Any CPU
		{3B8A2D2D-0F43-44DC-950D-00013C7EADC4}.Release|x64.Build.0 = Release|Any CPU
		{3B8A2D2D-0F43-44DC-950D-00013C7EADC4}.Release|x86.ActiveCfg = Release|Any CPU
		{3B8A2D2D-0F43-44DC-950D-00013C7EADC4}.Release|x86.Build.0 = Release|Any CPU
		{7B98A3CA-8CDE-4B83-891B-AC26B571CE73}.Debug|Any CPU.ActiveCfg = Debug|Any CPU
		{7B98A3CA-8CDE-4B83-891B-AC26B571CE73}.Debug|Any CPU.Build.0 = Debug|Any CPU
		{7B98A3CA-8CDE-4B83-891B-AC26B571CE73}.Debug|ARM.ActiveCfg = Debug|Any CPU
		{7B98A3CA-8CDE-4B83-891B-AC26B571CE73}.Debug|ARM.Build.0 = Debug|Any CPU
		{7B98A3CA-8CDE-4B83-891B-AC26B571CE73}.Debug|x64.ActiveCfg = Debug|Any CPU
		{7B98A3CA-8CDE-4B83-891B-AC26B571CE73}.Debug|x64.Build.0 = Debug|Any CPU
		{7B98A3CA-8CDE-4B83-891B-AC26B571CE73}.Debug|x86.ActiveCfg = Debug|Any CPU
		{7B98A3CA-8CDE-4B83-891B-AC26B571CE73}.Debug|x86.Build.0 = Debug|Any CPU
		{7B98A3CA-8CDE-4B83-891B-AC26B571CE73}.Release|Any CPU.ActiveCfg = Release|Any CPU
		{7B98A3CA-8CDE-4B83-891B-AC26B571CE73}.Release|Any CPU.Build.0 = Release|Any CPU
		{7B98A3CA-8CDE-4B83-891B-AC26B571CE73}.Release|ARM.ActiveCfg = Release|Any CPU
		{7B98A3CA-8CDE-4B83-891B-AC26B571CE73}.Release|ARM.Build.0 = Release|Any CPU
		{7B98A3CA-8CDE-4B83-891B-AC26B571CE73}.Release|x64.ActiveCfg = Release|Any CPU
		{7B98A3CA-8CDE-4B83-891B-AC26B571CE73}.Release|x64.Build.0 = Release|Any CPU
		{7B98A3CA-8CDE-4B83-891B-AC26B571CE73}.Release|x86.ActiveCfg = Release|Any CPU
		{7B98A3CA-8CDE-4B83-891B-AC26B571CE73}.Release|x86.Build.0 = Release|Any CPU
		{6E8C7F2B-FDBF-46F6-A616-2753AABB6E5F}.Debug|Any CPU.ActiveCfg = Debug|Any CPU
		{6E8C7F2B-FDBF-46F6-A616-2753AABB6E5F}.Debug|Any CPU.Build.0 = Debug|Any CPU
		{6E8C7F2B-FDBF-46F6-A616-2753AABB6E5F}.Debug|ARM.ActiveCfg = Debug|Any CPU
		{6E8C7F2B-FDBF-46F6-A616-2753AABB6E5F}.Debug|ARM.Build.0 = Debug|Any CPU
		{6E8C7F2B-FDBF-46F6-A616-2753AABB6E5F}.Debug|x64.ActiveCfg = Debug|Any CPU
		{6E8C7F2B-FDBF-46F6-A616-2753AABB6E5F}.Debug|x64.Build.0 = Debug|Any CPU
		{6E8C7F2B-FDBF-46F6-A616-2753AABB6E5F}.Debug|x86.ActiveCfg = Debug|Any CPU
		{6E8C7F2B-FDBF-46F6-A616-2753AABB6E5F}.Debug|x86.Build.0 = Debug|Any CPU
		{6E8C7F2B-FDBF-46F6-A616-2753AABB6E5F}.Release|Any CPU.ActiveCfg = Release|Any CPU
		{6E8C7F2B-FDBF-46F6-A616-2753AABB6E5F}.Release|Any CPU.Build.0 = Release|Any CPU
		{6E8C7F2B-FDBF-46F6-A616-2753AABB6E5F}.Release|ARM.ActiveCfg = Release|Any CPU
		{6E8C7F2B-FDBF-46F6-A616-2753AABB6E5F}.Release|ARM.Build.0 = Release|Any CPU
		{6E8C7F2B-FDBF-46F6-A616-2753AABB6E5F}.Release|x64.ActiveCfg = Release|Any CPU
		{6E8C7F2B-FDBF-46F6-A616-2753AABB6E5F}.Release|x64.Build.0 = Release|Any CPU
		{6E8C7F2B-FDBF-46F6-A616-2753AABB6E5F}.Release|x86.ActiveCfg = Release|Any CPU
		{6E8C7F2B-FDBF-46F6-A616-2753AABB6E5F}.Release|x86.Build.0 = Release|Any CPU
		{6E906DF3-BADF-4162-81A5-3CD1D38585F3}.Debug|Any CPU.ActiveCfg = Debug|Any CPU
		{6E906DF3-BADF-4162-81A5-3CD1D38585F3}.Debug|Any CPU.Build.0 = Debug|Any CPU
		{6E906DF3-BADF-4162-81A5-3CD1D38585F3}.Debug|ARM.ActiveCfg = Debug|Any CPU
		{6E906DF3-BADF-4162-81A5-3CD1D38585F3}.Debug|ARM.Build.0 = Debug|Any CPU
		{6E906DF3-BADF-4162-81A5-3CD1D38585F3}.Debug|x64.ActiveCfg = Debug|Any CPU
		{6E906DF3-BADF-4162-81A5-3CD1D38585F3}.Debug|x64.Build.0 = Debug|Any CPU
		{6E906DF3-BADF-4162-81A5-3CD1D38585F3}.Debug|x86.ActiveCfg = Debug|Any CPU
		{6E906DF3-BADF-4162-81A5-3CD1D38585F3}.Debug|x86.Build.0 = Debug|Any CPU
		{6E906DF3-BADF-4162-81A5-3CD1D38585F3}.Release|Any CPU.ActiveCfg = Release|Any CPU
		{6E906DF3-BADF-4162-81A5-3CD1D38585F3}.Release|Any CPU.Build.0 = Release|Any CPU
		{6E906DF3-BADF-4162-81A5-3CD1D38585F3}.Release|ARM.ActiveCfg = Release|Any CPU
		{6E906DF3-BADF-4162-81A5-3CD1D38585F3}.Release|ARM.Build.0 = Release|Any CPU
		{6E906DF3-BADF-4162-81A5-3CD1D38585F3}.Release|x64.ActiveCfg = Release|Any CPU
		{6E906DF3-BADF-4162-81A5-3CD1D38585F3}.Release|x64.Build.0 = Release|Any CPU
		{6E906DF3-BADF-4162-81A5-3CD1D38585F3}.Release|x86.ActiveCfg = Release|Any CPU
		{6E906DF3-BADF-4162-81A5-3CD1D38585F3}.Release|x86.Build.0 = Release|Any CPU
		{2B9968C9-D657-4A44-8170-1283C69461D5}.Debug|Any CPU.ActiveCfg = Debug|Any CPU
		{2B9968C9-D657-4A44-8170-1283C69461D5}.Debug|Any CPU.Build.0 = Debug|Any CPU
		{2B9968C9-D657-4A44-8170-1283C69461D5}.Debug|ARM.ActiveCfg = Debug|Any CPU
		{2B9968C9-D657-4A44-8170-1283C69461D5}.Debug|ARM.Build.0 = Debug|Any CPU
		{2B9968C9-D657-4A44-8170-1283C69461D5}.Debug|x64.ActiveCfg = Debug|Any CPU
		{2B9968C9-D657-4A44-8170-1283C69461D5}.Debug|x64.Build.0 = Debug|Any CPU
		{2B9968C9-D657-4A44-8170-1283C69461D5}.Debug|x86.ActiveCfg = Debug|Any CPU
		{2B9968C9-D657-4A44-8170-1283C69461D5}.Debug|x86.Build.0 = Debug|Any CPU
		{2B9968C9-D657-4A44-8170-1283C69461D5}.Release|Any CPU.ActiveCfg = Release|Any CPU
		{2B9968C9-D657-4A44-8170-1283C69461D5}.Release|Any CPU.Build.0 = Release|Any CPU
		{2B9968C9-D657-4A44-8170-1283C69461D5}.Release|ARM.ActiveCfg = Release|Any CPU
		{2B9968C9-D657-4A44-8170-1283C69461D5}.Release|ARM.Build.0 = Release|Any CPU
		{2B9968C9-D657-4A44-8170-1283C69461D5}.Release|x64.ActiveCfg = Release|Any CPU
		{2B9968C9-D657-4A44-8170-1283C69461D5}.Release|x64.Build.0 = Release|Any CPU
		{2B9968C9-D657-4A44-8170-1283C69461D5}.Release|x86.ActiveCfg = Release|Any CPU
		{2B9968C9-D657-4A44-8170-1283C69461D5}.Release|x86.Build.0 = Release|Any CPU
		{F7EF3B40-7C46-4A58-B5DC-9E765C39DC00}.Debug|Any CPU.ActiveCfg = Debug|Any CPU
		{F7EF3B40-7C46-4A58-B5DC-9E765C39DC00}.Debug|Any CPU.Build.0 = Debug|Any CPU
		{F7EF3B40-7C46-4A58-B5DC-9E765C39DC00}.Debug|ARM.ActiveCfg = Debug|Any CPU
		{F7EF3B40-7C46-4A58-B5DC-9E765C39DC00}.Debug|ARM.Build.0 = Debug|Any CPU
		{F7EF3B40-7C46-4A58-B5DC-9E765C39DC00}.Debug|x64.ActiveCfg = Debug|Any CPU
		{F7EF3B40-7C46-4A58-B5DC-9E765C39DC00}.Debug|x64.Build.0 = Debug|Any CPU
		{F7EF3B40-7C46-4A58-B5DC-9E765C39DC00}.Debug|x86.ActiveCfg = Debug|Any CPU
		{F7EF3B40-7C46-4A58-B5DC-9E765C39DC00}.Debug|x86.Build.0 = Debug|Any CPU
		{F7EF3B40-7C46-4A58-B5DC-9E765C39DC00}.Release|Any CPU.ActiveCfg = Release|Any CPU
		{F7EF3B40-7C46-4A58-B5DC-9E765C39DC00}.Release|Any CPU.Build.0 = Release|Any CPU
		{F7EF3B40-7C46-4A58-B5DC-9E765C39DC00}.Release|ARM.ActiveCfg = Release|Any CPU
		{F7EF3B40-7C46-4A58-B5DC-9E765C39DC00}.Release|ARM.Build.0 = Release|Any CPU
		{F7EF3B40-7C46-4A58-B5DC-9E765C39DC00}.Release|x64.ActiveCfg = Release|Any CPU
		{F7EF3B40-7C46-4A58-B5DC-9E765C39DC00}.Release|x64.Build.0 = Release|Any CPU
		{F7EF3B40-7C46-4A58-B5DC-9E765C39DC00}.Release|x86.ActiveCfg = Release|Any CPU
		{F7EF3B40-7C46-4A58-B5DC-9E765C39DC00}.Release|x86.Build.0 = Release|Any CPU
		{D3025DD4-7AA0-435D-B59C-2F7E582EEDC3}.Debug|Any CPU.ActiveCfg = Debug|Any CPU
		{D3025DD4-7AA0-435D-B59C-2F7E582EEDC3}.Debug|Any CPU.Build.0 = Debug|Any CPU
		{D3025DD4-7AA0-435D-B59C-2F7E582EEDC3}.Debug|ARM.ActiveCfg = Debug|Any CPU
		{D3025DD4-7AA0-435D-B59C-2F7E582EEDC3}.Debug|ARM.Build.0 = Debug|Any CPU
		{D3025DD4-7AA0-435D-B59C-2F7E582EEDC3}.Debug|x64.ActiveCfg = Debug|Any CPU
		{D3025DD4-7AA0-435D-B59C-2F7E582EEDC3}.Debug|x64.Build.0 = Debug|Any CPU
		{D3025DD4-7AA0-435D-B59C-2F7E582EEDC3}.Debug|x86.ActiveCfg = Debug|Any CPU
		{D3025DD4-7AA0-435D-B59C-2F7E582EEDC3}.Debug|x86.Build.0 = Debug|Any CPU
		{D3025DD4-7AA0-435D-B59C-2F7E582EEDC3}.Release|Any CPU.ActiveCfg = Release|Any CPU
		{D3025DD4-7AA0-435D-B59C-2F7E582EEDC3}.Release|Any CPU.Build.0 = Release|Any CPU
		{D3025DD4-7AA0-435D-B59C-2F7E582EEDC3}.Release|ARM.ActiveCfg = Release|Any CPU
		{D3025DD4-7AA0-435D-B59C-2F7E582EEDC3}.Release|ARM.Build.0 = Release|Any CPU
		{D3025DD4-7AA0-435D-B59C-2F7E582EEDC3}.Release|x64.ActiveCfg = Release|Any CPU
		{D3025DD4-7AA0-435D-B59C-2F7E582EEDC3}.Release|x64.Build.0 = Release|Any CPU
		{D3025DD4-7AA0-435D-B59C-2F7E582EEDC3}.Release|x86.ActiveCfg = Release|Any CPU
		{D3025DD4-7AA0-435D-B59C-2F7E582EEDC3}.Release|x86.Build.0 = Release|Any CPU
		{958BE4ED-0503-4A4A-922E-435B7AB7F0BC}.Debug|Any CPU.ActiveCfg = Debug|Any CPU
		{958BE4ED-0503-4A4A-922E-435B7AB7F0BC}.Debug|Any CPU.Build.0 = Debug|Any CPU
		{958BE4ED-0503-4A4A-922E-435B7AB7F0BC}.Debug|ARM.ActiveCfg = Debug|Any CPU
		{958BE4ED-0503-4A4A-922E-435B7AB7F0BC}.Debug|ARM.Build.0 = Debug|Any CPU
		{958BE4ED-0503-4A4A-922E-435B7AB7F0BC}.Debug|x64.ActiveCfg = Debug|Any CPU
		{958BE4ED-0503-4A4A-922E-435B7AB7F0BC}.Debug|x64.Build.0 = Debug|Any CPU
		{958BE4ED-0503-4A4A-922E-435B7AB7F0BC}.Debug|x86.ActiveCfg = Debug|Any CPU
		{958BE4ED-0503-4A4A-922E-435B7AB7F0BC}.Debug|x86.Build.0 = Debug|Any CPU
		{958BE4ED-0503-4A4A-922E-435B7AB7F0BC}.Release|Any CPU.ActiveCfg = Release|Any CPU
		{958BE4ED-0503-4A4A-922E-435B7AB7F0BC}.Release|Any CPU.Build.0 = Release|Any CPU
		{958BE4ED-0503-4A4A-922E-435B7AB7F0BC}.Release|ARM.ActiveCfg = Release|Any CPU
		{958BE4ED-0503-4A4A-922E-435B7AB7F0BC}.Release|ARM.Build.0 = Release|Any CPU
		{958BE4ED-0503-4A4A-922E-435B7AB7F0BC}.Release|x64.ActiveCfg = Release|Any CPU
		{958BE4ED-0503-4A4A-922E-435B7AB7F0BC}.Release|x64.Build.0 = Release|Any CPU
		{958BE4ED-0503-4A4A-922E-435B7AB7F0BC}.Release|x86.ActiveCfg = Release|Any CPU
		{958BE4ED-0503-4A4A-922E-435B7AB7F0BC}.Release|x86.Build.0 = Release|Any CPU
		{452EFF0C-2E5F-4F21-A12E-B4C8EAB3AE6C}.Debug|Any CPU.ActiveCfg = Debug|Any CPU
		{452EFF0C-2E5F-4F21-A12E-B4C8EAB3AE6C}.Debug|Any CPU.Build.0 = Debug|Any CPU
		{452EFF0C-2E5F-4F21-A12E-B4C8EAB3AE6C}.Debug|ARM.ActiveCfg = Debug|Any CPU
		{452EFF0C-2E5F-4F21-A12E-B4C8EAB3AE6C}.Debug|ARM.Build.0 = Debug|Any CPU
		{452EFF0C-2E5F-4F21-A12E-B4C8EAB3AE6C}.Debug|x64.ActiveCfg = Debug|Any CPU
		{452EFF0C-2E5F-4F21-A12E-B4C8EAB3AE6C}.Debug|x64.Build.0 = Debug|Any CPU
		{452EFF0C-2E5F-4F21-A12E-B4C8EAB3AE6C}.Debug|x86.ActiveCfg = Debug|Any CPU
		{452EFF0C-2E5F-4F21-A12E-B4C8EAB3AE6C}.Debug|x86.Build.0 = Debug|Any CPU
		{452EFF0C-2E5F-4F21-A12E-B4C8EAB3AE6C}.Release|Any CPU.ActiveCfg = Release|Any CPU
		{452EFF0C-2E5F-4F21-A12E-B4C8EAB3AE6C}.Release|Any CPU.Build.0 = Release|Any CPU
		{452EFF0C-2E5F-4F21-A12E-B4C8EAB3AE6C}.Release|ARM.ActiveCfg = Release|Any CPU
		{452EFF0C-2E5F-4F21-A12E-B4C8EAB3AE6C}.Release|ARM.Build.0 = Release|Any CPU
		{452EFF0C-2E5F-4F21-A12E-B4C8EAB3AE6C}.Release|x64.ActiveCfg = Release|Any CPU
		{452EFF0C-2E5F-4F21-A12E-B4C8EAB3AE6C}.Release|x64.Build.0 = Release|Any CPU
		{452EFF0C-2E5F-4F21-A12E-B4C8EAB3AE6C}.Release|x86.ActiveCfg = Release|Any CPU
		{452EFF0C-2E5F-4F21-A12E-B4C8EAB3AE6C}.Release|x86.Build.0 = Release|Any CPU
	EndGlobalSection
	GlobalSection(SolutionProperties) = preSolution
		HideSolutionNode = FALSE
	EndGlobalSection
	GlobalSection(NestedProjects) = preSolution
		{699F4FC0-08C9-4ADA-AFFA-E25889557747} = {8C3E2A08-6FB2-4265-B537-A5508A4EC026}
		{BFDB02D3-C59E-4EEF-B4D0-E1B29C95420E} = {BFBCA122-F9F1-4A26-BD18-DFBA1A0E69D5}
		{A1927AB2-116B-4AD4-B3FE-8811EDAFDE96} = {49F53C0E-6503-4CBD-B5ED-B83D053C6DA2}
		{7E837B61-69DD-4437-B879-73729038D97D} = {49F53C0E-6503-4CBD-B5ED-B83D053C6DA2}
		{8B2A6B07-07F5-4B53-A95E-009E7DB5CA58} = {49F53C0E-6503-4CBD-B5ED-B83D053C6DA2}
		{BB91CCD2-81AE-4996-AC88-D14E20D151BA} = {1BA9DB0A-8961-4AA1-BB81-F8C2820FCB52}
		{BE6AF83E-BCF2-4EEB-A409-9F2E94F88780} = {BFBCA122-F9F1-4A26-BD18-DFBA1A0E69D5}
		{C8DDBDD4-E7CD-4DA5-914B-1C8B8F25DFD5} = {8C3E2A08-6FB2-4265-B537-A5508A4EC026}
		{A8519B78-E63F-47C3-9B1F-1199AB629BCE} = {3BD47F09-23D3-460F-A082-D10E3302BA9F}
		{612211EE-27D9-49EE-9C7C-40AC9E8A4EB2} = {3BD47F09-23D3-460F-A082-D10E3302BA9F}
		{700721C9-873C-4AC3-94EA-F49BEA55184C} = {3BD47F09-23D3-460F-A082-D10E3302BA9F}
		{9DA4E091-4F30-4D55-85E7-A849CC173790} = {49F53C0E-6503-4CBD-B5ED-B83D053C6DA2}
		{09FE872C-5806-46D1-96D6-4BC91DB3FC7D} = {49F53C0E-6503-4CBD-B5ED-B83D053C6DA2}
		{CAF5B5FF-776D-4D4B-9639-699D6DEB52F4} = {DF79CEED-E565-4366-B20C-F2DCAC3AC99E}
		{AF6F08C5-66B3-4868-BBAA-97310C80BAAE} = {DF79CEED-E565-4366-B20C-F2DCAC3AC99E}
		{DB3F5F7E-87B9-4C2A-8756-15DBCD57BA92} = {432B78A6-1350-46F5-9F89-2741C9B83BE7}
		{3B8A2D2D-0F43-44DC-950D-00013C7EADC4} = {432B78A6-1350-46F5-9F89-2741C9B83BE7}
		{7B98A3CA-8CDE-4B83-891B-AC26B571CE73} = {1BA9DB0A-8961-4AA1-BB81-F8C2820FCB52}
		{6E8C7F2B-FDBF-46F6-A616-2753AABB6E5F} = {699E6411-C1FC-49BC-8853-66CDCB0B863A}
		{6E906DF3-BADF-4162-81A5-3CD1D38585F3} = {1BA9DB0A-8961-4AA1-BB81-F8C2820FCB52}
		{2B9968C9-D657-4A44-8170-1283C69461D5} = {BFBCA122-F9F1-4A26-BD18-DFBA1A0E69D5}
		{F7EF3B40-7C46-4A58-B5DC-9E765C39DC00} = {1BA9DB0A-8961-4AA1-BB81-F8C2820FCB52}
		{D3025DD4-7AA0-435D-B59C-2F7E582EEDC3} = {BFBCA122-F9F1-4A26-BD18-DFBA1A0E69D5}
	EndGlobalSection
	GlobalSection(ExtensibilityGlobals) = postSolution
		SolutionGuid = {7FD07ECB-B4B5-4D65-8E03-10F0C97C77A9}
	EndGlobalSection
EndGlobal
