
Microsoft Visual Studio Solution File, Format Version 12.00
# Visual Studio Version 17
VisualStudioVersion = 17.7.34031.279
MinimumVisualStudioVersion = 10.0.40219.1
Project("{9A19103F-16F7-4668-BE54-9A1E7A4F7556}") = "Krosoft.Extensions.WebApi", "src\Krosoft.Extensions.WebApi\Krosoft.Extensions.WebApi.csproj", "{9DA4E091-4F30-4D55-85E7-A849CC173790}"
EndProject
Project("{2150E333-8FDC-42A3-9474-1A3956D46DE8}") = "src", "src", "{49F53C0E-6503-4CBD-B5ED-B83D053C6DA2}"
EndProject
Project("{9A19103F-16F7-4668-BE54-9A1E7A4F7556}") = "Krosoft.Extensions.WebApi.Identity", "src\Krosoft.Extensions.WebApi.Identity\Krosoft.Extensions.WebApi.Identity.csproj", "{09FE872C-5806-46D1-96D6-4BC91DB3FC7D}"
EndProject
Project("{9A19103F-16F7-4668-BE54-9A1E7A4F7556}") = "Krosoft.Extensions.WebApi.Swagger", "src\Krosoft.Extensions.WebApi.Swagger\Krosoft.Extensions.WebApi.Swagger.csproj", "{2E0FCF20-E8B3-4E37-A87B-675D214D8CE5}"
EndProject
Project("{9A19103F-16F7-4668-BE54-9A1E7A4F7556}") = "Krosoft.Extensions.WebApi.HealthChecks", "src\Krosoft.Extensions.WebApi.HealthChecks\Krosoft.Extensions.WebApi.HealthChecks.csproj", "{9A797F7C-8190-4B48-A067-D138BDB30681}"
EndProject
Project("{9A19103F-16F7-4668-BE54-9A1E7A4F7556}") = "Krosoft.Extensions.WebApi.Swagger.HealthChecks", "src\Krosoft.Extensions.WebApi.Swagger.HealthChecks\Krosoft.Extensions.WebApi.Swagger.HealthChecks.csproj", "{04DB236D-05CE-436C-826D-70706489730E}"
EndProject
Project("{9A19103F-16F7-4668-BE54-9A1E7A4F7556}") = "Krosoft.Extensions.WebApi.Blocking", "src\Krosoft.Extensions.WebApi.Blocking\Krosoft.Extensions.WebApi.Blocking.csproj", "{C69082D5-F738-4521-8CD3-C5818D49E2B3}"
EndProject
Project("{9A19103F-16F7-4668-BE54-9A1E7A4F7556}") = "Krosoft.Extensions.WebApi.Identity.Tests", "tests\Krosoft.Extensions.WebApi.Identity.Tests\Krosoft.Extensions.WebApi.Identity.Tests.csproj", "{4ACD09D1-A472-42AB-8445-ECCB7D64911C}"
EndProject
Project("{FAE04EC0-301F-11D3-BF4B-00C04F79EFBC}") = "Krosoft.Extensions.WebApi.Tests", "tests\Krosoft.Extensions.WebApi.Tests\Krosoft.Extensions.WebApi.Tests.csproj", "{E0EF3203-11F3-419A-A729-A48AE778E313}"
EndProject
Project("{2150E333-8FDC-42A3-9474-1A3956D46DE8}") = "tests", "tests", "{02EA681E-C7D8-13C7-8484-4AC65E1B71E8}"
EndProject
Project("{FAE04EC0-301F-11D3-BF4B-00C04F79EFBC}") = "Krosoft.Extensions.Samples.DotNet9.Api", "samples\Krosoft.Extensions.Samples.DotNet9.Api\Krosoft.Extensions.Samples.DotNet9.Api.csproj", "{1A0ACD2C-B723-EFB4-460D-56A46152AB28}"
EndProject
Project("{FAE04EC0-301F-11D3-BF4B-00C04F79EFBC}") = "Krosoft.Extensions.Samples.DotNet9.Api.Tests", "tests\Krosoft.Extensions.Samples.DotNet9.Api.Tests\Krosoft.Extensions.Samples.DotNet9.Api.Tests.csproj", "{FDF7A4FE-F653-3555-A530-EC1036D3CF18}"
EndProject
Project("{2150E333-8FDC-42A3-9474-1A3956D46DE8}") = "samples", "samples", "{7E57DA6C-640A-4DE0-8395-BA46710F8CC4}"
EndProject
Global
	GlobalSection(SolutionConfigurationPlatforms) = preSolution
		Debug|Any CPU = Debug|Any CPU
		Debug|ARM = Debug|ARM
		Debug|x64 = Debug|x64
		Debug|x86 = Debug|x86
		Release|Any CPU = Release|Any CPU
		Release|ARM = Release|ARM
		Release|x64 = Release|x64
		Release|x86 = Release|x86
	EndGlobalSection
	GlobalSection(ProjectConfigurationPlatforms) = postSolution
		{9DA4E091-4F30-4D55-85E7-A849CC173790}.Debug|Any CPU.ActiveCfg = Debug|Any CPU
		{9DA4E091-4F30-4D55-85E7-A849CC173790}.Debug|Any CPU.Build.0 = Debug|Any CPU
		{9DA4E091-4F30-4D55-85E7-A849CC173790}.Debug|ARM.ActiveCfg = Debug|Any CPU
		{9DA4E091-4F30-4D55-85E7-A849CC173790}.Debug|ARM.Build.0 = Debug|Any CPU
		{9DA4E091-4F30-4D55-85E7-A849CC173790}.Debug|x64.ActiveCfg = Debug|Any CPU
		{9DA4E091-4F30-4D55-85E7-A849CC173790}.Debug|x64.Build.0 = Debug|Any CPU
		{9DA4E091-4F30-4D55-85E7-A849CC173790}.Debug|x86.ActiveCfg = Debug|Any CPU
		{9DA4E091-4F30-4D55-85E7-A849CC173790}.Debug|x86.Build.0 = Debug|Any CPU
		{9DA4E091-4F30-4D55-85E7-A849CC173790}.Release|Any CPU.ActiveCfg = Release|Any CPU
		{9DA4E091-4F30-4D55-85E7-A849CC173790}.Release|Any CPU.Build.0 = Release|Any CPU
		{9DA4E091-4F30-4D55-85E7-A849CC173790}.Release|ARM.ActiveCfg = Release|Any CPU
		{9DA4E091-4F30-4D55-85E7-A849CC173790}.Release|ARM.Build.0 = Release|Any CPU
		{9DA4E091-4F30-4D55-85E7-A849CC173790}.Release|x64.ActiveCfg = Release|Any CPU
		{9DA4E091-4F30-4D55-85E7-A849CC173790}.Release|x64.Build.0 = Release|Any CPU
		{9DA4E091-4F30-4D55-85E7-A849CC173790}.Release|x86.ActiveCfg = Release|Any CPU
		{9DA4E091-4F30-4D55-85E7-A849CC173790}.Release|x86.Build.0 = Release|Any CPU
		{09FE872C-5806-46D1-96D6-4BC91DB3FC7D}.Debug|Any CPU.ActiveCfg = Debug|Any CPU
		{09FE872C-5806-46D1-96D6-4BC91DB3FC7D}.Debug|Any CPU.Build.0 = Debug|Any CPU
		{09FE872C-5806-46D1-96D6-4BC91DB3FC7D}.Debug|ARM.ActiveCfg = Debug|Any CPU
		{09FE872C-5806-46D1-96D6-4BC91DB3FC7D}.Debug|ARM.Build.0 = Debug|Any CPU
		{09FE872C-5806-46D1-96D6-4BC91DB3FC7D}.Debug|x64.ActiveCfg = Debug|Any CPU
		{09FE872C-5806-46D1-96D6-4BC91DB3FC7D}.Debug|x64.Build.0 = Debug|Any CPU
		{09FE872C-5806-46D1-96D6-4BC91DB3FC7D}.Debug|x86.ActiveCfg = Debug|Any CPU
		{09FE872C-5806-46D1-96D6-4BC91DB3FC7D}.Debug|x86.Build.0 = Debug|Any CPU
		{09FE872C-5806-46D1-96D6-4BC91DB3FC7D}.Release|Any CPU.ActiveCfg = Release|Any CPU
		{09FE872C-5806-46D1-96D6-4BC91DB3FC7D}.Release|Any CPU.Build.0 = Release|Any CPU
		{09FE872C-5806-46D1-96D6-4BC91DB3FC7D}.Release|ARM.ActiveCfg = Release|Any CPU
		{09FE872C-5806-46D1-96D6-4BC91DB3FC7D}.Release|ARM.Build.0 = Release|Any CPU
		{09FE872C-5806-46D1-96D6-4BC91DB3FC7D}.Release|x64.ActiveCfg = Release|Any CPU
		{09FE872C-5806-46D1-96D6-4BC91DB3FC7D}.Release|x64.Build.0 = Release|Any CPU
		{09FE872C-5806-46D1-96D6-4BC91DB3FC7D}.Release|x86.ActiveCfg = Release|Any CPU
		{09FE872C-5806-46D1-96D6-4BC91DB3FC7D}.Release|x86.Build.0 = Release|Any CPU
		{2E0FCF20-E8B3-4E37-A87B-675D214D8CE5}.Debug|Any CPU.ActiveCfg = Debug|Any CPU
		{2E0FCF20-E8B3-4E37-A87B-675D214D8CE5}.Debug|Any CPU.Build.0 = Debug|Any CPU
		{2E0FCF20-E8B3-4E37-A87B-675D214D8CE5}.Debug|ARM.ActiveCfg = Debug|Any CPU
		{2E0FCF20-E8B3-4E37-A87B-675D214D8CE5}.Debug|ARM.Build.0 = Debug|Any CPU
		{2E0FCF20-E8B3-4E37-A87B-675D214D8CE5}.Debug|x64.ActiveCfg = Debug|Any CPU
		{2E0FCF20-E8B3-4E37-A87B-675D214D8CE5}.Debug|x64.Build.0 = Debug|Any CPU
		{2E0FCF20-E8B3-4E37-A87B-675D214D8CE5}.Debug|x86.ActiveCfg = Debug|Any CPU
		{2E0FCF20-E8B3-4E37-A87B-675D214D8CE5}.Debug|x86.Build.0 = Debug|Any CPU
		{2E0FCF20-E8B3-4E37-A87B-675D214D8CE5}.Release|Any CPU.ActiveCfg = Release|Any CPU
		{2E0FCF20-E8B3-4E37-A87B-675D214D8CE5}.Release|Any CPU.Build.0 = Release|Any CPU
		{2E0FCF20-E8B3-4E37-A87B-675D214D8CE5}.Release|ARM.ActiveCfg = Release|Any CPU
		{2E0FCF20-E8B3-4E37-A87B-675D214D8CE5}.Release|ARM.Build.0 = Release|Any CPU
		{2E0FCF20-E8B3-4E37-A87B-675D214D8CE5}.Release|x64.ActiveCfg = Release|Any CPU
		{2E0FCF20-E8B3-4E37-A87B-675D214D8CE5}.Release|x64.Build.0 = Release|Any CPU
		{2E0FCF20-E8B3-4E37-A87B-675D214D8CE5}.Release|x86.ActiveCfg = Release|Any CPU
		{2E0FCF20-E8B3-4E37-A87B-675D214D8CE5}.Release|x86.Build.0 = Release|Any CPU
		{9A797F7C-8190-4B48-A067-D138BDB30681}.Debug|Any CPU.ActiveCfg = Debug|Any CPU
		{9A797F7C-8190-4B48-A067-D138BDB30681}.Debug|Any CPU.Build.0 = Debug|Any CPU
		{9A797F7C-8190-4B48-A067-D138BDB30681}.Debug|ARM.ActiveCfg = Debug|Any CPU
		{9A797F7C-8190-4B48-A067-D138BDB30681}.Debug|ARM.Build.0 = Debug|Any CPU
		{9A797F7C-8190-4B48-A067-D138BDB30681}.Debug|x64.ActiveCfg = Debug|Any CPU
		{9A797F7C-8190-4B48-A067-D138BDB30681}.Debug|x64.Build.0 = Debug|Any CPU
		{9A797F7C-8190-4B48-A067-D138BDB30681}.Debug|x86.ActiveCfg = Debug|Any CPU
		{9A797F7C-8190-4B48-A067-D138BDB30681}.Debug|x86.Build.0 = Debug|Any CPU
		{9A797F7C-8190-4B48-A067-D138BDB30681}.Release|Any CPU.ActiveCfg = Release|Any CPU
		{9A797F7C-8190-4B48-A067-D138BDB30681}.Release|Any CPU.Build.0 = Release|Any CPU
		{9A797F7C-8190-4B48-A067-D138BDB30681}.Release|ARM.ActiveCfg = Release|Any CPU
		{9A797F7C-8190-4B48-A067-D138BDB30681}.Release|ARM.Build.0 = Release|Any CPU
		{9A797F7C-8190-4B48-A067-D138BDB30681}.Release|x64.ActiveCfg = Release|Any CPU
		{9A797F7C-8190-4B48-A067-D138BDB30681}.Release|x64.Build.0 = Release|Any CPU
		{9A797F7C-8190-4B48-A067-D138BDB30681}.Release|x86.ActiveCfg = Release|Any CPU
		{9A797F7C-8190-4B48-A067-D138BDB30681}.Release|x86.Build.0 = Release|Any CPU
		{04DB236D-05CE-436C-826D-70706489730E}.Debug|Any CPU.ActiveCfg = Debug|Any CPU
		{04DB236D-05CE-436C-826D-70706489730E}.Debug|Any CPU.Build.0 = Debug|Any CPU
		{04DB236D-05CE-436C-826D-70706489730E}.Debug|ARM.ActiveCfg = Debug|Any CPU
		{04DB236D-05CE-436C-826D-70706489730E}.Debug|ARM.Build.0 = Debug|Any CPU
		{04DB236D-05CE-436C-826D-70706489730E}.Debug|x64.ActiveCfg = Debug|Any CPU
		{04DB236D-05CE-436C-826D-70706489730E}.Debug|x64.Build.0 = Debug|Any CPU
		{04DB236D-05CE-436C-826D-70706489730E}.Debug|x86.ActiveCfg = Debug|Any CPU
		{04DB236D-05CE-436C-826D-70706489730E}.Debug|x86.Build.0 = Debug|Any CPU
		{04DB236D-05CE-436C-826D-70706489730E}.Release|Any CPU.ActiveCfg = Release|Any CPU
		{04DB236D-05CE-436C-826D-70706489730E}.Release|Any CPU.Build.0 = Release|Any CPU
		{04DB236D-05CE-436C-826D-70706489730E}.Release|ARM.ActiveCfg = Release|Any CPU
		{04DB236D-05CE-436C-826D-70706489730E}.Release|ARM.Build.0 = Release|Any CPU
		{04DB236D-05CE-436C-826D-70706489730E}.Release|x64.ActiveCfg = Release|Any CPU
		{04DB236D-05CE-436C-826D-70706489730E}.Release|x64.Build.0 = Release|Any CPU
		{04DB236D-05CE-436C-826D-70706489730E}.Release|x86.ActiveCfg = Release|Any CPU
		{04DB236D-05CE-436C-826D-70706489730E}.Release|x86.Build.0 = Release|Any CPU
		{C69082D5-F738-4521-8CD3-C5818D49E2B3}.Debug|Any CPU.ActiveCfg = Debug|Any CPU
		{C69082D5-F738-4521-8CD3-C5818D49E2B3}.Debug|Any CPU.Build.0 = Debug|Any CPU
		{C69082D5-F738-4521-8CD3-C5818D49E2B3}.Debug|ARM.ActiveCfg = Debug|Any CPU
		{C69082D5-F738-4521-8CD3-C5818D49E2B3}.Debug|ARM.Build.0 = Debug|Any CPU
		{C69082D5-F738-4521-8CD3-C5818D49E2B3}.Debug|x64.ActiveCfg = Debug|Any CPU
		{C69082D5-F738-4521-8CD3-C5818D49E2B3}.Debug|x64.Build.0 = Debug|Any CPU
		{C69082D5-F738-4521-8CD3-C5818D49E2B3}.Debug|x86.ActiveCfg = Debug|Any CPU
		{C69082D5-F738-4521-8CD3-C5818D49E2B3}.Debug|x86.Build.0 = Debug|Any CPU
		{C69082D5-F738-4521-8CD3-C5818D49E2B3}.Release|Any CPU.ActiveCfg = Release|Any CPU
		{C69082D5-F738-4521-8CD3-C5818D49E2B3}.Release|Any CPU.Build.0 = Release|Any CPU
		{C69082D5-F738-4521-8CD3-C5818D49E2B3}.Release|ARM.ActiveCfg = Release|Any CPU
		{C69082D5-F738-4521-8CD3-C5818D49E2B3}.Release|ARM.Build.0 = Release|Any CPU
		{C69082D5-F738-4521-8CD3-C5818D49E2B3}.Release|x64.ActiveCfg = Release|Any CPU
		{C69082D5-F738-4521-8CD3-C5818D49E2B3}.Release|x64.Build.0 = Release|Any CPU
		{C69082D5-F738-4521-8CD3-C5818D49E2B3}.Release|x86.ActiveCfg = Release|Any CPU
		{C69082D5-F738-4521-8CD3-C5818D49E2B3}.Release|x86.Build.0 = Release|Any CPU
		{4ACD09D1-A472-42AB-8445-ECCB7D64911C}.Debug|Any CPU.ActiveCfg = Debug|Any CPU
		{4ACD09D1-A472-42AB-8445-ECCB7D64911C}.Debug|Any CPU.Build.0 = Debug|Any CPU
		{4ACD09D1-A472-42AB-8445-ECCB7D64911C}.Debug|ARM.ActiveCfg = Debug|Any CPU
		{4ACD09D1-A472-42AB-8445-ECCB7D64911C}.Debug|ARM.Build.0 = Debug|Any CPU
		{4ACD09D1-A472-42AB-8445-ECCB7D64911C}.Debug|x64.ActiveCfg = Debug|Any CPU
		{4ACD09D1-A472-42AB-8445-ECCB7D64911C}.Debug|x64.Build.0 = Debug|Any CPU
		{4ACD09D1-A472-42AB-8445-ECCB7D64911C}.Debug|x86.ActiveCfg = Debug|Any CPU
		{4ACD09D1-A472-42AB-8445-ECCB7D64911C}.Debug|x86.Build.0 = Debug|Any CPU
		{4ACD09D1-A472-42AB-8445-ECCB7D64911C}.Release|Any CPU.ActiveCfg = Release|Any CPU
		{4ACD09D1-A472-42AB-8445-ECCB7D64911C}.Release|Any CPU.Build.0 = Release|Any CPU
		{4ACD09D1-A472-42AB-8445-ECCB7D64911C}.Release|ARM.ActiveCfg = Release|Any CPU
		{4ACD09D1-A472-42AB-8445-ECCB7D64911C}.Release|ARM.Build.0 = Release|Any CPU
		{4ACD09D1-A472-42AB-8445-ECCB7D64911C}.Release|x64.ActiveCfg = Release|Any CPU
		{4ACD09D1-A472-42AB-8445-ECCB7D64911C}.Release|x64.Build.0 = Release|Any CPU
		{4ACD09D1-A472-42AB-8445-ECCB7D64911C}.Release|x86.ActiveCfg = Release|Any CPU
		{4ACD09D1-A472-42AB-8445-ECCB7D64911C}.Release|x86.Build.0 = Release|Any CPU
		{E0EF3203-11F3-419A-A729-A48AE778E313}.Debug|Any CPU.ActiveCfg = Debug|Any CPU
		{E0EF3203-11F3-419A-A729-A48AE778E313}.Debug|Any CPU.Build.0 = Debug|Any CPU
		{E0EF3203-11F3-419A-A729-A48AE778E313}.Debug|ARM.ActiveCfg = Debug|Any CPU
		{E0EF3203-11F3-419A-A729-A48AE778E313}.Debug|ARM.Build.0 = Debug|Any CPU
		{E0EF3203-11F3-419A-A729-A48AE778E313}.Debug|x64.ActiveCfg = Debug|Any CPU
		{E0EF3203-11F3-419A-A729-A48AE778E313}.Debug|x64.Build.0 = Debug|Any CPU
		{E0EF3203-11F3-419A-A729-A48AE778E313}.Debug|x86.ActiveCfg = Debug|Any CPU
		{E0EF3203-11F3-419A-A729-A48AE778E313}.Debug|x86.Build.0 = Debug|Any CPU
		{E0EF3203-11F3-419A-A729-A48AE778E313}.Release|Any CPU.ActiveCfg = Release|Any CPU
		{E0EF3203-11F3-419A-A729-A48AE778E313}.Release|Any CPU.Build.0 = Release|Any CPU
		{E0EF3203-11F3-419A-A729-A48AE778E313}.Release|ARM.ActiveCfg = Release|Any CPU
		{E0EF3203-11F3-419A-A729-A48AE778E313}.Release|ARM.Build.0 = Release|Any CPU
		{E0EF3203-11F3-419A-A729-A48AE778E313}.Release|x64.ActiveCfg = Release|Any CPU
		{E0EF3203-11F3-419A-A729-A48AE778E313}.Release|x64.Build.0 = Release|Any CPU
		{E0EF3203-11F3-419A-A729-A48AE778E313}.Release|x86.ActiveCfg = Release|Any CPU
		{E0EF3203-11F3-419A-A729-A48AE778E313}.Release|x86.Build.0 = Release|Any CPU
		{1A0ACD2C-B723-EFB4-460D-56A46152AB28}.Debug|Any CPU.ActiveCfg = Debug|Any CPU
		{1A0ACD2C-B723-EFB4-460D-56A46152AB28}.Debug|Any CPU.Build.0 = Debug|Any CPU
		{1A0ACD2C-B723-EFB4-460D-56A46152AB28}.Debug|ARM.ActiveCfg = Debug|Any CPU
		{1A0ACD2C-B723-EFB4-460D-56A46152AB28}.Debug|ARM.Build.0 = Debug|Any CPU
		{1A0ACD2C-B723-EFB4-460D-56A46152AB28}.Debug|x64.ActiveCfg = Debug|Any CPU
		{1A0ACD2C-B723-EFB4-460D-56A46152AB28}.Debug|x64.Build.0 = Debug|Any CPU
		{1A0ACD2C-B723-EFB4-460D-56A46152AB28}.Debug|x86.ActiveCfg = Debug|Any CPU
		{1A0ACD2C-B723-EFB4-460D-56A46152AB28}.Debug|x86.Build.0 = Debug|Any CPU
		{1A0ACD2C-B723-EFB4-460D-56A46152AB28}.Release|Any CPU.ActiveCfg = Release|Any CPU
		{1A0ACD2C-B723-EFB4-460D-56A46152AB28}.Release|Any CPU.Build.0 = Release|Any CPU
		{1A0ACD2C-B723-EFB4-460D-56A46152AB28}.Release|ARM.ActiveCfg = Release|Any CPU
		{1A0ACD2C-B723-EFB4-460D-56A46152AB28}.Release|ARM.Build.0 = Release|Any CPU
		{1A0ACD2C-B723-EFB4-460D-56A46152AB28}.Release|x64.ActiveCfg = Release|Any CPU
		{1A0ACD2C-B723-EFB4-460D-56A46152AB28}.Release|x64.Build.0 = Release|Any CPU
		{1A0ACD2C-B723-EFB4-460D-56A46152AB28}.Release|x86.ActiveCfg = Release|Any CPU
		{1A0ACD2C-B723-EFB4-460D-56A46152AB28}.Release|x86.Build.0 = Release|Any CPU
		{FDF7A4FE-F653-3555-A530-EC1036D3CF18}.Debug|Any CPU.ActiveCfg = Debug|Any CPU
		{FDF7A4FE-F653-3555-A530-EC1036D3CF18}.Debug|Any CPU.Build.0 = Debug|Any CPU
		{FDF7A4FE-F653-3555-A530-EC1036D3CF18}.Debug|ARM.ActiveCfg = Debug|Any CPU
		{FDF7A4FE-F653-3555-A530-EC1036D3CF18}.Debug|ARM.Build.0 = Debug|Any CPU
		{FDF7A4FE-F653-3555-A530-EC1036D3CF18}.Debug|x64.ActiveCfg = Debug|Any CPU
		{FDF7A4FE-F653-3555-A530-EC1036D3CF18}.Debug|x64.Build.0 = Debug|Any CPU
		{FDF7A4FE-F653-3555-A530-EC1036D3CF18}.Debug|x86.ActiveCfg = Debug|Any CPU
		{FDF7A4FE-F653-3555-A530-EC1036D3CF18}.Debug|x86.Build.0 = Debug|Any CPU
		{FDF7A4FE-F653-3555-A530-EC1036D3CF18}.Release|Any CPU.ActiveCfg = Release|Any CPU
		{FDF7A4FE-F653-3555-A530-EC1036D3CF18}.Release|Any CPU.Build.0 = Release|Any CPU
		{FDF7A4FE-F653-3555-A530-EC1036D3CF18}.Release|ARM.ActiveCfg = Release|Any CPU
		{FDF7A4FE-F653-3555-A530-EC1036D3CF18}.Release|ARM.Build.0 = Release|Any CPU
		{FDF7A4FE-F653-3555-A530-EC1036D3CF18}.Release|x64.ActiveCfg = Release|Any CPU
		{FDF7A4FE-F653-3555-A530-EC1036D3CF18}.Release|x64.Build.0 = Release|Any CPU
		{FDF7A4FE-F653-3555-A530-EC1036D3CF18}.Release|x86.ActiveCfg = Release|Any CPU
		{FDF7A4FE-F653-3555-A530-EC1036D3CF18}.Release|x86.Build.0 = Release|Any CPU
	EndGlobalSection
	GlobalSection(SolutionProperties) = preSolution
		HideSolutionNode = FALSE
	EndGlobalSection
	GlobalSection(NestedProjects) = preSolution
		{9DA4E091-4F30-4D55-85E7-A849CC173790} = {49F53C0E-6503-4CBD-B5ED-B83D053C6DA2}
		{09FE872C-5806-46D1-96D6-4BC91DB3FC7D} = {49F53C0E-6503-4CBD-B5ED-B83D053C6DA2}
		{2E0FCF20-E8B3-4E37-A87B-675D214D8CE5} = {49F53C0E-6503-4CBD-B5ED-B83D053C6DA2}
		{9A797F7C-8190-4B48-A067-D138BDB30681} = {49F53C0E-6503-4CBD-B5ED-B83D053C6DA2}
		{04DB236D-05CE-436C-826D-70706489730E} = {49F53C0E-6503-4CBD-B5ED-B83D053C6DA2}
		{C69082D5-F738-4521-8CD3-C5818D49E2B3} = {49F53C0E-6503-4CBD-B5ED-B83D053C6DA2}
		{4ACD09D1-A472-42AB-8445-ECCB7D64911C} = {02EA681E-C7D8-13C7-8484-4AC65E1B71E8}
		{E0EF3203-11F3-419A-A729-A48AE778E313} = {02EA681E-C7D8-13C7-8484-4AC65E1B71E8}
		{1A0ACD2C-B723-EFB4-460D-56A46152AB28} = {7E57DA6C-640A-4DE0-8395-BA46710F8CC4}
		{FDF7A4FE-F653-3555-A530-EC1036D3CF18} = {02EA681E-C7D8-13C7-8484-4AC65E1B71E8}
	EndGlobalSection
	GlobalSection(ExtensibilityGlobals) = postSolution
		SolutionGuid = {7FD07ECB-B4B5-4D65-8E03-10F0C97C77A9}
	EndGlobalSection
EndGlobal
