
Microsoft Visual Studio Solution File, Format Version 12.00
# Visual Studio Version 17
VisualStudioVersion = 17.7.34031.279
MinimumVisualStudioVersion = 10.0.40219.1
Project("{2150E333-8FDC-42A3-9474-1A3956D46DE8}") = "03.Logging", "03.Logging", "{111C5FE2-5E61-4872-AAD6-99E27649C0D0}"
EndProject
Project("{2150E333-8FDC-42A3-9474-1A3956D46DE8}") = "04.Html", "04.Html", "{281E09C5-F4E3-4862-BB57-17A95CD97F35}"
EndProject
Project("{2150E333-8FDC-42A3-9474-1A3956D46DE8}") = "02.Cache", "02.Cache", "{DF20284E-4E23-40F4-B385-0796363FADFA}"
EndProject
Project("{2150E333-8FDC-42A3-9474-1A3956D46DE8}") = "01.Core", "01.Core", "{8C3E2A08-6FB2-4265-B537-A5508A4EC026}"
EndProject
Project("{2150E333-8FDC-42A3-9474-1A3956D46DE8}") = "00.Samples", "00.Samples", "{1BA9DB0A-8961-4AA1-BB81-F8C2820FCB52}"
EndProject
Project("{9A19103F-16F7-4668-BE54-9A1E7A4F7556}") = "Krosoft.Extensions.Core", "src\Krosoft.Extensions.Core\Krosoft.Extensions.Core.csproj", "{699F4FC0-08C9-4ADA-AFFA-E25889557747}"
EndProject
Project("{9A19103F-16F7-4668-BE54-9A1E7A4F7556}") = "Krosoft.Extensions.Cache.Abstractions", "src\Krosoft.Extensions.Cache.Abstractions\Krosoft.Extensions.Cache.Abstractions.csproj", "{BC5EB9D0-2F64-4FC5-82EC-365312224715}"
EndProject
Project("{9A19103F-16F7-4668-BE54-9A1E7A4F7556}") = "Krosoft.Extensions.Cache.Memory", "src\Krosoft.Extensions.Cache.Memory\Krosoft.Extensions.Cache.Memory.csproj", "{83D48A16-1973-44B5-9133-5159BFA48999}"
EndProject
Project("{9A19103F-16F7-4668-BE54-9A1E7A4F7556}") = "Krosoft.Extensions.Cache.Memory.Tests", "src\Krosoft.Extensions.Cache.Memory.Tests\Krosoft.Extensions.Cache.Memory.Tests.csproj", "{FC553376-A24E-4B78-9CAB-B3CBA46D67ED}"
EndProject
Project("{9A19103F-16F7-4668-BE54-9A1E7A4F7556}") = "Krosoft.Extensions.Html", "src\Krosoft.Extensions.HTML\Krosoft.Extensions.Html.csproj", "{DCC28DD9-074F-44F4-AFCF-CF7B28E85065}"
EndProject
Project("{9A19103F-16F7-4668-BE54-9A1E7A4F7556}") = "Krosoft.Extensions.Html.Tests", "src\Krosoft.Extensions.HTML.Tests\Krosoft.Extensions.Html.Tests.csproj", "{4961C4B2-2DEC-4511-98D9-DEA72C3925A8}"
EndProject
Project("{9A19103F-16F7-4668-BE54-9A1E7A4F7556}") = "Krosoft.Extensions.Logging.Abstractions", "src\Krosoft.Extensions.Logging.Abstractions\Krosoft.Extensions.Logging.Abstractions.csproj", "{F571E542-7414-414F-A45F-52BCB7C5A64F}"
EndProject
Project("{9A19103F-16F7-4668-BE54-9A1E7A4F7556}") = "Krosoft.Extensions.Zip.Tests", "src\Krosoft.Extensions.Zip.Tests\Krosoft.Extensions.Zip.Tests.csproj", "{B3DF1BFC-D78C-468A-B44B-9EF8415BE13A}"
EndProject
Project("{9A19103F-16F7-4668-BE54-9A1E7A4F7556}") = "Krosoft.Extensions.Zip", "Krosoft.Extensions.Zip\Krosoft.Extensions.Zip.csproj", "{9D44553A-BBA9-48CB-B373-373D656FE6A8}"
EndProject
Project("{9A19103F-16F7-4668-BE54-9A1E7A4F7556}") = "Krosoft.Extensions.Serialization", "Krosoft.Extensions.Serialization\Krosoft.Extensions.Serialization.csproj", "{8291A867-D738-4423-B139-5B45FDEE0986}"
EndProject
Project("{9A19103F-16F7-4668-BE54-9A1E7A4F7556}") = "Krosoft.Extensions.Testing", "src\Krosoft.Extensions.Testing\Krosoft.Extensions.Testing.csproj", "{BFDB02D3-C59E-4EEF-B4D0-E1B29C95420E}"
EndProject
Project("{9A19103F-16F7-4668-BE54-9A1E7A4F7556}") = "Krosoft.Extensions.Messaging.Redis.Tests", "Krosoft.Extensions.Messaging.Redis.Tests\Krosoft.Extensions.Messaging.Redis.Tests.csproj", "{7A62EC30-C743-4EDA-9138-C2BDF7983281}"
EndProject
Project("{9A19103F-16F7-4668-BE54-9A1E7A4F7556}") = "Krosoft.Extensions.Messaging.Abstractions", "Krosoft.Extensions.Messaging.Abstractions\Krosoft.Extensions.Messaging.Abstractions.csproj", "{7347F876-949F-41C5-A3CF-173899F507FE}"
EndProject
Project("{2150E333-8FDC-42A3-9474-1A3956D46DE8}") = "05.Messaging", "05.Messaging", "{FF6FB95B-003D-43FA-89C7-4509D0A4D164}"
EndProject
Project("{2150E333-8FDC-42A3-9474-1A3956D46DE8}") = "06.Serialization", "06.Serialization", "{846E6465-6F87-45C0-91F2-7658F7D697EC}"
EndProject
Project("{2150E333-8FDC-42A3-9474-1A3956D46DE8}") = "07.Zip", "07.Zip", "{7B7BE430-A113-402B-8D18-D9C82A566878}"
EndProject
Project("{2150E333-8FDC-42A3-9474-1A3956D46DE8}") = "08.Testing", "08.Testing", "{BFBCA122-F9F1-4A26-BD18-DFBA1A0E69D5}"
EndProject
Project("{2150E333-8FDC-42A3-9474-1A3956D46DE8}") = "09.Data", "09.Data", "{F58F017A-4169-45F5-B12B-34F23A2B283F}"
EndProject
Project("{9A19103F-16F7-4668-BE54-9A1E7A4F7556}") = "Krosoft.Extensions.Data.EntityFramework", "Krosoft.Extensions.Data.EntityFramework\Krosoft.Extensions.Data.EntityFramework.csproj", "{5F3A99A2-27A4-48F9-B733-E0A21C300402}"
EndProject
Project("{9A19103F-16F7-4668-BE54-9A1E7A4F7556}") = "Krosoft.Extensions.Http", "Krosoft.Extensions.Http\Krosoft.Extensions.Http.csproj", "{4B641442-31AA-41B8-9F45-C06DD7B803F2}"
EndProject
Project("{9A19103F-16F7-4668-BE54-9A1E7A4F7556}") = "Krosoft.Extensions.Ftp", "Krosoft.Extensions.Ftp\Krosoft.Extensions.Ftp.csproj", "{763B31EA-919E-4A0A-B65A-9CD3B01BE8BB}"
EndProject
Project("{9A19103F-16F7-4668-BE54-9A1E7A4F7556}") = "Krosoft.Extensions.Smtp", "Krosoft.Extensions.Smtp\Krosoft.Extensions.Smtp.csproj", "{502E5623-92C1-4F71-A35B-48F9B030B90D}"
EndProject
Project("{2150E333-8FDC-42A3-9474-1A3956D46DE8}") = "10.Network", "10.Network", "{428279BF-F5F8-4194-8DE2-FCEA4AFEBC2F}"
EndProject
Project("{2150E333-8FDC-42A3-9474-1A3956D46DE8}") = "11.Pipelines", "11.Pipelines", "{CFD1ACDD-5ECD-403B-9663-CBDEBE9F2D10}"
EndProject
Project("{2150E333-8FDC-42A3-9474-1A3956D46DE8}") = "12.MediatR", "12.MediatR", "{2909F17E-A226-4B2E-8E22-E1B0E6CA7458}"
EndProject
Project("{9A19103F-16F7-4668-BE54-9A1E7A4F7556}") = "Krosoft.Extensions.AutoMapper", "Krosoft.Extensions.AutoMapper\Krosoft.Extensions.AutoMapper.csproj", "{45501672-DF5B-4C49-8E20-D8580194C54B}"
EndProject
Project("{2150E333-8FDC-42A3-9474-1A3956D46DE8}") = "13.AutoMapper", "13.AutoMapper", "{7FA8EB75-A78D-47B1-A58D-87742E55195A}"
EndProject
Project("{9A19103F-16F7-4668-BE54-9A1E7A4F7556}") = "Krosoft.Extensions.Security", "Krosoft.Extensions.Security\Krosoft.Extensions.Security.csproj", "{2793A547-076A-4F6B-A505-2D1B7F82F483}"
EndProject
Project("{9A19103F-16F7-4668-BE54-9A1E7A4F7556}") = "Krosoft.Extensions.MediatR", "Krosoft.Extensions.Mediator\Krosoft.Extensions.MediatR.csproj", "{1F9DB2A4-F970-4F0F-995E-61F82080AFDF}"
EndProject
Project("{2150E333-8FDC-42A3-9474-1A3956D46DE8}") = "14.Security", "14.Security", "{D70C9A34-F73A-4D21-8AE4-B5E20AA6DE2B}"
EndProject
Project("{9A19103F-16F7-4668-BE54-9A1E7A4F7556}") = "Krosoft.Extensions.MediatR.Security", "Krosoft.Extensions.MediatR.Security\Krosoft.Extensions.MediatR.Security.csproj", "{F5E322F8-8362-4BC9-87A5-9DAE5BF61795}"
EndProject
Project("{9A19103F-16F7-4668-BE54-9A1E7A4F7556}") = "Krosoft.Extensions.MediatR.Validators", "Krosoft.Extensions.MediatR.Validators\Krosoft.Extensions.MediatR.Validators.csproj", "{9AE0F276-76C1-4E34-8803-3DBB56C7F84B}"
EndProject
Project("{2150E333-8FDC-42A3-9474-1A3956D46DE8}") = "15.AspNetCore", "15.AspNetCore", "{7BE00247-8DD1-4C06-B17B-1B3D9A25AA57}"
EndProject
Project("{9A19103F-16F7-4668-BE54-9A1E7A4F7556}") = "Krosoft.Extensions.AspNetCore", "Krosoft.Extensions.AspNetCore\Krosoft.Extensions.AspNetCore.csproj", "{A1927AB2-116B-4AD4-B3FE-8811EDAFDE96}"
EndProject
Project("{9A19103F-16F7-4668-BE54-9A1E7A4F7556}") = "Krosoft.Extensions.AspNetCore.MediatR", "Krosoft.Extensions.AspNetCore.MediatR\Krosoft.Extensions.AspNetCore.MediatR.csproj", "{7E837B61-69DD-4437-B879-73729038D97D}"
EndProject
Project("{9A19103F-16F7-4668-BE54-9A1E7A4F7556}") = "Krosoft.Extensions.AspNetCore.Business", "Krosoft.Extensions.AspNetCore.Business\Krosoft.Extensions.AspNetCore.Business.csproj", "{8B2A6B07-07F5-4B53-A95E-009E7DB5CA58}"
EndProject
Project("{9A19103F-16F7-4668-BE54-9A1E7A4F7556}") = "Krosoft.Extensions.Messaging.Redis", "Krosoft.Extensions.Messaging.Redis\Krosoft.Extensions.Messaging.Redis.csproj", "{5777A523-3D23-4C5A-8981-AD3AE0FF9580}"
EndProject
Project("{9A19103F-16F7-4668-BE54-9A1E7A4F7556}") = "Krosoft.Extensions.Data.Abstractions", "Krosoft.Extensions.Data.Abstractions\Krosoft.Extensions.Data.Abstractions.csproj", "{13AC58A6-BC02-4275-AF94-B09A72A7E79A}"
EndProject
Project("{9A19103F-16F7-4668-BE54-9A1E7A4F7556}") = "Krosoft.Extensions.Network", "Krosoft.Extensions.Network\Krosoft.Extensions.Network.csproj", "{3E3DCAF4-6A69-43A0-8C26-EC375B567167}"
EndProject
Project("{9A19103F-16F7-4668-BE54-9A1E7A4F7556}") = "Krosoft.Extensions.Network.Tests", "Krosoft.Extensions.Network.Tests\Krosoft.Extensions.Network.Tests.csproj", "{FC5EC3F0-99B6-47CE-B95A-35870396038C}"
EndProject
Project("{9A19103F-16F7-4668-BE54-9A1E7A4F7556}") = "Krosoft.Extensions.Pipelines", "Krosoft.Extensions.Pipelines\Krosoft.Extensions.Pipelines.csproj", "{131CBD55-7A61-479E-9AC4-9C69C7B79146}"
EndProject
Project("{9A19103F-16F7-4668-BE54-9A1E7A4F7556}") = "Krosoft.Extensions.Pipelines.Sample.ConsoleApp", "Krosoft.Extensions.Pipelines.Sample.ConsoleApp\Krosoft.Extensions.Pipelines.Sample.ConsoleApp.csproj", "{6A20E68D-2FBC-4096-B469-61E35C17B545}"
EndProject
Project("{9A19103F-16F7-4668-BE54-9A1E7A4F7556}") = "Krosoft.Extensions.Ftp.Tests", "Krosoft.Extensions.Ftp.Tests\Krosoft.Extensions.Ftp.Tests.csproj", "{73F7924B-B64A-46A4-84E8-D3CA12AA5094}"
EndProject
Project("{9A19103F-16F7-4668-BE54-9A1E7A4F7556}") = "Krosoft.Extensions.Http.Tests", "Krosoft.Extensions.Http.Tests\Krosoft.Extensions.Http.Tests.csproj", "{8374DB77-A878-4559-B39D-303944214BDE}"
EndProject
Project("{9A19103F-16F7-4668-BE54-9A1E7A4F7556}") = "Krosoft.Extensions.Smtp.Tests", "Krosoft.Extensions.Smtp.Tests\Krosoft.Extensions.Smtp.Tests.csproj", "{39848236-1330-4D3E-90FB-559E99C1C39E}"
EndProject
Project("{9A19103F-16F7-4668-BE54-9A1E7A4F7556}") = "Krosoft.Extensions.Pipelines.Tests", "Krosoft.Extensions.Pipelines.Tests\Krosoft.Extensions.Pipelines.Tests.csproj", "{24A4AC64-E678-4F2E-A41E-4B09FBC70166}"
EndProject
Project("{9A19103F-16F7-4668-BE54-9A1E7A4F7556}") = "Krosoft.Extensions.Serialization.Tests", "Krosoft.Extensions.Serialization.Tests\Krosoft.Extensions.Serialization.Tests.csproj", "{884A055E-8891-477F-96A1-C6C2AD3CC9FB}"
EndProject
Project("{9A19103F-16F7-4668-BE54-9A1E7A4F7556}") = "Krosoft.Extensions.Data.EntityFramework.Tests", "Krosoft.Extensions.Data.EntityFramework.Tests\Krosoft.Extensions.Data.EntityFramework.Tests.csproj", "{4F66B3B7-B1FA-45FF-A7BC-3CE54E47A945}"
EndProject
Project("{9A19103F-16F7-4668-BE54-9A1E7A4F7556}") = "Krosoft.Extensions.Core.Cqrs", "src\Krosoft.Extensions.Core.Cqrs\Krosoft.Extensions.Core.Cqrs.csproj", "{B4EDA1C2-3177-4ED4-8CF5-58015984E42E}"
EndProject
Project("{9A19103F-16F7-4668-BE54-9A1E7A4F7556}") = "Krosoft.Extensions.Samples.Library", "samples\Krosoft.Extensions.Samples.Library\Krosoft.Extensions.Samples.Library.csproj", "{BB91CCD2-81AE-4996-AC88-D14E20D151BA}"
EndProject
Project("{2150E333-8FDC-42A3-9474-1A3956D46DE8}") = "Éléments de solution", "Éléments de solution", "{F3FA9F67-63BE-4314-98AB-A4F62C133DB2}"
	ProjectSection(SolutionItems) = preProject
		Common.target = Common.target
		Nuget.target = Nuget.target
		Test.target = Test.target
	EndProjectSection
EndProject
Project("{9A19103F-16F7-4668-BE54-9A1E7A4F7556}") = "Krosoft.Extensions.Testing.Tests", "tests\Krosoft.Extensions.Testing.Tests\Krosoft.Extensions.Testing.Tests.csproj", "{BE6AF83E-BCF2-4EEB-A409-9F2E94F88780}"
EndProject
Project("{9A19103F-16F7-4668-BE54-9A1E7A4F7556}") = "Krosoft.Extensions.Core.Tests", "tests\Krosoft.Extensions.Core.Tests\Krosoft.Extensions.Core.Tests.csproj", "{C8DDBDD4-E7CD-4DA5-914B-1C8B8F25DFD5}"
EndProject
Project("{2150E333-8FDC-42A3-9474-1A3956D46DE8}") = "05.Identity", "05.Identity", "{3BD47F09-23D3-460F-A082-D10E3302BA9F}"
EndProject
Project("{9A19103F-16F7-4668-BE54-9A1E7A4F7556}") = "Krosoft.Extensions.Identity.Abstractions", "src\Krosoft.Extensions.Identity.Abstractions\Krosoft.Extensions.Identity.Abstractions.csproj", "{A8519B78-E63F-47C3-9B1F-1199AB629BCE}"
EndProject
Global
	GlobalSection(SolutionConfigurationPlatforms) = preSolution
		Debug|Any CPU = Debug|Any CPU
		Debug|ARM = Debug|ARM
		Debug|x64 = Debug|x64
		Debug|x86 = Debug|x86
		Release|Any CPU = Release|Any CPU
		Release|ARM = Release|ARM
		Release|x64 = Release|x64
		Release|x86 = Release|x86
	EndGlobalSection
	GlobalSection(ProjectConfigurationPlatforms) = postSolution
		{699F4FC0-08C9-4ADA-AFFA-E25889557747}.Debug|Any CPU.ActiveCfg = Debug|Any CPU
		{699F4FC0-08C9-4ADA-AFFA-E25889557747}.Debug|Any CPU.Build.0 = Debug|Any CPU
		{699F4FC0-08C9-4ADA-AFFA-E25889557747}.Debug|ARM.ActiveCfg = Debug|Any CPU
		{699F4FC0-08C9-4ADA-AFFA-E25889557747}.Debug|ARM.Build.0 = Debug|Any CPU
		{699F4FC0-08C9-4ADA-AFFA-E25889557747}.Debug|x64.ActiveCfg = Debug|Any CPU
		{699F4FC0-08C9-4ADA-AFFA-E25889557747}.Debug|x64.Build.0 = Debug|Any CPU
		{699F4FC0-08C9-4ADA-AFFA-E25889557747}.Debug|x86.ActiveCfg = Debug|Any CPU
		{699F4FC0-08C9-4ADA-AFFA-E25889557747}.Debug|x86.Build.0 = Debug|Any CPU
		{699F4FC0-08C9-4ADA-AFFA-E25889557747}.Release|Any CPU.ActiveCfg = Release|Any CPU
		{699F4FC0-08C9-4ADA-AFFA-E25889557747}.Release|Any CPU.Build.0 = Release|Any CPU
		{699F4FC0-08C9-4ADA-AFFA-E25889557747}.Release|ARM.ActiveCfg = Release|Any CPU
		{699F4FC0-08C9-4ADA-AFFA-E25889557747}.Release|ARM.Build.0 = Release|Any CPU
		{699F4FC0-08C9-4ADA-AFFA-E25889557747}.Release|x64.ActiveCfg = Release|Any CPU
		{699F4FC0-08C9-4ADA-AFFA-E25889557747}.Release|x64.Build.0 = Release|Any CPU
		{699F4FC0-08C9-4ADA-AFFA-E25889557747}.Release|x86.ActiveCfg = Release|Any CPU
		{699F4FC0-08C9-4ADA-AFFA-E25889557747}.Release|x86.Build.0 = Release|Any CPU
		{BC5EB9D0-2F64-4FC5-82EC-365312224715}.Debug|Any CPU.ActiveCfg = Debug|Any CPU
		{BC5EB9D0-2F64-4FC5-82EC-365312224715}.Debug|Any CPU.Build.0 = Debug|Any CPU
		{BC5EB9D0-2F64-4FC5-82EC-365312224715}.Debug|ARM.ActiveCfg = Debug|Any CPU
		{BC5EB9D0-2F64-4FC5-82EC-365312224715}.Debug|ARM.Build.0 = Debug|Any CPU
		{BC5EB9D0-2F64-4FC5-82EC-365312224715}.Debug|x64.ActiveCfg = Debug|Any CPU
		{BC5EB9D0-2F64-4FC5-82EC-365312224715}.Debug|x64.Build.0 = Debug|Any CPU
		{BC5EB9D0-2F64-4FC5-82EC-365312224715}.Debug|x86.ActiveCfg = Debug|Any CPU
		{BC5EB9D0-2F64-4FC5-82EC-365312224715}.Debug|x86.Build.0 = Debug|Any CPU
		{BC5EB9D0-2F64-4FC5-82EC-365312224715}.Release|Any CPU.ActiveCfg = Release|Any CPU
		{BC5EB9D0-2F64-4FC5-82EC-365312224715}.Release|Any CPU.Build.0 = Release|Any CPU
		{BC5EB9D0-2F64-4FC5-82EC-365312224715}.Release|ARM.ActiveCfg = Release|Any CPU
		{BC5EB9D0-2F64-4FC5-82EC-365312224715}.Release|ARM.Build.0 = Release|Any CPU
		{BC5EB9D0-2F64-4FC5-82EC-365312224715}.Release|x64.ActiveCfg = Release|Any CPU
		{BC5EB9D0-2F64-4FC5-82EC-365312224715}.Release|x64.Build.0 = Release|Any CPU
		{BC5EB9D0-2F64-4FC5-82EC-365312224715}.Release|x86.ActiveCfg = Release|Any CPU
		{BC5EB9D0-2F64-4FC5-82EC-365312224715}.Release|x86.Build.0 = Release|Any CPU
		{83D48A16-1973-44B5-9133-5159BFA48999}.Debug|Any CPU.ActiveCfg = Debug|Any CPU
		{83D48A16-1973-44B5-9133-5159BFA48999}.Debug|Any CPU.Build.0 = Debug|Any CPU
		{83D48A16-1973-44B5-9133-5159BFA48999}.Debug|ARM.ActiveCfg = Debug|Any CPU
		{83D48A16-1973-44B5-9133-5159BFA48999}.Debug|ARM.Build.0 = Debug|Any CPU
		{83D48A16-1973-44B5-9133-5159BFA48999}.Debug|x64.ActiveCfg = Debug|Any CPU
		{83D48A16-1973-44B5-9133-5159BFA48999}.Debug|x64.Build.0 = Debug|Any CPU
		{83D48A16-1973-44B5-9133-5159BFA48999}.Debug|x86.ActiveCfg = Debug|Any CPU
		{83D48A16-1973-44B5-9133-5159BFA48999}.Debug|x86.Build.0 = Debug|Any CPU
		{83D48A16-1973-44B5-9133-5159BFA48999}.Release|Any CPU.ActiveCfg = Release|Any CPU
		{83D48A16-1973-44B5-9133-5159BFA48999}.Release|Any CPU.Build.0 = Release|Any CPU
		{83D48A16-1973-44B5-9133-5159BFA48999}.Release|ARM.ActiveCfg = Release|Any CPU
		{83D48A16-1973-44B5-9133-5159BFA48999}.Release|ARM.Build.0 = Release|Any CPU
		{83D48A16-1973-44B5-9133-5159BFA48999}.Release|x64.ActiveCfg = Release|Any CPU
		{83D48A16-1973-44B5-9133-5159BFA48999}.Release|x64.Build.0 = Release|Any CPU
		{83D48A16-1973-44B5-9133-5159BFA48999}.Release|x86.ActiveCfg = Release|Any CPU
		{83D48A16-1973-44B5-9133-5159BFA48999}.Release|x86.Build.0 = Release|Any CPU
		{FC553376-A24E-4B78-9CAB-B3CBA46D67ED}.Debug|Any CPU.ActiveCfg = Debug|Any CPU
		{FC553376-A24E-4B78-9CAB-B3CBA46D67ED}.Debug|Any CPU.Build.0 = Debug|Any CPU
		{FC553376-A24E-4B78-9CAB-B3CBA46D67ED}.Debug|ARM.ActiveCfg = Debug|Any CPU
		{FC553376-A24E-4B78-9CAB-B3CBA46D67ED}.Debug|ARM.Build.0 = Debug|Any CPU
		{FC553376-A24E-4B78-9CAB-B3CBA46D67ED}.Debug|x64.ActiveCfg = Debug|Any CPU
		{FC553376-A24E-4B78-9CAB-B3CBA46D67ED}.Debug|x64.Build.0 = Debug|Any CPU
		{FC553376-A24E-4B78-9CAB-B3CBA46D67ED}.Debug|x86.ActiveCfg = Debug|Any CPU
		{FC553376-A24E-4B78-9CAB-B3CBA46D67ED}.Debug|x86.Build.0 = Debug|Any CPU
		{FC553376-A24E-4B78-9CAB-B3CBA46D67ED}.Release|Any CPU.ActiveCfg = Release|Any CPU
		{FC553376-A24E-4B78-9CAB-B3CBA46D67ED}.Release|Any CPU.Build.0 = Release|Any CPU
		{FC553376-A24E-4B78-9CAB-B3CBA46D67ED}.Release|ARM.ActiveCfg = Release|Any CPU
		{FC553376-A24E-4B78-9CAB-B3CBA46D67ED}.Release|ARM.Build.0 = Release|Any CPU
		{FC553376-A24E-4B78-9CAB-B3CBA46D67ED}.Release|x64.ActiveCfg = Release|Any CPU
		{FC553376-A24E-4B78-9CAB-B3CBA46D67ED}.Release|x64.Build.0 = Release|Any CPU
		{FC553376-A24E-4B78-9CAB-B3CBA46D67ED}.Release|x86.ActiveCfg = Release|Any CPU
		{FC553376-A24E-4B78-9CAB-B3CBA46D67ED}.Release|x86.Build.0 = Release|Any CPU
		{DCC28DD9-074F-44F4-AFCF-CF7B28E85065}.Debug|Any CPU.ActiveCfg = Debug|Any CPU
		{DCC28DD9-074F-44F4-AFCF-CF7B28E85065}.Debug|Any CPU.Build.0 = Debug|Any CPU
		{DCC28DD9-074F-44F4-AFCF-CF7B28E85065}.Debug|ARM.ActiveCfg = Debug|Any CPU
		{DCC28DD9-074F-44F4-AFCF-CF7B28E85065}.Debug|ARM.Build.0 = Debug|Any CPU
		{DCC28DD9-074F-44F4-AFCF-CF7B28E85065}.Debug|x64.ActiveCfg = Debug|Any CPU
		{DCC28DD9-074F-44F4-AFCF-CF7B28E85065}.Debug|x64.Build.0 = Debug|Any CPU
		{DCC28DD9-074F-44F4-AFCF-CF7B28E85065}.Debug|x86.ActiveCfg = Debug|Any CPU
		{DCC28DD9-074F-44F4-AFCF-CF7B28E85065}.Debug|x86.Build.0 = Debug|Any CPU
		{DCC28DD9-074F-44F4-AFCF-CF7B28E85065}.Release|Any CPU.ActiveCfg = Release|Any CPU
		{DCC28DD9-074F-44F4-AFCF-CF7B28E85065}.Release|Any CPU.Build.0 = Release|Any CPU
		{DCC28DD9-074F-44F4-AFCF-CF7B28E85065}.Release|ARM.ActiveCfg = Release|Any CPU
		{DCC28DD9-074F-44F4-AFCF-CF7B28E85065}.Release|ARM.Build.0 = Release|Any CPU
		{DCC28DD9-074F-44F4-AFCF-CF7B28E85065}.Release|x64.ActiveCfg = Release|Any CPU
		{DCC28DD9-074F-44F4-AFCF-CF7B28E85065}.Release|x64.Build.0 = Release|Any CPU
		{DCC28DD9-074F-44F4-AFCF-CF7B28E85065}.Release|x86.ActiveCfg = Release|Any CPU
		{DCC28DD9-074F-44F4-AFCF-CF7B28E85065}.Release|x86.Build.0 = Release|Any CPU
		{4961C4B2-2DEC-4511-98D9-DEA72C3925A8}.Debug|Any CPU.ActiveCfg = Debug|Any CPU
		{4961C4B2-2DEC-4511-98D9-DEA72C3925A8}.Debug|Any CPU.Build.0 = Debug|Any CPU
		{4961C4B2-2DEC-4511-98D9-DEA72C3925A8}.Debug|ARM.ActiveCfg = Debug|Any CPU
		{4961C4B2-2DEC-4511-98D9-DEA72C3925A8}.Debug|ARM.Build.0 = Debug|Any CPU
		{4961C4B2-2DEC-4511-98D9-DEA72C3925A8}.Debug|x64.ActiveCfg = Debug|Any CPU
		{4961C4B2-2DEC-4511-98D9-DEA72C3925A8}.Debug|x64.Build.0 = Debug|Any CPU
		{4961C4B2-2DEC-4511-98D9-DEA72C3925A8}.Debug|x86.ActiveCfg = Debug|Any CPU
		{4961C4B2-2DEC-4511-98D9-DEA72C3925A8}.Debug|x86.Build.0 = Debug|Any CPU
		{4961C4B2-2DEC-4511-98D9-DEA72C3925A8}.Release|Any CPU.ActiveCfg = Release|Any CPU
		{4961C4B2-2DEC-4511-98D9-DEA72C3925A8}.Release|Any CPU.Build.0 = Release|Any CPU
		{4961C4B2-2DEC-4511-98D9-DEA72C3925A8}.Release|ARM.ActiveCfg = Release|Any CPU
		{4961C4B2-2DEC-4511-98D9-DEA72C3925A8}.Release|ARM.Build.0 = Release|Any CPU
		{4961C4B2-2DEC-4511-98D9-DEA72C3925A8}.Release|x64.ActiveCfg = Release|Any CPU
		{4961C4B2-2DEC-4511-98D9-DEA72C3925A8}.Release|x64.Build.0 = Release|Any CPU
		{4961C4B2-2DEC-4511-98D9-DEA72C3925A8}.Release|x86.ActiveCfg = Release|Any CPU
		{4961C4B2-2DEC-4511-98D9-DEA72C3925A8}.Release|x86.Build.0 = Release|Any CPU
		{F571E542-7414-414F-A45F-52BCB7C5A64F}.Debug|Any CPU.ActiveCfg = Debug|Any CPU
		{F571E542-7414-414F-A45F-52BCB7C5A64F}.Debug|Any CPU.Build.0 = Debug|Any CPU
		{F571E542-7414-414F-A45F-52BCB7C5A64F}.Debug|ARM.ActiveCfg = Debug|Any CPU
		{F571E542-7414-414F-A45F-52BCB7C5A64F}.Debug|ARM.Build.0 = Debug|Any CPU
		{F571E542-7414-414F-A45F-52BCB7C5A64F}.Debug|x64.ActiveCfg = Debug|Any CPU
		{F571E542-7414-414F-A45F-52BCB7C5A64F}.Debug|x64.Build.0 = Debug|Any CPU
		{F571E542-7414-414F-A45F-52BCB7C5A64F}.Debug|x86.ActiveCfg = Debug|Any CPU
		{F571E542-7414-414F-A45F-52BCB7C5A64F}.Debug|x86.Build.0 = Debug|Any CPU
		{F571E542-7414-414F-A45F-52BCB7C5A64F}.Release|Any CPU.ActiveCfg = Release|Any CPU
		{F571E542-7414-414F-A45F-52BCB7C5A64F}.Release|Any CPU.Build.0 = Release|Any CPU
		{F571E542-7414-414F-A45F-52BCB7C5A64F}.Release|ARM.ActiveCfg = Release|Any CPU
		{F571E542-7414-414F-A45F-52BCB7C5A64F}.Release|ARM.Build.0 = Release|Any CPU
		{F571E542-7414-414F-A45F-52BCB7C5A64F}.Release|x64.ActiveCfg = Release|Any CPU
		{F571E542-7414-414F-A45F-52BCB7C5A64F}.Release|x64.Build.0 = Release|Any CPU
		{F571E542-7414-414F-A45F-52BCB7C5A64F}.Release|x86.ActiveCfg = Release|Any CPU
		{F571E542-7414-414F-A45F-52BCB7C5A64F}.Release|x86.Build.0 = Release|Any CPU
		{B3DF1BFC-D78C-468A-B44B-9EF8415BE13A}.Debug|Any CPU.ActiveCfg = Debug|Any CPU
		{B3DF1BFC-D78C-468A-B44B-9EF8415BE13A}.Debug|Any CPU.Build.0 = Debug|Any CPU
		{B3DF1BFC-D78C-468A-B44B-9EF8415BE13A}.Debug|ARM.ActiveCfg = Debug|Any CPU
		{B3DF1BFC-D78C-468A-B44B-9EF8415BE13A}.Debug|ARM.Build.0 = Debug|Any CPU
		{B3DF1BFC-D78C-468A-B44B-9EF8415BE13A}.Debug|x64.ActiveCfg = Debug|Any CPU
		{B3DF1BFC-D78C-468A-B44B-9EF8415BE13A}.Debug|x64.Build.0 = Debug|Any CPU
		{B3DF1BFC-D78C-468A-B44B-9EF8415BE13A}.Debug|x86.ActiveCfg = Debug|Any CPU
		{B3DF1BFC-D78C-468A-B44B-9EF8415BE13A}.Debug|x86.Build.0 = Debug|Any CPU
		{B3DF1BFC-D78C-468A-B44B-9EF8415BE13A}.Release|Any CPU.ActiveCfg = Release|Any CPU
		{B3DF1BFC-D78C-468A-B44B-9EF8415BE13A}.Release|Any CPU.Build.0 = Release|Any CPU
		{B3DF1BFC-D78C-468A-B44B-9EF8415BE13A}.Release|ARM.ActiveCfg = Release|Any CPU
		{B3DF1BFC-D78C-468A-B44B-9EF8415BE13A}.Release|ARM.Build.0 = Release|Any CPU
		{B3DF1BFC-D78C-468A-B44B-9EF8415BE13A}.Release|x64.ActiveCfg = Release|Any CPU
		{B3DF1BFC-D78C-468A-B44B-9EF8415BE13A}.Release|x64.Build.0 = Release|Any CPU
		{B3DF1BFC-D78C-468A-B44B-9EF8415BE13A}.Release|x86.ActiveCfg = Release|Any CPU
		{B3DF1BFC-D78C-468A-B44B-9EF8415BE13A}.Release|x86.Build.0 = Release|Any CPU
		{9D44553A-BBA9-48CB-B373-373D656FE6A8}.Debug|Any CPU.ActiveCfg = Debug|Any CPU
		{9D44553A-BBA9-48CB-B373-373D656FE6A8}.Debug|Any CPU.Build.0 = Debug|Any CPU
		{9D44553A-BBA9-48CB-B373-373D656FE6A8}.Debug|ARM.ActiveCfg = Debug|Any CPU
		{9D44553A-BBA9-48CB-B373-373D656FE6A8}.Debug|ARM.Build.0 = Debug|Any CPU
		{9D44553A-BBA9-48CB-B373-373D656FE6A8}.Debug|x64.ActiveCfg = Debug|Any CPU
		{9D44553A-BBA9-48CB-B373-373D656FE6A8}.Debug|x64.Build.0 = Debug|Any CPU
		{9D44553A-BBA9-48CB-B373-373D656FE6A8}.Debug|x86.ActiveCfg = Debug|Any CPU
		{9D44553A-BBA9-48CB-B373-373D656FE6A8}.Debug|x86.Build.0 = Debug|Any CPU
		{9D44553A-BBA9-48CB-B373-373D656FE6A8}.Release|Any CPU.ActiveCfg = Release|Any CPU
		{9D44553A-BBA9-48CB-B373-373D656FE6A8}.Release|Any CPU.Build.0 = Release|Any CPU
		{9D44553A-BBA9-48CB-B373-373D656FE6A8}.Release|ARM.ActiveCfg = Release|Any CPU
		{9D44553A-BBA9-48CB-B373-373D656FE6A8}.Release|ARM.Build.0 = Release|Any CPU
		{9D44553A-BBA9-48CB-B373-373D656FE6A8}.Release|x64.ActiveCfg = Release|Any CPU
		{9D44553A-BBA9-48CB-B373-373D656FE6A8}.Release|x64.Build.0 = Release|Any CPU
		{9D44553A-BBA9-48CB-B373-373D656FE6A8}.Release|x86.ActiveCfg = Release|Any CPU
		{9D44553A-BBA9-48CB-B373-373D656FE6A8}.Release|x86.Build.0 = Release|Any CPU
		{8291A867-D738-4423-B139-5B45FDEE0986}.Debug|Any CPU.ActiveCfg = Debug|Any CPU
		{8291A867-D738-4423-B139-5B45FDEE0986}.Debug|Any CPU.Build.0 = Debug|Any CPU
		{8291A867-D738-4423-B139-5B45FDEE0986}.Debug|ARM.ActiveCfg = Debug|Any CPU
		{8291A867-D738-4423-B139-5B45FDEE0986}.Debug|ARM.Build.0 = Debug|Any CPU
		{8291A867-D738-4423-B139-5B45FDEE0986}.Debug|x64.ActiveCfg = Debug|Any CPU
		{8291A867-D738-4423-B139-5B45FDEE0986}.Debug|x64.Build.0 = Debug|Any CPU
		{8291A867-D738-4423-B139-5B45FDEE0986}.Debug|x86.ActiveCfg = Debug|Any CPU
		{8291A867-D738-4423-B139-5B45FDEE0986}.Debug|x86.Build.0 = Debug|Any CPU
		{8291A867-D738-4423-B139-5B45FDEE0986}.Release|Any CPU.ActiveCfg = Release|Any CPU
		{8291A867-D738-4423-B139-5B45FDEE0986}.Release|Any CPU.Build.0 = Release|Any CPU
		{8291A867-D738-4423-B139-5B45FDEE0986}.Release|ARM.ActiveCfg = Release|Any CPU
		{8291A867-D738-4423-B139-5B45FDEE0986}.Release|ARM.Build.0 = Release|Any CPU
		{8291A867-D738-4423-B139-5B45FDEE0986}.Release|x64.ActiveCfg = Release|Any CPU
		{8291A867-D738-4423-B139-5B45FDEE0986}.Release|x64.Build.0 = Release|Any CPU
		{8291A867-D738-4423-B139-5B45FDEE0986}.Release|x86.ActiveCfg = Release|Any CPU
		{8291A867-D738-4423-B139-5B45FDEE0986}.Release|x86.Build.0 = Release|Any CPU
		{BFDB02D3-C59E-4EEF-B4D0-E1B29C95420E}.Debug|Any CPU.ActiveCfg = Debug|Any CPU
		{BFDB02D3-C59E-4EEF-B4D0-E1B29C95420E}.Debug|Any CPU.Build.0 = Debug|Any CPU
		{BFDB02D3-C59E-4EEF-B4D0-E1B29C95420E}.Debug|ARM.ActiveCfg = Debug|Any CPU
		{BFDB02D3-C59E-4EEF-B4D0-E1B29C95420E}.Debug|ARM.Build.0 = Debug|Any CPU
		{BFDB02D3-C59E-4EEF-B4D0-E1B29C95420E}.Debug|x64.ActiveCfg = Debug|Any CPU
		{BFDB02D3-C59E-4EEF-B4D0-E1B29C95420E}.Debug|x64.Build.0 = Debug|Any CPU
		{BFDB02D3-C59E-4EEF-B4D0-E1B29C95420E}.Debug|x86.ActiveCfg = Debug|Any CPU
		{BFDB02D3-C59E-4EEF-B4D0-E1B29C95420E}.Debug|x86.Build.0 = Debug|Any CPU
		{BFDB02D3-C59E-4EEF-B4D0-E1B29C95420E}.Release|Any CPU.ActiveCfg = Release|Any CPU
		{BFDB02D3-C59E-4EEF-B4D0-E1B29C95420E}.Release|Any CPU.Build.0 = Release|Any CPU
		{BFDB02D3-C59E-4EEF-B4D0-E1B29C95420E}.Release|ARM.ActiveCfg = Release|Any CPU
		{BFDB02D3-C59E-4EEF-B4D0-E1B29C95420E}.Release|ARM.Build.0 = Release|Any CPU
		{BFDB02D3-C59E-4EEF-B4D0-E1B29C95420E}.Release|x64.ActiveCfg = Release|Any CPU
		{BFDB02D3-C59E-4EEF-B4D0-E1B29C95420E}.Release|x64.Build.0 = Release|Any CPU
		{BFDB02D3-C59E-4EEF-B4D0-E1B29C95420E}.Release|x86.ActiveCfg = Release|Any CPU
		{BFDB02D3-C59E-4EEF-B4D0-E1B29C95420E}.Release|x86.Build.0 = Release|Any CPU
		{7A62EC30-C743-4EDA-9138-C2BDF7983281}.Debug|Any CPU.ActiveCfg = Debug|Any CPU
		{7A62EC30-C743-4EDA-9138-C2BDF7983281}.Debug|Any CPU.Build.0 = Debug|Any CPU
		{7A62EC30-C743-4EDA-9138-C2BDF7983281}.Debug|ARM.ActiveCfg = Debug|Any CPU
		{7A62EC30-C743-4EDA-9138-C2BDF7983281}.Debug|ARM.Build.0 = Debug|Any CPU
		{7A62EC30-C743-4EDA-9138-C2BDF7983281}.Debug|x64.ActiveCfg = Debug|Any CPU
		{7A62EC30-C743-4EDA-9138-C2BDF7983281}.Debug|x64.Build.0 = Debug|Any CPU
		{7A62EC30-C743-4EDA-9138-C2BDF7983281}.Debug|x86.ActiveCfg = Debug|Any CPU
		{7A62EC30-C743-4EDA-9138-C2BDF7983281}.Debug|x86.Build.0 = Debug|Any CPU
		{7A62EC30-C743-4EDA-9138-C2BDF7983281}.Release|Any CPU.ActiveCfg = Release|Any CPU
		{7A62EC30-C743-4EDA-9138-C2BDF7983281}.Release|Any CPU.Build.0 = Release|Any CPU
		{7A62EC30-C743-4EDA-9138-C2BDF7983281}.Release|ARM.ActiveCfg = Release|Any CPU
		{7A62EC30-C743-4EDA-9138-C2BDF7983281}.Release|ARM.Build.0 = Release|Any CPU
		{7A62EC30-C743-4EDA-9138-C2BDF7983281}.Release|x64.ActiveCfg = Release|Any CPU
		{7A62EC30-C743-4EDA-9138-C2BDF7983281}.Release|x64.Build.0 = Release|Any CPU
		{7A62EC30-C743-4EDA-9138-C2BDF7983281}.Release|x86.ActiveCfg = Release|Any CPU
		{7A62EC30-C743-4EDA-9138-C2BDF7983281}.Release|x86.Build.0 = Release|Any CPU
		{7347F876-949F-41C5-A3CF-173899F507FE}.Debug|Any CPU.ActiveCfg = Debug|Any CPU
		{7347F876-949F-41C5-A3CF-173899F507FE}.Debug|Any CPU.Build.0 = Debug|Any CPU
		{7347F876-949F-41C5-A3CF-173899F507FE}.Debug|ARM.ActiveCfg = Debug|Any CPU
		{7347F876-949F-41C5-A3CF-173899F507FE}.Debug|ARM.Build.0 = Debug|Any CPU
		{7347F876-949F-41C5-A3CF-173899F507FE}.Debug|x64.ActiveCfg = Debug|Any CPU
		{7347F876-949F-41C5-A3CF-173899F507FE}.Debug|x64.Build.0 = Debug|Any CPU
		{7347F876-949F-41C5-A3CF-173899F507FE}.Debug|x86.ActiveCfg = Debug|Any CPU
		{7347F876-949F-41C5-A3CF-173899F507FE}.Debug|x86.Build.0 = Debug|Any CPU
		{7347F876-949F-41C5-A3CF-173899F507FE}.Release|Any CPU.ActiveCfg = Release|Any CPU
		{7347F876-949F-41C5-A3CF-173899F507FE}.Release|Any CPU.Build.0 = Release|Any CPU
		{7347F876-949F-41C5-A3CF-173899F507FE}.Release|ARM.ActiveCfg = Release|Any CPU
		{7347F876-949F-41C5-A3CF-173899F507FE}.Release|ARM.Build.0 = Release|Any CPU
		{7347F876-949F-41C5-A3CF-173899F507FE}.Release|x64.ActiveCfg = Release|Any CPU
		{7347F876-949F-41C5-A3CF-173899F507FE}.Release|x64.Build.0 = Release|Any CPU
		{7347F876-949F-41C5-A3CF-173899F507FE}.Release|x86.ActiveCfg = Release|Any CPU
		{7347F876-949F-41C5-A3CF-173899F507FE}.Release|x86.Build.0 = Release|Any CPU
		{5F3A99A2-27A4-48F9-B733-E0A21C300402}.Debug|Any CPU.ActiveCfg = Debug|Any CPU
		{5F3A99A2-27A4-48F9-B733-E0A21C300402}.Debug|Any CPU.Build.0 = Debug|Any CPU
		{5F3A99A2-27A4-48F9-B733-E0A21C300402}.Debug|ARM.ActiveCfg = Debug|Any CPU
		{5F3A99A2-27A4-48F9-B733-E0A21C300402}.Debug|ARM.Build.0 = Debug|Any CPU
		{5F3A99A2-27A4-48F9-B733-E0A21C300402}.Debug|x64.ActiveCfg = Debug|Any CPU
		{5F3A99A2-27A4-48F9-B733-E0A21C300402}.Debug|x64.Build.0 = Debug|Any CPU
		{5F3A99A2-27A4-48F9-B733-E0A21C300402}.Debug|x86.ActiveCfg = Debug|Any CPU
		{5F3A99A2-27A4-48F9-B733-E0A21C300402}.Debug|x86.Build.0 = Debug|Any CPU
		{5F3A99A2-27A4-48F9-B733-E0A21C300402}.Release|Any CPU.ActiveCfg = Release|Any CPU
		{5F3A99A2-27A4-48F9-B733-E0A21C300402}.Release|Any CPU.Build.0 = Release|Any CPU
		{5F3A99A2-27A4-48F9-B733-E0A21C300402}.Release|ARM.ActiveCfg = Release|Any CPU
		{5F3A99A2-27A4-48F9-B733-E0A21C300402}.Release|ARM.Build.0 = Release|Any CPU
		{5F3A99A2-27A4-48F9-B733-E0A21C300402}.Release|x64.ActiveCfg = Release|Any CPU
		{5F3A99A2-27A4-48F9-B733-E0A21C300402}.Release|x64.Build.0 = Release|Any CPU
		{5F3A99A2-27A4-48F9-B733-E0A21C300402}.Release|x86.ActiveCfg = Release|Any CPU
		{5F3A99A2-27A4-48F9-B733-E0A21C300402}.Release|x86.Build.0 = Release|Any CPU
		{4B641442-31AA-41B8-9F45-C06DD7B803F2}.Debug|Any CPU.ActiveCfg = Debug|Any CPU
		{4B641442-31AA-41B8-9F45-C06DD7B803F2}.Debug|Any CPU.Build.0 = Debug|Any CPU
		{4B641442-31AA-41B8-9F45-C06DD7B803F2}.Debug|ARM.ActiveCfg = Debug|Any CPU
		{4B641442-31AA-41B8-9F45-C06DD7B803F2}.Debug|ARM.Build.0 = Debug|Any CPU
		{4B641442-31AA-41B8-9F45-C06DD7B803F2}.Debug|x64.ActiveCfg = Debug|Any CPU
		{4B641442-31AA-41B8-9F45-C06DD7B803F2}.Debug|x64.Build.0 = Debug|Any CPU
		{4B641442-31AA-41B8-9F45-C06DD7B803F2}.Debug|x86.ActiveCfg = Debug|Any CPU
		{4B641442-31AA-41B8-9F45-C06DD7B803F2}.Debug|x86.Build.0 = Debug|Any CPU
		{4B641442-31AA-41B8-9F45-C06DD7B803F2}.Release|Any CPU.ActiveCfg = Release|Any CPU
		{4B641442-31AA-41B8-9F45-C06DD7B803F2}.Release|Any CPU.Build.0 = Release|Any CPU
		{4B641442-31AA-41B8-9F45-C06DD7B803F2}.Release|ARM.ActiveCfg = Release|Any CPU
		{4B641442-31AA-41B8-9F45-C06DD7B803F2}.Release|ARM.Build.0 = Release|Any CPU
		{4B641442-31AA-41B8-9F45-C06DD7B803F2}.Release|x64.ActiveCfg = Release|Any CPU
		{4B641442-31AA-41B8-9F45-C06DD7B803F2}.Release|x64.Build.0 = Release|Any CPU
		{4B641442-31AA-41B8-9F45-C06DD7B803F2}.Release|x86.ActiveCfg = Release|Any CPU
		{4B641442-31AA-41B8-9F45-C06DD7B803F2}.Release|x86.Build.0 = Release|Any CPU
		{763B31EA-919E-4A0A-B65A-9CD3B01BE8BB}.Debug|Any CPU.ActiveCfg = Debug|Any CPU
		{763B31EA-919E-4A0A-B65A-9CD3B01BE8BB}.Debug|Any CPU.Build.0 = Debug|Any CPU
		{763B31EA-919E-4A0A-B65A-9CD3B01BE8BB}.Debug|ARM.ActiveCfg = Debug|Any CPU
		{763B31EA-919E-4A0A-B65A-9CD3B01BE8BB}.Debug|ARM.Build.0 = Debug|Any CPU
		{763B31EA-919E-4A0A-B65A-9CD3B01BE8BB}.Debug|x64.ActiveCfg = Debug|Any CPU
		{763B31EA-919E-4A0A-B65A-9CD3B01BE8BB}.Debug|x64.Build.0 = Debug|Any CPU
		{763B31EA-919E-4A0A-B65A-9CD3B01BE8BB}.Debug|x86.ActiveCfg = Debug|Any CPU
		{763B31EA-919E-4A0A-B65A-9CD3B01BE8BB}.Debug|x86.Build.0 = Debug|Any CPU
		{763B31EA-919E-4A0A-B65A-9CD3B01BE8BB}.Release|Any CPU.ActiveCfg = Release|Any CPU
		{763B31EA-919E-4A0A-B65A-9CD3B01BE8BB}.Release|Any CPU.Build.0 = Release|Any CPU
		{763B31EA-919E-4A0A-B65A-9CD3B01BE8BB}.Release|ARM.ActiveCfg = Release|Any CPU
		{763B31EA-919E-4A0A-B65A-9CD3B01BE8BB}.Release|ARM.Build.0 = Release|Any CPU
		{763B31EA-919E-4A0A-B65A-9CD3B01BE8BB}.Release|x64.ActiveCfg = Release|Any CPU
		{763B31EA-919E-4A0A-B65A-9CD3B01BE8BB}.Release|x64.Build.0 = Release|Any CPU
		{763B31EA-919E-4A0A-B65A-9CD3B01BE8BB}.Release|x86.ActiveCfg = Release|Any CPU
		{763B31EA-919E-4A0A-B65A-9CD3B01BE8BB}.Release|x86.Build.0 = Release|Any CPU
		{502E5623-92C1-4F71-A35B-48F9B030B90D}.Debug|Any CPU.ActiveCfg = Debug|Any CPU
		{502E5623-92C1-4F71-A35B-48F9B030B90D}.Debug|Any CPU.Build.0 = Debug|Any CPU
		{502E5623-92C1-4F71-A35B-48F9B030B90D}.Debug|ARM.ActiveCfg = Debug|Any CPU
		{502E5623-92C1-4F71-A35B-48F9B030B90D}.Debug|ARM.Build.0 = Debug|Any CPU
		{502E5623-92C1-4F71-A35B-48F9B030B90D}.Debug|x64.ActiveCfg = Debug|Any CPU
		{502E5623-92C1-4F71-A35B-48F9B030B90D}.Debug|x64.Build.0 = Debug|Any CPU
		{502E5623-92C1-4F71-A35B-48F9B030B90D}.Debug|x86.ActiveCfg = Debug|Any CPU
		{502E5623-92C1-4F71-A35B-48F9B030B90D}.Debug|x86.Build.0 = Debug|Any CPU
		{502E5623-92C1-4F71-A35B-48F9B030B90D}.Release|Any CPU.ActiveCfg = Release|Any CPU
		{502E5623-92C1-4F71-A35B-48F9B030B90D}.Release|Any CPU.Build.0 = Release|Any CPU
		{502E5623-92C1-4F71-A35B-48F9B030B90D}.Release|ARM.ActiveCfg = Release|Any CPU
		{502E5623-92C1-4F71-A35B-48F9B030B90D}.Release|ARM.Build.0 = Release|Any CPU
		{502E5623-92C1-4F71-A35B-48F9B030B90D}.Release|x64.ActiveCfg = Release|Any CPU
		{502E5623-92C1-4F71-A35B-48F9B030B90D}.Release|x64.Build.0 = Release|Any CPU
		{502E5623-92C1-4F71-A35B-48F9B030B90D}.Release|x86.ActiveCfg = Release|Any CPU
		{502E5623-92C1-4F71-A35B-48F9B030B90D}.Release|x86.Build.0 = Release|Any CPU
		{45501672-DF5B-4C49-8E20-D8580194C54B}.Debug|Any CPU.ActiveCfg = Debug|Any CPU
		{45501672-DF5B-4C49-8E20-D8580194C54B}.Debug|Any CPU.Build.0 = Debug|Any CPU
		{45501672-DF5B-4C49-8E20-D8580194C54B}.Debug|ARM.ActiveCfg = Debug|Any CPU
		{45501672-DF5B-4C49-8E20-D8580194C54B}.Debug|ARM.Build.0 = Debug|Any CPU
		{45501672-DF5B-4C49-8E20-D8580194C54B}.Debug|x64.ActiveCfg = Debug|Any CPU
		{45501672-DF5B-4C49-8E20-D8580194C54B}.Debug|x64.Build.0 = Debug|Any CPU
		{45501672-DF5B-4C49-8E20-D8580194C54B}.Debug|x86.ActiveCfg = Debug|Any CPU
		{45501672-DF5B-4C49-8E20-D8580194C54B}.Debug|x86.Build.0 = Debug|Any CPU
		{45501672-DF5B-4C49-8E20-D8580194C54B}.Release|Any CPU.ActiveCfg = Release|Any CPU
		{45501672-DF5B-4C49-8E20-D8580194C54B}.Release|Any CPU.Build.0 = Release|Any CPU
		{45501672-DF5B-4C49-8E20-D8580194C54B}.Release|ARM.ActiveCfg = Release|Any CPU
		{45501672-DF5B-4C49-8E20-D8580194C54B}.Release|ARM.Build.0 = Release|Any CPU
		{45501672-DF5B-4C49-8E20-D8580194C54B}.Release|x64.ActiveCfg = Release|Any CPU
		{45501672-DF5B-4C49-8E20-D8580194C54B}.Release|x64.Build.0 = Release|Any CPU
		{45501672-DF5B-4C49-8E20-D8580194C54B}.Release|x86.ActiveCfg = Release|Any CPU
		{45501672-DF5B-4C49-8E20-D8580194C54B}.Release|x86.Build.0 = Release|Any CPU
		{2793A547-076A-4F6B-A505-2D1B7F82F483}.Debug|Any CPU.ActiveCfg = Debug|Any CPU
		{2793A547-076A-4F6B-A505-2D1B7F82F483}.Debug|Any CPU.Build.0 = Debug|Any CPU
		{2793A547-076A-4F6B-A505-2D1B7F82F483}.Debug|ARM.ActiveCfg = Debug|Any CPU
		{2793A547-076A-4F6B-A505-2D1B7F82F483}.Debug|ARM.Build.0 = Debug|Any CPU
		{2793A547-076A-4F6B-A505-2D1B7F82F483}.Debug|x64.ActiveCfg = Debug|Any CPU
		{2793A547-076A-4F6B-A505-2D1B7F82F483}.Debug|x64.Build.0 = Debug|Any CPU
		{2793A547-076A-4F6B-A505-2D1B7F82F483}.Debug|x86.ActiveCfg = Debug|Any CPU
		{2793A547-076A-4F6B-A505-2D1B7F82F483}.Debug|x86.Build.0 = Debug|Any CPU
		{2793A547-076A-4F6B-A505-2D1B7F82F483}.Release|Any CPU.ActiveCfg = Release|Any CPU
		{2793A547-076A-4F6B-A505-2D1B7F82F483}.Release|Any CPU.Build.0 = Release|Any CPU
		{2793A547-076A-4F6B-A505-2D1B7F82F483}.Release|ARM.ActiveCfg = Release|Any CPU
		{2793A547-076A-4F6B-A505-2D1B7F82F483}.Release|ARM.Build.0 = Release|Any CPU
		{2793A547-076A-4F6B-A505-2D1B7F82F483}.Release|x64.ActiveCfg = Release|Any CPU
		{2793A547-076A-4F6B-A505-2D1B7F82F483}.Release|x64.Build.0 = Release|Any CPU
		{2793A547-076A-4F6B-A505-2D1B7F82F483}.Release|x86.ActiveCfg = Release|Any CPU
		{2793A547-076A-4F6B-A505-2D1B7F82F483}.Release|x86.Build.0 = Release|Any CPU
		{1F9DB2A4-F970-4F0F-995E-61F82080AFDF}.Debug|Any CPU.ActiveCfg = Debug|Any CPU
		{1F9DB2A4-F970-4F0F-995E-61F82080AFDF}.Debug|Any CPU.Build.0 = Debug|Any CPU
		{1F9DB2A4-F970-4F0F-995E-61F82080AFDF}.Debug|ARM.ActiveCfg = Debug|Any CPU
		{1F9DB2A4-F970-4F0F-995E-61F82080AFDF}.Debug|ARM.Build.0 = Debug|Any CPU
		{1F9DB2A4-F970-4F0F-995E-61F82080AFDF}.Debug|x64.ActiveCfg = Debug|Any CPU
		{1F9DB2A4-F970-4F0F-995E-61F82080AFDF}.Debug|x64.Build.0 = Debug|Any CPU
		{1F9DB2A4-F970-4F0F-995E-61F82080AFDF}.Debug|x86.ActiveCfg = Debug|Any CPU
		{1F9DB2A4-F970-4F0F-995E-61F82080AFDF}.Debug|x86.Build.0 = Debug|Any CPU
		{1F9DB2A4-F970-4F0F-995E-61F82080AFDF}.Release|Any CPU.ActiveCfg = Release|Any CPU
		{1F9DB2A4-F970-4F0F-995E-61F82080AFDF}.Release|Any CPU.Build.0 = Release|Any CPU
		{1F9DB2A4-F970-4F0F-995E-61F82080AFDF}.Release|ARM.ActiveCfg = Release|Any CPU
		{1F9DB2A4-F970-4F0F-995E-61F82080AFDF}.Release|ARM.Build.0 = Release|Any CPU
		{1F9DB2A4-F970-4F0F-995E-61F82080AFDF}.Release|x64.ActiveCfg = Release|Any CPU
		{1F9DB2A4-F970-4F0F-995E-61F82080AFDF}.Release|x64.Build.0 = Release|Any CPU
		{1F9DB2A4-F970-4F0F-995E-61F82080AFDF}.Release|x86.ActiveCfg = Release|Any CPU
		{1F9DB2A4-F970-4F0F-995E-61F82080AFDF}.Release|x86.Build.0 = Release|Any CPU
		{F5E322F8-8362-4BC9-87A5-9DAE5BF61795}.Debug|Any CPU.ActiveCfg = Debug|Any CPU
		{F5E322F8-8362-4BC9-87A5-9DAE5BF61795}.Debug|Any CPU.Build.0 = Debug|Any CPU
		{F5E322F8-8362-4BC9-87A5-9DAE5BF61795}.Debug|ARM.ActiveCfg = Debug|Any CPU
		{F5E322F8-8362-4BC9-87A5-9DAE5BF61795}.Debug|ARM.Build.0 = Debug|Any CPU
		{F5E322F8-8362-4BC9-87A5-9DAE5BF61795}.Debug|x64.ActiveCfg = Debug|Any CPU
		{F5E322F8-8362-4BC9-87A5-9DAE5BF61795}.Debug|x64.Build.0 = Debug|Any CPU
		{F5E322F8-8362-4BC9-87A5-9DAE5BF61795}.Debug|x86.ActiveCfg = Debug|Any CPU
		{F5E322F8-8362-4BC9-87A5-9DAE5BF61795}.Debug|x86.Build.0 = Debug|Any CPU
		{F5E322F8-8362-4BC9-87A5-9DAE5BF61795}.Release|Any CPU.ActiveCfg = Release|Any CPU
		{F5E322F8-8362-4BC9-87A5-9DAE5BF61795}.Release|Any CPU.Build.0 = Release|Any CPU
		{F5E322F8-8362-4BC9-87A5-9DAE5BF61795}.Release|ARM.ActiveCfg = Release|Any CPU
		{F5E322F8-8362-4BC9-87A5-9DAE5BF61795}.Release|ARM.Build.0 = Release|Any CPU
		{F5E322F8-8362-4BC9-87A5-9DAE5BF61795}.Release|x64.ActiveCfg = Release|Any CPU
		{F5E322F8-8362-4BC9-87A5-9DAE5BF61795}.Release|x64.Build.0 = Release|Any CPU
		{F5E322F8-8362-4BC9-87A5-9DAE5BF61795}.Release|x86.ActiveCfg = Release|Any CPU
		{F5E322F8-8362-4BC9-87A5-9DAE5BF61795}.Release|x86.Build.0 = Release|Any CPU
		{9AE0F276-76C1-4E34-8803-3DBB56C7F84B}.Debug|Any CPU.ActiveCfg = Debug|Any CPU
		{9AE0F276-76C1-4E34-8803-3DBB56C7F84B}.Debug|Any CPU.Build.0 = Debug|Any CPU
		{9AE0F276-76C1-4E34-8803-3DBB56C7F84B}.Debug|ARM.ActiveCfg = Debug|Any CPU
		{9AE0F276-76C1-4E34-8803-3DBB56C7F84B}.Debug|ARM.Build.0 = Debug|Any CPU
		{9AE0F276-76C1-4E34-8803-3DBB56C7F84B}.Debug|x64.ActiveCfg = Debug|Any CPU
		{9AE0F276-76C1-4E34-8803-3DBB56C7F84B}.Debug|x64.Build.0 = Debug|Any CPU
		{9AE0F276-76C1-4E34-8803-3DBB56C7F84B}.Debug|x86.ActiveCfg = Debug|Any CPU
		{9AE0F276-76C1-4E34-8803-3DBB56C7F84B}.Debug|x86.Build.0 = Debug|Any CPU
		{9AE0F276-76C1-4E34-8803-3DBB56C7F84B}.Release|Any CPU.ActiveCfg = Release|Any CPU
		{9AE0F276-76C1-4E34-8803-3DBB56C7F84B}.Release|Any CPU.Build.0 = Release|Any CPU
		{9AE0F276-76C1-4E34-8803-3DBB56C7F84B}.Release|ARM.ActiveCfg = Release|Any CPU
		{9AE0F276-76C1-4E34-8803-3DBB56C7F84B}.Release|ARM.Build.0 = Release|Any CPU
		{9AE0F276-76C1-4E34-8803-3DBB56C7F84B}.Release|x64.ActiveCfg = Release|Any CPU
		{9AE0F276-76C1-4E34-8803-3DBB56C7F84B}.Release|x64.Build.0 = Release|Any CPU
		{9AE0F276-76C1-4E34-8803-3DBB56C7F84B}.Release|x86.ActiveCfg = Release|Any CPU
		{9AE0F276-76C1-4E34-8803-3DBB56C7F84B}.Release|x86.Build.0 = Release|Any CPU
		{A1927AB2-116B-4AD4-B3FE-8811EDAFDE96}.Debug|Any CPU.ActiveCfg = Debug|Any CPU
		{A1927AB2-116B-4AD4-B3FE-8811EDAFDE96}.Debug|Any CPU.Build.0 = Debug|Any CPU
		{A1927AB2-116B-4AD4-B3FE-8811EDAFDE96}.Debug|ARM.ActiveCfg = Debug|Any CPU
		{A1927AB2-116B-4AD4-B3FE-8811EDAFDE96}.Debug|ARM.Build.0 = Debug|Any CPU
		{A1927AB2-116B-4AD4-B3FE-8811EDAFDE96}.Debug|x64.ActiveCfg = Debug|Any CPU
		{A1927AB2-116B-4AD4-B3FE-8811EDAFDE96}.Debug|x64.Build.0 = Debug|Any CPU
		{A1927AB2-116B-4AD4-B3FE-8811EDAFDE96}.Debug|x86.ActiveCfg = Debug|Any CPU
		{A1927AB2-116B-4AD4-B3FE-8811EDAFDE96}.Debug|x86.Build.0 = Debug|Any CPU
		{A1927AB2-116B-4AD4-B3FE-8811EDAFDE96}.Release|Any CPU.ActiveCfg = Release|Any CPU
		{A1927AB2-116B-4AD4-B3FE-8811EDAFDE96}.Release|Any CPU.Build.0 = Release|Any CPU
		{A1927AB2-116B-4AD4-B3FE-8811EDAFDE96}.Release|ARM.ActiveCfg = Release|Any CPU
		{A1927AB2-116B-4AD4-B3FE-8811EDAFDE96}.Release|ARM.Build.0 = Release|Any CPU
		{A1927AB2-116B-4AD4-B3FE-8811EDAFDE96}.Release|x64.ActiveCfg = Release|Any CPU
		{A1927AB2-116B-4AD4-B3FE-8811EDAFDE96}.Release|x64.Build.0 = Release|Any CPU
		{A1927AB2-116B-4AD4-B3FE-8811EDAFDE96}.Release|x86.ActiveCfg = Release|Any CPU
		{A1927AB2-116B-4AD4-B3FE-8811EDAFDE96}.Release|x86.Build.0 = Release|Any CPU
		{7E837B61-69DD-4437-B879-73729038D97D}.Debug|Any CPU.ActiveCfg = Debug|Any CPU
		{7E837B61-69DD-4437-B879-73729038D97D}.Debug|Any CPU.Build.0 = Debug|Any CPU
		{7E837B61-69DD-4437-B879-73729038D97D}.Debug|ARM.ActiveCfg = Debug|Any CPU
		{7E837B61-69DD-4437-B879-73729038D97D}.Debug|ARM.Build.0 = Debug|Any CPU
		{7E837B61-69DD-4437-B879-73729038D97D}.Debug|x64.ActiveCfg = Debug|Any CPU
		{7E837B61-69DD-4437-B879-73729038D97D}.Debug|x64.Build.0 = Debug|Any CPU
		{7E837B61-69DD-4437-B879-73729038D97D}.Debug|x86.ActiveCfg = Debug|Any CPU
		{7E837B61-69DD-4437-B879-73729038D97D}.Debug|x86.Build.0 = Debug|Any CPU
		{7E837B61-69DD-4437-B879-73729038D97D}.Release|Any CPU.ActiveCfg = Release|Any CPU
		{7E837B61-69DD-4437-B879-73729038D97D}.Release|Any CPU.Build.0 = Release|Any CPU
		{7E837B61-69DD-4437-B879-73729038D97D}.Release|ARM.ActiveCfg = Release|Any CPU
		{7E837B61-69DD-4437-B879-73729038D97D}.Release|ARM.Build.0 = Release|Any CPU
		{7E837B61-69DD-4437-B879-73729038D97D}.Release|x64.ActiveCfg = Release|Any CPU
		{7E837B61-69DD-4437-B879-73729038D97D}.Release|x64.Build.0 = Release|Any CPU
		{7E837B61-69DD-4437-B879-73729038D97D}.Release|x86.ActiveCfg = Release|Any CPU
		{7E837B61-69DD-4437-B879-73729038D97D}.Release|x86.Build.0 = Release|Any CPU
		{8B2A6B07-07F5-4B53-A95E-009E7DB5CA58}.Debug|Any CPU.ActiveCfg = Debug|Any CPU
		{8B2A6B07-07F5-4B53-A95E-009E7DB5CA58}.Debug|Any CPU.Build.0 = Debug|Any CPU
		{8B2A6B07-07F5-4B53-A95E-009E7DB5CA58}.Debug|ARM.ActiveCfg = Debug|Any CPU
		{8B2A6B07-07F5-4B53-A95E-009E7DB5CA58}.Debug|ARM.Build.0 = Debug|Any CPU
		{8B2A6B07-07F5-4B53-A95E-009E7DB5CA58}.Debug|x64.ActiveCfg = Debug|Any CPU
		{8B2A6B07-07F5-4B53-A95E-009E7DB5CA58}.Debug|x64.Build.0 = Debug|Any CPU
		{8B2A6B07-07F5-4B53-A95E-009E7DB5CA58}.Debug|x86.ActiveCfg = Debug|Any CPU
		{8B2A6B07-07F5-4B53-A95E-009E7DB5CA58}.Debug|x86.Build.0 = Debug|Any CPU
		{8B2A6B07-07F5-4B53-A95E-009E7DB5CA58}.Release|Any CPU.ActiveCfg = Release|Any CPU
		{8B2A6B07-07F5-4B53-A95E-009E7DB5CA58}.Release|Any CPU.Build.0 = Release|Any CPU
		{8B2A6B07-07F5-4B53-A95E-009E7DB5CA58}.Release|ARM.ActiveCfg = Release|Any CPU
		{8B2A6B07-07F5-4B53-A95E-009E7DB5CA58}.Release|ARM.Build.0 = Release|Any CPU
		{8B2A6B07-07F5-4B53-A95E-009E7DB5CA58}.Release|x64.ActiveCfg = Release|Any CPU
		{8B2A6B07-07F5-4B53-A95E-009E7DB5CA58}.Release|x64.Build.0 = Release|Any CPU
		{8B2A6B07-07F5-4B53-A95E-009E7DB5CA58}.Release|x86.ActiveCfg = Release|Any CPU
		{8B2A6B07-07F5-4B53-A95E-009E7DB5CA58}.Release|x86.Build.0 = Release|Any CPU
		{5777A523-3D23-4C5A-8981-AD3AE0FF9580}.Debug|Any CPU.ActiveCfg = Debug|Any CPU
		{5777A523-3D23-4C5A-8981-AD3AE0FF9580}.Debug|Any CPU.Build.0 = Debug|Any CPU
		{5777A523-3D23-4C5A-8981-AD3AE0FF9580}.Debug|ARM.ActiveCfg = Debug|Any CPU
		{5777A523-3D23-4C5A-8981-AD3AE0FF9580}.Debug|ARM.Build.0 = Debug|Any CPU
		{5777A523-3D23-4C5A-8981-AD3AE0FF9580}.Debug|x64.ActiveCfg = Debug|Any CPU
		{5777A523-3D23-4C5A-8981-AD3AE0FF9580}.Debug|x64.Build.0 = Debug|Any CPU
		{5777A523-3D23-4C5A-8981-AD3AE0FF9580}.Debug|x86.ActiveCfg = Debug|Any CPU
		{5777A523-3D23-4C5A-8981-AD3AE0FF9580}.Debug|x86.Build.0 = Debug|Any CPU
		{5777A523-3D23-4C5A-8981-AD3AE0FF9580}.Release|Any CPU.ActiveCfg = Release|Any CPU
		{5777A523-3D23-4C5A-8981-AD3AE0FF9580}.Release|Any CPU.Build.0 = Release|Any CPU
		{5777A523-3D23-4C5A-8981-AD3AE0FF9580}.Release|ARM.ActiveCfg = Release|Any CPU
		{5777A523-3D23-4C5A-8981-AD3AE0FF9580}.Release|ARM.Build.0 = Release|Any CPU
		{5777A523-3D23-4C5A-8981-AD3AE0FF9580}.Release|x64.ActiveCfg = Release|Any CPU
		{5777A523-3D23-4C5A-8981-AD3AE0FF9580}.Release|x64.Build.0 = Release|Any CPU
		{5777A523-3D23-4C5A-8981-AD3AE0FF9580}.Release|x86.ActiveCfg = Release|Any CPU
		{5777A523-3D23-4C5A-8981-AD3AE0FF9580}.Release|x86.Build.0 = Release|Any CPU
		{13AC58A6-BC02-4275-AF94-B09A72A7E79A}.Debug|Any CPU.ActiveCfg = Debug|Any CPU
		{13AC58A6-BC02-4275-AF94-B09A72A7E79A}.Debug|Any CPU.Build.0 = Debug|Any CPU
		{13AC58A6-BC02-4275-AF94-B09A72A7E79A}.Debug|ARM.ActiveCfg = Debug|Any CPU
		{13AC58A6-BC02-4275-AF94-B09A72A7E79A}.Debug|ARM.Build.0 = Debug|Any CPU
		{13AC58A6-BC02-4275-AF94-B09A72A7E79A}.Debug|x64.ActiveCfg = Debug|Any CPU
		{13AC58A6-BC02-4275-AF94-B09A72A7E79A}.Debug|x64.Build.0 = Debug|Any CPU
		{13AC58A6-BC02-4275-AF94-B09A72A7E79A}.Debug|x86.ActiveCfg = Debug|Any CPU
		{13AC58A6-BC02-4275-AF94-B09A72A7E79A}.Debug|x86.Build.0 = Debug|Any CPU
		{13AC58A6-BC02-4275-AF94-B09A72A7E79A}.Release|Any CPU.ActiveCfg = Release|Any CPU
		{13AC58A6-BC02-4275-AF94-B09A72A7E79A}.Release|Any CPU.Build.0 = Release|Any CPU
		{13AC58A6-BC02-4275-AF94-B09A72A7E79A}.Release|ARM.ActiveCfg = Release|Any CPU
		{13AC58A6-BC02-4275-AF94-B09A72A7E79A}.Release|ARM.Build.0 = Release|Any CPU
		{13AC58A6-BC02-4275-AF94-B09A72A7E79A}.Release|x64.ActiveCfg = Release|Any CPU
		{13AC58A6-BC02-4275-AF94-B09A72A7E79A}.Release|x64.Build.0 = Release|Any CPU
		{13AC58A6-BC02-4275-AF94-B09A72A7E79A}.Release|x86.ActiveCfg = Release|Any CPU
		{13AC58A6-BC02-4275-AF94-B09A72A7E79A}.Release|x86.Build.0 = Release|Any CPU
		{3E3DCAF4-6A69-43A0-8C26-EC375B567167}.Debug|Any CPU.ActiveCfg = Debug|Any CPU
		{3E3DCAF4-6A69-43A0-8C26-EC375B567167}.Debug|Any CPU.Build.0 = Debug|Any CPU
		{3E3DCAF4-6A69-43A0-8C26-EC375B567167}.Debug|ARM.ActiveCfg = Debug|Any CPU
		{3E3DCAF4-6A69-43A0-8C26-EC375B567167}.Debug|ARM.Build.0 = Debug|Any CPU
		{3E3DCAF4-6A69-43A0-8C26-EC375B567167}.Debug|x64.ActiveCfg = Debug|Any CPU
		{3E3DCAF4-6A69-43A0-8C26-EC375B567167}.Debug|x64.Build.0 = Debug|Any CPU
		{3E3DCAF4-6A69-43A0-8C26-EC375B567167}.Debug|x86.ActiveCfg = Debug|Any CPU
		{3E3DCAF4-6A69-43A0-8C26-EC375B567167}.Debug|x86.Build.0 = Debug|Any CPU
		{3E3DCAF4-6A69-43A0-8C26-EC375B567167}.Release|Any CPU.ActiveCfg = Release|Any CPU
		{3E3DCAF4-6A69-43A0-8C26-EC375B567167}.Release|Any CPU.Build.0 = Release|Any CPU
		{3E3DCAF4-6A69-43A0-8C26-EC375B567167}.Release|ARM.ActiveCfg = Release|Any CPU
		{3E3DCAF4-6A69-43A0-8C26-EC375B567167}.Release|ARM.Build.0 = Release|Any CPU
		{3E3DCAF4-6A69-43A0-8C26-EC375B567167}.Release|x64.ActiveCfg = Release|Any CPU
		{3E3DCAF4-6A69-43A0-8C26-EC375B567167}.Release|x64.Build.0 = Release|Any CPU
		{3E3DCAF4-6A69-43A0-8C26-EC375B567167}.Release|x86.ActiveCfg = Release|Any CPU
		{3E3DCAF4-6A69-43A0-8C26-EC375B567167}.Release|x86.Build.0 = Release|Any CPU
		{FC5EC3F0-99B6-47CE-B95A-35870396038C}.Debug|Any CPU.ActiveCfg = Debug|Any CPU
		{FC5EC3F0-99B6-47CE-B95A-35870396038C}.Debug|Any CPU.Build.0 = Debug|Any CPU
		{FC5EC3F0-99B6-47CE-B95A-35870396038C}.Debug|ARM.ActiveCfg = Debug|Any CPU
		{FC5EC3F0-99B6-47CE-B95A-35870396038C}.Debug|ARM.Build.0 = Debug|Any CPU
		{FC5EC3F0-99B6-47CE-B95A-35870396038C}.Debug|x64.ActiveCfg = Debug|Any CPU
		{FC5EC3F0-99B6-47CE-B95A-35870396038C}.Debug|x64.Build.0 = Debug|Any CPU
		{FC5EC3F0-99B6-47CE-B95A-35870396038C}.Debug|x86.ActiveCfg = Debug|Any CPU
		{FC5EC3F0-99B6-47CE-B95A-35870396038C}.Debug|x86.Build.0 = Debug|Any CPU
		{FC5EC3F0-99B6-47CE-B95A-35870396038C}.Release|Any CPU.ActiveCfg = Release|Any CPU
		{FC5EC3F0-99B6-47CE-B95A-35870396038C}.Release|Any CPU.Build.0 = Release|Any CPU
		{FC5EC3F0-99B6-47CE-B95A-35870396038C}.Release|ARM.ActiveCfg = Release|Any CPU
		{FC5EC3F0-99B6-47CE-B95A-35870396038C}.Release|ARM.Build.0 = Release|Any CPU
		{FC5EC3F0-99B6-47CE-B95A-35870396038C}.Release|x64.ActiveCfg = Release|Any CPU
		{FC5EC3F0-99B6-47CE-B95A-35870396038C}.Release|x64.Build.0 = Release|Any CPU
		{FC5EC3F0-99B6-47CE-B95A-35870396038C}.Release|x86.ActiveCfg = Release|Any CPU
		{FC5EC3F0-99B6-47CE-B95A-35870396038C}.Release|x86.Build.0 = Release|Any CPU
		{131CBD55-7A61-479E-9AC4-9C69C7B79146}.Debug|Any CPU.ActiveCfg = Debug|Any CPU
		{131CBD55-7A61-479E-9AC4-9C69C7B79146}.Debug|Any CPU.Build.0 = Debug|Any CPU
		{131CBD55-7A61-479E-9AC4-9C69C7B79146}.Debug|ARM.ActiveCfg = Debug|Any CPU
		{131CBD55-7A61-479E-9AC4-9C69C7B79146}.Debug|ARM.Build.0 = Debug|Any CPU
		{131CBD55-7A61-479E-9AC4-9C69C7B79146}.Debug|x64.ActiveCfg = Debug|Any CPU
		{131CBD55-7A61-479E-9AC4-9C69C7B79146}.Debug|x64.Build.0 = Debug|Any CPU
		{131CBD55-7A61-479E-9AC4-9C69C7B79146}.Debug|x86.ActiveCfg = Debug|Any CPU
		{131CBD55-7A61-479E-9AC4-9C69C7B79146}.Debug|x86.Build.0 = Debug|Any CPU
		{131CBD55-7A61-479E-9AC4-9C69C7B79146}.Release|Any CPU.ActiveCfg = Release|Any CPU
		{131CBD55-7A61-479E-9AC4-9C69C7B79146}.Release|Any CPU.Build.0 = Release|Any CPU
		{131CBD55-7A61-479E-9AC4-9C69C7B79146}.Release|ARM.ActiveCfg = Release|Any CPU
		{131CBD55-7A61-479E-9AC4-9C69C7B79146}.Release|ARM.Build.0 = Release|Any CPU
		{131CBD55-7A61-479E-9AC4-9C69C7B79146}.Release|x64.ActiveCfg = Release|Any CPU
		{131CBD55-7A61-479E-9AC4-9C69C7B79146}.Release|x64.Build.0 = Release|Any CPU
		{131CBD55-7A61-479E-9AC4-9C69C7B79146}.Release|x86.ActiveCfg = Release|Any CPU
		{131CBD55-7A61-479E-9AC4-9C69C7B79146}.Release|x86.Build.0 = Release|Any CPU
		{6A20E68D-2FBC-4096-B469-61E35C17B545}.Debug|Any CPU.ActiveCfg = Debug|Any CPU
		{6A20E68D-2FBC-4096-B469-61E35C17B545}.Debug|Any CPU.Build.0 = Debug|Any CPU
		{6A20E68D-2FBC-4096-B469-61E35C17B545}.Debug|ARM.ActiveCfg = Debug|Any CPU
		{6A20E68D-2FBC-4096-B469-61E35C17B545}.Debug|ARM.Build.0 = Debug|Any CPU
		{6A20E68D-2FBC-4096-B469-61E35C17B545}.Debug|x64.ActiveCfg = Debug|Any CPU
		{6A20E68D-2FBC-4096-B469-61E35C17B545}.Debug|x64.Build.0 = Debug|Any CPU
		{6A20E68D-2FBC-4096-B469-61E35C17B545}.Debug|x86.ActiveCfg = Debug|Any CPU
		{6A20E68D-2FBC-4096-B469-61E35C17B545}.Debug|x86.Build.0 = Debug|Any CPU
		{6A20E68D-2FBC-4096-B469-61E35C17B545}.Release|Any CPU.ActiveCfg = Release|Any CPU
		{6A20E68D-2FBC-4096-B469-61E35C17B545}.Release|Any CPU.Build.0 = Release|Any CPU
		{6A20E68D-2FBC-4096-B469-61E35C17B545}.Release|ARM.ActiveCfg = Release|Any CPU
		{6A20E68D-2FBC-4096-B469-61E35C17B545}.Release|ARM.Build.0 = Release|Any CPU
		{6A20E68D-2FBC-4096-B469-61E35C17B545}.Release|x64.ActiveCfg = Release|Any CPU
		{6A20E68D-2FBC-4096-B469-61E35C17B545}.Release|x64.Build.0 = Release|Any CPU
		{6A20E68D-2FBC-4096-B469-61E35C17B545}.Release|x86.ActiveCfg = Release|Any CPU
		{6A20E68D-2FBC-4096-B469-61E35C17B545}.Release|x86.Build.0 = Release|Any CPU
		{73F7924B-B64A-46A4-84E8-D3CA12AA5094}.Debug|Any CPU.ActiveCfg = Debug|Any CPU
		{73F7924B-B64A-46A4-84E8-D3CA12AA5094}.Debug|Any CPU.Build.0 = Debug|Any CPU
		{73F7924B-B64A-46A4-84E8-D3CA12AA5094}.Debug|ARM.ActiveCfg = Debug|Any CPU
		{73F7924B-B64A-46A4-84E8-D3CA12AA5094}.Debug|ARM.Build.0 = Debug|Any CPU
		{73F7924B-B64A-46A4-84E8-D3CA12AA5094}.Debug|x64.ActiveCfg = Debug|Any CPU
		{73F7924B-B64A-46A4-84E8-D3CA12AA5094}.Debug|x64.Build.0 = Debug|Any CPU
		{73F7924B-B64A-46A4-84E8-D3CA12AA5094}.Debug|x86.ActiveCfg = Debug|Any CPU
		{73F7924B-B64A-46A4-84E8-D3CA12AA5094}.Debug|x86.Build.0 = Debug|Any CPU
		{73F7924B-B64A-46A4-84E8-D3CA12AA5094}.Release|Any CPU.ActiveCfg = Release|Any CPU
		{73F7924B-B64A-46A4-84E8-D3CA12AA5094}.Release|Any CPU.Build.0 = Release|Any CPU
		{73F7924B-B64A-46A4-84E8-D3CA12AA5094}.Release|ARM.ActiveCfg = Release|Any CPU
		{73F7924B-B64A-46A4-84E8-D3CA12AA5094}.Release|ARM.Build.0 = Release|Any CPU
		{73F7924B-B64A-46A4-84E8-D3CA12AA5094}.Release|x64.ActiveCfg = Release|Any CPU
		{73F7924B-B64A-46A4-84E8-D3CA12AA5094}.Release|x64.Build.0 = Release|Any CPU
		{73F7924B-B64A-46A4-84E8-D3CA12AA5094}.Release|x86.ActiveCfg = Release|Any CPU
		{73F7924B-B64A-46A4-84E8-D3CA12AA5094}.Release|x86.Build.0 = Release|Any CPU
		{8374DB77-A878-4559-B39D-303944214BDE}.Debug|Any CPU.ActiveCfg = Debug|Any CPU
		{8374DB77-A878-4559-B39D-303944214BDE}.Debug|Any CPU.Build.0 = Debug|Any CPU
		{8374DB77-A878-4559-B39D-303944214BDE}.Debug|ARM.ActiveCfg = Debug|Any CPU
		{8374DB77-A878-4559-B39D-303944214BDE}.Debug|ARM.Build.0 = Debug|Any CPU
		{8374DB77-A878-4559-B39D-303944214BDE}.Debug|x64.ActiveCfg = Debug|Any CPU
		{8374DB77-A878-4559-B39D-303944214BDE}.Debug|x64.Build.0 = Debug|Any CPU
		{8374DB77-A878-4559-B39D-303944214BDE}.Debug|x86.ActiveCfg = Debug|Any CPU
		{8374DB77-A878-4559-B39D-303944214BDE}.Debug|x86.Build.0 = Debug|Any CPU
		{8374DB77-A878-4559-B39D-303944214BDE}.Release|Any CPU.ActiveCfg = Release|Any CPU
		{8374DB77-A878-4559-B39D-303944214BDE}.Release|Any CPU.Build.0 = Release|Any CPU
		{8374DB77-A878-4559-B39D-303944214BDE}.Release|ARM.ActiveCfg = Release|Any CPU
		{8374DB77-A878-4559-B39D-303944214BDE}.Release|ARM.Build.0 = Release|Any CPU
		{8374DB77-A878-4559-B39D-303944214BDE}.Release|x64.ActiveCfg = Release|Any CPU
		{8374DB77-A878-4559-B39D-303944214BDE}.Release|x64.Build.0 = Release|Any CPU
		{8374DB77-A878-4559-B39D-303944214BDE}.Release|x86.ActiveCfg = Release|Any CPU
		{8374DB77-A878-4559-B39D-303944214BDE}.Release|x86.Build.0 = Release|Any CPU
		{39848236-1330-4D3E-90FB-559E99C1C39E}.Debug|Any CPU.ActiveCfg = Debug|Any CPU
		{39848236-1330-4D3E-90FB-559E99C1C39E}.Debug|Any CPU.Build.0 = Debug|Any CPU
		{39848236-1330-4D3E-90FB-559E99C1C39E}.Debug|ARM.ActiveCfg = Debug|Any CPU
		{39848236-1330-4D3E-90FB-559E99C1C39E}.Debug|ARM.Build.0 = Debug|Any CPU
		{39848236-1330-4D3E-90FB-559E99C1C39E}.Debug|x64.ActiveCfg = Debug|Any CPU
		{39848236-1330-4D3E-90FB-559E99C1C39E}.Debug|x64.Build.0 = Debug|Any CPU
		{39848236-1330-4D3E-90FB-559E99C1C39E}.Debug|x86.ActiveCfg = Debug|Any CPU
		{39848236-1330-4D3E-90FB-559E99C1C39E}.Debug|x86.Build.0 = Debug|Any CPU
		{39848236-1330-4D3E-90FB-559E99C1C39E}.Release|Any CPU.ActiveCfg = Release|Any CPU
		{39848236-1330-4D3E-90FB-559E99C1C39E}.Release|Any CPU.Build.0 = Release|Any CPU
		{39848236-1330-4D3E-90FB-559E99C1C39E}.Release|ARM.ActiveCfg = Release|Any CPU
		{39848236-1330-4D3E-90FB-559E99C1C39E}.Release|ARM.Build.0 = Release|Any CPU
		{39848236-1330-4D3E-90FB-559E99C1C39E}.Release|x64.ActiveCfg = Release|Any CPU
		{39848236-1330-4D3E-90FB-559E99C1C39E}.Release|x64.Build.0 = Release|Any CPU
		{39848236-1330-4D3E-90FB-559E99C1C39E}.Release|x86.ActiveCfg = Release|Any CPU
		{39848236-1330-4D3E-90FB-559E99C1C39E}.Release|x86.Build.0 = Release|Any CPU
		{24A4AC64-E678-4F2E-A41E-4B09FBC70166}.Debug|Any CPU.ActiveCfg = Debug|Any CPU
		{24A4AC64-E678-4F2E-A41E-4B09FBC70166}.Debug|Any CPU.Build.0 = Debug|Any CPU
		{24A4AC64-E678-4F2E-A41E-4B09FBC70166}.Debug|ARM.ActiveCfg = Debug|Any CPU
		{24A4AC64-E678-4F2E-A41E-4B09FBC70166}.Debug|ARM.Build.0 = Debug|Any CPU
		{24A4AC64-E678-4F2E-A41E-4B09FBC70166}.Debug|x64.ActiveCfg = Debug|Any CPU
		{24A4AC64-E678-4F2E-A41E-4B09FBC70166}.Debug|x64.Build.0 = Debug|Any CPU
		{24A4AC64-E678-4F2E-A41E-4B09FBC70166}.Debug|x86.ActiveCfg = Debug|Any CPU
		{24A4AC64-E678-4F2E-A41E-4B09FBC70166}.Debug|x86.Build.0 = Debug|Any CPU
		{24A4AC64-E678-4F2E-A41E-4B09FBC70166}.Release|Any CPU.ActiveCfg = Release|Any CPU
		{24A4AC64-E678-4F2E-A41E-4B09FBC70166}.Release|Any CPU.Build.0 = Release|Any CPU
		{24A4AC64-E678-4F2E-A41E-4B09FBC70166}.Release|ARM.ActiveCfg = Release|Any CPU
		{24A4AC64-E678-4F2E-A41E-4B09FBC70166}.Release|ARM.Build.0 = Release|Any CPU
		{24A4AC64-E678-4F2E-A41E-4B09FBC70166}.Release|x64.ActiveCfg = Release|Any CPU
		{24A4AC64-E678-4F2E-A41E-4B09FBC70166}.Release|x64.Build.0 = Release|Any CPU
		{24A4AC64-E678-4F2E-A41E-4B09FBC70166}.Release|x86.ActiveCfg = Release|Any CPU
		{24A4AC64-E678-4F2E-A41E-4B09FBC70166}.Release|x86.Build.0 = Release|Any CPU
		{884A055E-8891-477F-96A1-C6C2AD3CC9FB}.Debug|Any CPU.ActiveCfg = Debug|Any CPU
		{884A055E-8891-477F-96A1-C6C2AD3CC9FB}.Debug|Any CPU.Build.0 = Debug|Any CPU
		{884A055E-8891-477F-96A1-C6C2AD3CC9FB}.Debug|ARM.ActiveCfg = Debug|Any CPU
		{884A055E-8891-477F-96A1-C6C2AD3CC9FB}.Debug|ARM.Build.0 = Debug|Any CPU
		{884A055E-8891-477F-96A1-C6C2AD3CC9FB}.Debug|x64.ActiveCfg = Debug|Any CPU
		{884A055E-8891-477F-96A1-C6C2AD3CC9FB}.Debug|x64.Build.0 = Debug|Any CPU
		{884A055E-8891-477F-96A1-C6C2AD3CC9FB}.Debug|x86.ActiveCfg = Debug|Any CPU
		{884A055E-8891-477F-96A1-C6C2AD3CC9FB}.Debug|x86.Build.0 = Debug|Any CPU
		{884A055E-8891-477F-96A1-C6C2AD3CC9FB}.Release|Any CPU.ActiveCfg = Release|Any CPU
		{884A055E-8891-477F-96A1-C6C2AD3CC9FB}.Release|Any CPU.Build.0 = Release|Any CPU
		{884A055E-8891-477F-96A1-C6C2AD3CC9FB}.Release|ARM.ActiveCfg = Release|Any CPU
		{884A055E-8891-477F-96A1-C6C2AD3CC9FB}.Release|ARM.Build.0 = Release|Any CPU
		{884A055E-8891-477F-96A1-C6C2AD3CC9FB}.Release|x64.ActiveCfg = Release|Any CPU
		{884A055E-8891-477F-96A1-C6C2AD3CC9FB}.Release|x64.Build.0 = Release|Any CPU
		{884A055E-8891-477F-96A1-C6C2AD3CC9FB}.Release|x86.ActiveCfg = Release|Any CPU
		{884A055E-8891-477F-96A1-C6C2AD3CC9FB}.Release|x86.Build.0 = Release|Any CPU
		{4F66B3B7-B1FA-45FF-A7BC-3CE54E47A945}.Debug|Any CPU.ActiveCfg = Debug|Any CPU
		{4F66B3B7-B1FA-45FF-A7BC-3CE54E47A945}.Debug|Any CPU.Build.0 = Debug|Any CPU
		{4F66B3B7-B1FA-45FF-A7BC-3CE54E47A945}.Debug|ARM.ActiveCfg = Debug|Any CPU
		{4F66B3B7-B1FA-45FF-A7BC-3CE54E47A945}.Debug|ARM.Build.0 = Debug|Any CPU
		{4F66B3B7-B1FA-45FF-A7BC-3CE54E47A945}.Debug|x64.ActiveCfg = Debug|Any CPU
		{4F66B3B7-B1FA-45FF-A7BC-3CE54E47A945}.Debug|x64.Build.0 = Debug|Any CPU
		{4F66B3B7-B1FA-45FF-A7BC-3CE54E47A945}.Debug|x86.ActiveCfg = Debug|Any CPU
		{4F66B3B7-B1FA-45FF-A7BC-3CE54E47A945}.Debug|x86.Build.0 = Debug|Any CPU
		{4F66B3B7-B1FA-45FF-A7BC-3CE54E47A945}.Release|Any CPU.ActiveCfg = Release|Any CPU
		{4F66B3B7-B1FA-45FF-A7BC-3CE54E47A945}.Release|Any CPU.Build.0 = Release|Any CPU
		{4F66B3B7-B1FA-45FF-A7BC-3CE54E47A945}.Release|ARM.ActiveCfg = Release|Any CPU
		{4F66B3B7-B1FA-45FF-A7BC-3CE54E47A945}.Release|ARM.Build.0 = Release|Any CPU
		{4F66B3B7-B1FA-45FF-A7BC-3CE54E47A945}.Release|x64.ActiveCfg = Release|Any CPU
		{4F66B3B7-B1FA-45FF-A7BC-3CE54E47A945}.Release|x64.Build.0 = Release|Any CPU
		{4F66B3B7-B1FA-45FF-A7BC-3CE54E47A945}.Release|x86.ActiveCfg = Release|Any CPU
		{4F66B3B7-B1FA-45FF-A7BC-3CE54E47A945}.Release|x86.Build.0 = Release|Any CPU
		{B4EDA1C2-3177-4ED4-8CF5-58015984E42E}.Debug|Any CPU.ActiveCfg = Debug|Any CPU
		{B4EDA1C2-3177-4ED4-8CF5-58015984E42E}.Debug|Any CPU.Build.0 = Debug|Any CPU
		{B4EDA1C2-3177-4ED4-8CF5-58015984E42E}.Debug|ARM.ActiveCfg = Debug|Any CPU
		{B4EDA1C2-3177-4ED4-8CF5-58015984E42E}.Debug|ARM.Build.0 = Debug|Any CPU
		{B4EDA1C2-3177-4ED4-8CF5-58015984E42E}.Debug|x64.ActiveCfg = Debug|Any CPU
		{B4EDA1C2-3177-4ED4-8CF5-58015984E42E}.Debug|x64.Build.0 = Debug|Any CPU
		{B4EDA1C2-3177-4ED4-8CF5-58015984E42E}.Debug|x86.ActiveCfg = Debug|Any CPU
		{B4EDA1C2-3177-4ED4-8CF5-58015984E42E}.Debug|x86.Build.0 = Debug|Any CPU
		{B4EDA1C2-3177-4ED4-8CF5-58015984E42E}.Release|Any CPU.ActiveCfg = Release|Any CPU
		{B4EDA1C2-3177-4ED4-8CF5-58015984E42E}.Release|Any CPU.Build.0 = Release|Any CPU
		{B4EDA1C2-3177-4ED4-8CF5-58015984E42E}.Release|ARM.ActiveCfg = Release|Any CPU
		{B4EDA1C2-3177-4ED4-8CF5-58015984E42E}.Release|ARM.Build.0 = Release|Any CPU
		{B4EDA1C2-3177-4ED4-8CF5-58015984E42E}.Release|x64.ActiveCfg = Release|Any CPU
		{B4EDA1C2-3177-4ED4-8CF5-58015984E42E}.Release|x64.Build.0 = Release|Any CPU
		{B4EDA1C2-3177-4ED4-8CF5-58015984E42E}.Release|x86.ActiveCfg = Release|Any CPU
		{B4EDA1C2-3177-4ED4-8CF5-58015984E42E}.Release|x86.Build.0 = Release|Any CPU
		{BB91CCD2-81AE-4996-AC88-D14E20D151BA}.Debug|Any CPU.ActiveCfg = Debug|Any CPU
		{BB91CCD2-81AE-4996-AC88-D14E20D151BA}.Debug|Any CPU.Build.0 = Debug|Any CPU
		{BB91CCD2-81AE-4996-AC88-D14E20D151BA}.Debug|ARM.ActiveCfg = Debug|Any CPU
		{BB91CCD2-81AE-4996-AC88-D14E20D151BA}.Debug|ARM.Build.0 = Debug|Any CPU
		{BB91CCD2-81AE-4996-AC88-D14E20D151BA}.Debug|x64.ActiveCfg = Debug|Any CPU
		{BB91CCD2-81AE-4996-AC88-D14E20D151BA}.Debug|x64.Build.0 = Debug|Any CPU
		{BB91CCD2-81AE-4996-AC88-D14E20D151BA}.Debug|x86.ActiveCfg = Debug|Any CPU
		{BB91CCD2-81AE-4996-AC88-D14E20D151BA}.Debug|x86.Build.0 = Debug|Any CPU
		{BB91CCD2-81AE-4996-AC88-D14E20D151BA}.Release|Any CPU.ActiveCfg = Release|Any CPU
		{BB91CCD2-81AE-4996-AC88-D14E20D151BA}.Release|Any CPU.Build.0 = Release|Any CPU
		{BB91CCD2-81AE-4996-AC88-D14E20D151BA}.Release|ARM.ActiveCfg = Release|Any CPU
		{BB91CCD2-81AE-4996-AC88-D14E20D151BA}.Release|ARM.Build.0 = Release|Any CPU
		{BB91CCD2-81AE-4996-AC88-D14E20D151BA}.Release|x64.ActiveCfg = Release|Any CPU
		{BB91CCD2-81AE-4996-AC88-D14E20D151BA}.Release|x64.Build.0 = Release|Any CPU
		{BB91CCD2-81AE-4996-AC88-D14E20D151BA}.Release|x86.ActiveCfg = Release|Any CPU
		{BB91CCD2-81AE-4996-AC88-D14E20D151BA}.Release|x86.Build.0 = Release|Any CPU
		{BE6AF83E-BCF2-4EEB-A409-9F2E94F88780}.Debug|Any CPU.ActiveCfg = Debug|Any CPU
		{BE6AF83E-BCF2-4EEB-A409-9F2E94F88780}.Debug|Any CPU.Build.0 = Debug|Any CPU
		{BE6AF83E-BCF2-4EEB-A409-9F2E94F88780}.Debug|ARM.ActiveCfg = Debug|Any CPU
		{BE6AF83E-BCF2-4EEB-A409-9F2E94F88780}.Debug|ARM.Build.0 = Debug|Any CPU
		{BE6AF83E-BCF2-4EEB-A409-9F2E94F88780}.Debug|x64.ActiveCfg = Debug|Any CPU
		{BE6AF83E-BCF2-4EEB-A409-9F2E94F88780}.Debug|x64.Build.0 = Debug|Any CPU
		{BE6AF83E-BCF2-4EEB-A409-9F2E94F88780}.Debug|x86.ActiveCfg = Debug|Any CPU
		{BE6AF83E-BCF2-4EEB-A409-9F2E94F88780}.Debug|x86.Build.0 = Debug|Any CPU
		{BE6AF83E-BCF2-4EEB-A409-9F2E94F88780}.Release|Any CPU.ActiveCfg = Release|Any CPU
		{BE6AF83E-BCF2-4EEB-A409-9F2E94F88780}.Release|Any CPU.Build.0 = Release|Any CPU
		{BE6AF83E-BCF2-4EEB-A409-9F2E94F88780}.Release|ARM.ActiveCfg = Release|Any CPU
		{BE6AF83E-BCF2-4EEB-A409-9F2E94F88780}.Release|ARM.Build.0 = Release|Any CPU
		{BE6AF83E-BCF2-4EEB-A409-9F2E94F88780}.Release|x64.ActiveCfg = Release|Any CPU
		{BE6AF83E-BCF2-4EEB-A409-9F2E94F88780}.Release|x64.Build.0 = Release|Any CPU
		{BE6AF83E-BCF2-4EEB-A409-9F2E94F88780}.Release|x86.ActiveCfg = Release|Any CPU
		{BE6AF83E-BCF2-4EEB-A409-9F2E94F88780}.Release|x86.Build.0 = Release|Any CPU
		{C8DDBDD4-E7CD-4DA5-914B-1C8B8F25DFD5}.Debug|Any CPU.ActiveCfg = Debug|Any CPU
		{C8DDBDD4-E7CD-4DA5-914B-1C8B8F25DFD5}.Debug|Any CPU.Build.0 = Debug|Any CPU
		{C8DDBDD4-E7CD-4DA5-914B-1C8B8F25DFD5}.Debug|ARM.ActiveCfg = Debug|Any CPU
		{C8DDBDD4-E7CD-4DA5-914B-1C8B8F25DFD5}.Debug|ARM.Build.0 = Debug|Any CPU
		{C8DDBDD4-E7CD-4DA5-914B-1C8B8F25DFD5}.Debug|x64.ActiveCfg = Debug|Any CPU
		{C8DDBDD4-E7CD-4DA5-914B-1C8B8F25DFD5}.Debug|x64.Build.0 = Debug|Any CPU
		{C8DDBDD4-E7CD-4DA5-914B-1C8B8F25DFD5}.Debug|x86.ActiveCfg = Debug|Any CPU
		{C8DDBDD4-E7CD-4DA5-914B-1C8B8F25DFD5}.Debug|x86.Build.0 = Debug|Any CPU
		{C8DDBDD4-E7CD-4DA5-914B-1C8B8F25DFD5}.Release|Any CPU.ActiveCfg = Release|Any CPU
		{C8DDBDD4-E7CD-4DA5-914B-1C8B8F25DFD5}.Release|Any CPU.Build.0 = Release|Any CPU
		{C8DDBDD4-E7CD-4DA5-914B-1C8B8F25DFD5}.Release|ARM.ActiveCfg = Release|Any CPU
		{C8DDBDD4-E7CD-4DA5-914B-1C8B8F25DFD5}.Release|ARM.Build.0 = Release|Any CPU
		{C8DDBDD4-E7CD-4DA5-914B-1C8B8F25DFD5}.Release|x64.ActiveCfg = Release|Any CPU
		{C8DDBDD4-E7CD-4DA5-914B-1C8B8F25DFD5}.Release|x64.Build.0 = Release|Any CPU
		{C8DDBDD4-E7CD-4DA5-914B-1C8B8F25DFD5}.Release|x86.ActiveCfg = Release|Any CPU
		{C8DDBDD4-E7CD-4DA5-914B-1C8B8F25DFD5}.Release|x86.Build.0 = Release|Any CPU
		{A8519B78-E63F-47C3-9B1F-1199AB629BCE}.Debug|Any CPU.ActiveCfg = Debug|Any CPU
		{A8519B78-E63F-47C3-9B1F-1199AB629BCE}.Debug|Any CPU.Build.0 = Debug|Any CPU
		{A8519B78-E63F-47C3-9B1F-1199AB629BCE}.Debug|ARM.ActiveCfg = Debug|Any CPU
		{A8519B78-E63F-47C3-9B1F-1199AB629BCE}.Debug|ARM.Build.0 = Debug|Any CPU
		{A8519B78-E63F-47C3-9B1F-1199AB629BCE}.Debug|x64.ActiveCfg = Debug|Any CPU
		{A8519B78-E63F-47C3-9B1F-1199AB629BCE}.Debug|x64.Build.0 = Debug|Any CPU
		{A8519B78-E63F-47C3-9B1F-1199AB629BCE}.Debug|x86.ActiveCfg = Debug|Any CPU
		{A8519B78-E63F-47C3-9B1F-1199AB629BCE}.Debug|x86.Build.0 = Debug|Any CPU
		{A8519B78-E63F-47C3-9B1F-1199AB629BCE}.Release|Any CPU.ActiveCfg = Release|Any CPU
		{A8519B78-E63F-47C3-9B1F-1199AB629BCE}.Release|Any CPU.Build.0 = Release|Any CPU
		{A8519B78-E63F-47C3-9B1F-1199AB629BCE}.Release|ARM.ActiveCfg = Release|Any CPU
		{A8519B78-E63F-47C3-9B1F-1199AB629BCE}.Release|ARM.Build.0 = Release|Any CPU
		{A8519B78-E63F-47C3-9B1F-1199AB629BCE}.Release|x64.ActiveCfg = Release|Any CPU
		{A8519B78-E63F-47C3-9B1F-1199AB629BCE}.Release|x64.Build.0 = Release|Any CPU
		{A8519B78-E63F-47C3-9B1F-1199AB629BCE}.Release|x86.ActiveCfg = Release|Any CPU
		{A8519B78-E63F-47C3-9B1F-1199AB629BCE}.Release|x86.Build.0 = Release|Any CPU
	EndGlobalSection
	GlobalSection(SolutionProperties) = preSolution
		HideSolutionNode = FALSE
	EndGlobalSection
	GlobalSection(NestedProjects) = preSolution
		{699F4FC0-08C9-4ADA-AFFA-E25889557747} = {8C3E2A08-6FB2-4265-B537-A5508A4EC026}
		{BC5EB9D0-2F64-4FC5-82EC-365312224715} = {DF20284E-4E23-40F4-B385-0796363FADFA}
		{83D48A16-1973-44B5-9133-5159BFA48999} = {DF20284E-4E23-40F4-B385-0796363FADFA}
		{FC553376-A24E-4B78-9CAB-B3CBA46D67ED} = {DF20284E-4E23-40F4-B385-0796363FADFA}
		{DCC28DD9-074F-44F4-AFCF-CF7B28E85065} = {281E09C5-F4E3-4862-BB57-17A95CD97F35}
		{4961C4B2-2DEC-4511-98D9-DEA72C3925A8} = {281E09C5-F4E3-4862-BB57-17A95CD97F35}
		{F571E542-7414-414F-A45F-52BCB7C5A64F} = {111C5FE2-5E61-4872-AAD6-99E27649C0D0}
		{B3DF1BFC-D78C-468A-B44B-9EF8415BE13A} = {7B7BE430-A113-402B-8D18-D9C82A566878}
		{9D44553A-BBA9-48CB-B373-373D656FE6A8} = {7B7BE430-A113-402B-8D18-D9C82A566878}
		{8291A867-D738-4423-B139-5B45FDEE0986} = {846E6465-6F87-45C0-91F2-7658F7D697EC}
		{BFDB02D3-C59E-4EEF-B4D0-E1B29C95420E} = {BFBCA122-F9F1-4A26-BD18-DFBA1A0E69D5}
		{7A62EC30-C743-4EDA-9138-C2BDF7983281} = {FF6FB95B-003D-43FA-89C7-4509D0A4D164}
		{7347F876-949F-41C5-A3CF-173899F507FE} = {FF6FB95B-003D-43FA-89C7-4509D0A4D164}
		{5F3A99A2-27A4-48F9-B733-E0A21C300402} = {F58F017A-4169-45F5-B12B-34F23A2B283F}
		{4B641442-31AA-41B8-9F45-C06DD7B803F2} = {428279BF-F5F8-4194-8DE2-FCEA4AFEBC2F}
		{763B31EA-919E-4A0A-B65A-9CD3B01BE8BB} = {428279BF-F5F8-4194-8DE2-FCEA4AFEBC2F}
		{502E5623-92C1-4F71-A35B-48F9B030B90D} = {428279BF-F5F8-4194-8DE2-FCEA4AFEBC2F}
		{45501672-DF5B-4C49-8E20-D8580194C54B} = {7FA8EB75-A78D-47B1-A58D-87742E55195A}
		{2793A547-076A-4F6B-A505-2D1B7F82F483} = {D70C9A34-F73A-4D21-8AE4-B5E20AA6DE2B}
		{1F9DB2A4-F970-4F0F-995E-61F82080AFDF} = {2909F17E-A226-4B2E-8E22-E1B0E6CA7458}
		{F5E322F8-8362-4BC9-87A5-9DAE5BF61795} = {2909F17E-A226-4B2E-8E22-E1B0E6CA7458}
		{9AE0F276-76C1-4E34-8803-3DBB56C7F84B} = {2909F17E-A226-4B2E-8E22-E1B0E6CA7458}
		{A1927AB2-116B-4AD4-B3FE-8811EDAFDE96} = {7BE00247-8DD1-4C06-B17B-1B3D9A25AA57}
		{7E837B61-69DD-4437-B879-73729038D97D} = {7BE00247-8DD1-4C06-B17B-1B3D9A25AA57}
		{8B2A6B07-07F5-4B53-A95E-009E7DB5CA58} = {7BE00247-8DD1-4C06-B17B-1B3D9A25AA57}
		{5777A523-3D23-4C5A-8981-AD3AE0FF9580} = {FF6FB95B-003D-43FA-89C7-4509D0A4D164}
		{13AC58A6-BC02-4275-AF94-B09A72A7E79A} = {F58F017A-4169-45F5-B12B-34F23A2B283F}
		{3E3DCAF4-6A69-43A0-8C26-EC375B567167} = {428279BF-F5F8-4194-8DE2-FCEA4AFEBC2F}
		{FC5EC3F0-99B6-47CE-B95A-35870396038C} = {428279BF-F5F8-4194-8DE2-FCEA4AFEBC2F}
		{131CBD55-7A61-479E-9AC4-9C69C7B79146} = {CFD1ACDD-5ECD-403B-9663-CBDEBE9F2D10}
		{6A20E68D-2FBC-4096-B469-61E35C17B545} = {CFD1ACDD-5ECD-403B-9663-CBDEBE9F2D10}
		{73F7924B-B64A-46A4-84E8-D3CA12AA5094} = {428279BF-F5F8-4194-8DE2-FCEA4AFEBC2F}
		{8374DB77-A878-4559-B39D-303944214BDE} = {428279BF-F5F8-4194-8DE2-FCEA4AFEBC2F}
		{39848236-1330-4D3E-90FB-559E99C1C39E} = {428279BF-F5F8-4194-8DE2-FCEA4AFEBC2F}
		{24A4AC64-E678-4F2E-A41E-4B09FBC70166} = {CFD1ACDD-5ECD-403B-9663-CBDEBE9F2D10}
		{884A055E-8891-477F-96A1-C6C2AD3CC9FB} = {846E6465-6F87-45C0-91F2-7658F7D697EC}
		{4F66B3B7-B1FA-45FF-A7BC-3CE54E47A945} = {F58F017A-4169-45F5-B12B-34F23A2B283F}
		{B4EDA1C2-3177-4ED4-8CF5-58015984E42E} = {8C3E2A08-6FB2-4265-B537-A5508A4EC026}
		{BB91CCD2-81AE-4996-AC88-D14E20D151BA} = {1BA9DB0A-8961-4AA1-BB81-F8C2820FCB52}
		{BE6AF83E-BCF2-4EEB-A409-9F2E94F88780} = {BFBCA122-F9F1-4A26-BD18-DFBA1A0E69D5}
		{C8DDBDD4-E7CD-4DA5-914B-1C8B8F25DFD5} = {8C3E2A08-6FB2-4265-B537-A5508A4EC026}
		{A8519B78-E63F-47C3-9B1F-1199AB629BCE} = {3BD47F09-23D3-460F-A082-D10E3302BA9F}
	EndGlobalSection
	GlobalSection(ExtensibilityGlobals) = postSolution
		SolutionGuid = {7FD07ECB-B4B5-4D65-8E03-10F0C97C77A9}
	EndGlobalSection
EndGlobal
